// !$*UTF8*$!
{
	archiveVersion = 1;
	classes = {
	};
	objectVersion = 77;
	objects = {

/* Begin PBXBuildFile section */
		01A4337E85FF3BD89B789098 /* TOMLDecoder in Frameworks */ = {isa = PBXBuildFile; productRef = 1DD44D941F769ACBCEB6C63F /* TOMLDecoder */; };
		01D51833F3464779361E5EE1 /* LoggerTests.swift in Sources */ = {isa = PBXBuildFile; fileRef = A8AFEA52B096500A617A9783 /* LoggerTests.swift */; };
		03BEE37A5A3CA803A17B9B9B /* TOMLDecoder in Frameworks */ = {isa = PBXBuildFile; productRef = BDB5BEA283FCCF7063B76969 /* TOMLDecoder */; };
		0563D807E75A5AAA485BE4DA /* ErrorContextTests.swift in Sources */ = {isa = PBXBuildFile; fileRef = 8E0C94572B6882ED047B94AE /* ErrorContextTests.swift */; };
		08382A3C82BA6B765B7A4DEC /* ProjectManagerChromeTabTests.swift in Sources */ = {isa = PBXBuildFile; fileRef = 792EA59F2896815CA8062275 /* ProjectManagerChromeTabTests.swift */; };
		085A4D8384A9E683EC9A96DF /* SwitcherViews.swift in Sources */ = {isa = PBXBuildFile; fileRef = F24303F28EF85E8A9BFB7CF5 /* SwitcherViews.swift */; };
		0A9D9F52EF8359CA874498CC /* ChromeConfigTests.swift in Sources */ = {isa = PBXBuildFile; fileRef = DB8EF52077E9BE5CDECD6C61 /* ChromeConfigTests.swift */; };
		0CC7C30ED18250F29ED6809B /* AgentPanelCore.framework in Frameworks */ = {isa = PBXBuildFile; fileRef = B89C3DA5AE4025D43AEFF1F6 /* AgentPanelCore.framework */; };
		0DDF42CE7E81D0B7064840F2 /* ProjectManager.swift in Sources */ = {isa = PBXBuildFile; fileRef = 3CC240A74C38218E4C33B36B /* ProjectManager.swift */; };
		0E7C872B0DF575939D4007A1 /* Onboarding.swift in Sources */ = {isa = PBXBuildFile; fileRef = B2C1E7F1518F5E6C6CFF485E /* Onboarding.swift */; };
		12346D4F33A1FB23A5C18AC4 /* DoctorReportRenderingTests.swift in Sources */ = {isa = PBXBuildFile; fileRef = B53D0797497C36287AF2F37F /* DoctorReportRenderingTests.swift */; };
		12C912FD7B0796498A203261 /* ProjectManagerFocusTests.swift in Sources */ = {isa = PBXBuildFile; fileRef = 98F56A9B2D3B18E280767106 /* ProjectManagerFocusTests.swift */; };
		1325732BFCF73BD99A935A17 /* ProjectManagerMoveWindowTests.swift in Sources */ = {isa = PBXBuildFile; fileRef = B5E1DA1E1A8E9396ADBA7AC4 /* ProjectManagerMoveWindowTests.swift */; };
		17A33C82BE771A134F5317EC /* AgentLayerLauncherTests.swift in Sources */ = {isa = PBXBuildFile; fileRef = B42F36263EBFB132E20DC2CD /* AgentLayerLauncherTests.swift */; };
		1855C01B61DC090FDBC0DD14 /* AgentPanelCore.framework in Frameworks */ = {isa = PBXBuildFile; fileRef = B89C3DA5AE4025D43AEFF1F6 /* AgentPanelCore.framework */; };
		18F5AE94B0A5B02A2A773CFB /* DataPathsTests.swift in Sources */ = {isa = PBXBuildFile; fileRef = 99CC898051808DC63C4089ED /* DataPathsTests.swift */; };
		197ECBA5C6AFCC91F51278D0 /* AgentPanelAppKit.framework in Frameworks */ = {isa = PBXBuildFile; fileRef = 2DEC2159A7FC49F981E12655 /* AgentPanelAppKit.framework */; };
		19B20766AE66049832E7D5CB /* SwitcherPerformanceTests.swift in Sources */ = {isa = PBXBuildFile; fileRef = 79524DCF6FC04E226C676288 /* SwitcherPerformanceTests.swift */; };
		19BF83289F336CE2D78500F8 /* SwitcherPanelController.swift in Sources */ = {isa = PBXBuildFile; fileRef = D21615802A92C43F906F41D5 /* SwitcherPanelController.swift */; };
		1B92327A065B207386696BC9 /* VSCodeSettingsManager.swift in Sources */ = {isa = PBXBuildFile; fileRef = 87105C429D6C63689C3F96B4 /* VSCodeSettingsManager.swift */; };
		1C6CBACBED263A63C510AA30 /* SwitcherDismissPolicy.swift in Sources */ = {isa = PBXBuildFile; fileRef = 0F44F4A9B0CF90A9D802DA72 /* SwitcherDismissPolicy.swift */; };
		1DA3092146E7E22C7F00842C /* VSCodeColorPalette.swift in Sources */ = {isa = PBXBuildFile; fileRef = 37A490F533EB3BC03A15DC4B /* VSCodeColorPalette.swift */; };
		1F6C1865590F67A36D702863 /* DataPaths.swift in Sources */ = {isa = PBXBuildFile; fileRef = D3D261C7BC2CD2E5EFC7706D /* DataPaths.swift */; };
		22D51BBD2143AD77D6B77FC2 /* SystemCommandRunnerTests.swift in Sources */ = {isa = PBXBuildFile; fileRef = 90C7BFA350C37FF25BCDC969 /* SystemCommandRunnerTests.swift */; };
		23F7C21E8F26F09A19885CE0 /* DoctorReportRenderer.swift in Sources */ = {isa = PBXBuildFile; fileRef = 607CC4068E16F99022AA2F75 /* DoctorReportRenderer.swift */; };
		255EEB9635EEC2C72CC90C23 /* AeroSpaceConfigManager.swift in Sources */ = {isa = PBXBuildFile; fileRef = 351268AE41E22F84F634BF7F /* AeroSpaceConfigManager.swift */; };
		29DA27D454BB7B4314632482 /* AppConfigTests.swift in Sources */ = {isa = PBXBuildFile; fileRef = 9B3CFD02BB3D49CBCB70F7BF /* AppConfigTests.swift */; };
		2A810B0BCCF033B5CA32CBFA /* WindowCycler.swift in Sources */ = {isa = PBXBuildFile; fileRef = C152889C3F2C9097CB66DE13 /* WindowCycler.swift */; };
		2BD9383F76BEA285D638339E /* FocusHistoryStore.swift in Sources */ = {isa = PBXBuildFile; fileRef = 51E5F87E9B834D2CF33BA70D /* FocusHistoryStore.swift */; };
		2D004103669A5EBBB770F1AF /* WindowRecoveryManager.swift in Sources */ = {isa = PBXBuildFile; fileRef = E0FA6B487E72C63168C91525 /* WindowRecoveryManager.swift */; };
		2DA0A01C8AA224575487D65F /* AgentPanelApp.swift in Sources */ = {isa = PBXBuildFile; fileRef = 33011E68C3F32399FC4A5408 /* AgentPanelApp.swift */; };
		2EBFE28DAE0CC309DC9075C6 /* ExecutableResolverTests.swift in Sources */ = {isa = PBXBuildFile; fileRef = 4CC3F90043E2A7B9734A5279 /* ExecutableResolverTests.swift */; };
		301CAE1D43D725DBBF3422C0 /* AccessibilityStartupPromptGate.swift in Sources */ = {isa = PBXBuildFile; fileRef = 3C9827012788385A9FEC8CC4 /* AccessibilityStartupPromptGate.swift */; };
		31625350B6505009A8424B51 /* AgentPanelCLICore.framework in Frameworks */ = {isa = PBXBuildFile; fileRef = D23DB19BA30772CEB3C309BB /* AgentPanelCLICore.framework */; };
		3BD2378907414DE0E558745A /* VSCodeColorPaletteTests.swift in Sources */ = {isa = PBXBuildFile; fileRef = A846E0437C8F257A5EBE57CD /* VSCodeColorPaletteTests.swift */; };
		3C956B5C9547AB6A385C1F6F /* ColorValidationTests.swift in Sources */ = {isa = PBXBuildFile; fileRef = FAAD4E05C79F9C6B7967EE1C /* ColorValidationTests.swift */; };
		3D5FED0BD2393E5330E50867 /* DependenciesTests.swift in Sources */ = {isa = PBXBuildFile; fileRef = 7CBD0FE2C6DF91C6CEA318A9 /* DependenciesTests.swift */; };
		3EC6F52ECF3A9485D4B86090 /* LaunchAtLoginToggler.swift in Sources */ = {isa = PBXBuildFile; fileRef = 1CD4F815CAF90030F8A02042 /* LaunchAtLoginToggler.swift */; };
		43566340FE259F8F1D18BFB2 /* LaunchAtLoginTogglerTests.swift in Sources */ = {isa = PBXBuildFile; fileRef = D8518B6406C5D08F07916FE1 /* LaunchAtLoginTogglerTests.swift */; };
		4413AB018182B882C2480E55 /* HotkeyManager.swift in Sources */ = {isa = PBXBuildFile; fileRef = D6015F4E5793AFDC8F7DF575 /* HotkeyManager.swift */; };
		44E82521FC75B543BA678A3B /* TOMLDecoder in Frameworks */ = {isa = PBXBuildFile; productRef = 0E60CCC0BD2692263397D122 /* TOMLDecoder */; };
		45E7B566EEE1CAC53054EEF4 /* CommandTimeoutTests.swift in Sources */ = {isa = PBXBuildFile; fileRef = B484ECEF18DB46341AE0352A /* CommandTimeoutTests.swift */; };
		476AD5F6F072D635D7418FAB /* Logger.swift in Sources */ = {isa = PBXBuildFile; fileRef = 9E0C3DAA0280728917003498 /* Logger.swift */; };
		483837094975998B931C20D2 /* ProjectManagerLogEventNameTests.swift in Sources */ = {isa = PBXBuildFile; fileRef = FDBB2B968F40735098AB31A9 /* ProjectManagerLogEventNameTests.swift */; };
		4BEAC9E4D73D84ACB7685E6B /* IdNormalizationTests.swift in Sources */ = {isa = PBXBuildFile; fileRef = C37E0D0D7CC05F2E42448932 /* IdNormalizationTests.swift */; };
		4D56806E02C971D273BD392D /* ConfigLoaderTests.swift in Sources */ = {isa = PBXBuildFile; fileRef = 97B69B44C89E2445E21F50CF /* ConfigLoaderTests.swift */; };
		4DCD2D11F2BA5709E38B9233 /* Errors.swift in Sources */ = {isa = PBXBuildFile; fileRef = 6E8DE3E79215020A2587A722 /* Errors.swift */; };
		5141A819B89EBFC8A69B9211 /* Config.swift in Sources */ = {isa = PBXBuildFile; fileRef = 1A646649932F90C2FCB262BD /* Config.swift */; };
		521329AD085C9ED2DAA84EE9 /* DoctorCoverageTests.swift in Sources */ = {isa = PBXBuildFile; fileRef = D51D100373F078D8660A112C /* DoctorCoverageTests.swift */; };
		534C04B714BF962C54E5B19E /* ConfigParserTests.swift in Sources */ = {isa = PBXBuildFile; fileRef = 864A81338BB0B54C44CE3817 /* ConfigParserTests.swift */; };
		543ACE1A1244E0DCA561CD2A /* ProjectManagerEdgeCaseTests.swift in Sources */ = {isa = PBXBuildFile; fileRef = EC8F7409A9D958D816281AFE /* ProjectManagerEdgeCaseTests.swift */; };
		54883B3027C7CFE210B9EB40 /* DoctorReportRendererTests.swift in Sources */ = {isa = PBXBuildFile; fileRef = 0D8F15558CAB2CBF4F4C1EAC /* DoctorReportRendererTests.swift */; };
		562C6716865A76BE638FC9A0 /* WorkspaceRoutingTests.swift in Sources */ = {isa = PBXBuildFile; fileRef = 6A098C6B7741B4A3324E086D /* WorkspaceRoutingTests.swift */; };
		56B26A435481E1186740AA94 /* ProjectManagerFocusHistoryPersistenceTests.swift in Sources */ = {isa = PBXBuildFile; fileRef = EC39EC30038F4925EFDBB009 /* ProjectManagerFocusHistoryPersistenceTests.swift */; };
		57FBBB4742691FE73CD2DB42 /* SwitcherFocusFlowTests.swift in Sources */ = {isa = PBXBuildFile; fileRef = F33C8323F7FFF366C896EDF8 /* SwitcherFocusFlowTests.swift */; };
		5809D0E1DCD96BB407B71026 /* FocusStackTests.swift in Sources */ = {isa = PBXBuildFile; fileRef = DDCF207DCD3CAB37C2756708 /* FocusStackTests.swift */; };
		5A38C0E2215EE3E213500018 /* WindowPositionStoreTests.swift in Sources */ = {isa = PBXBuildFile; fileRef = F5948A8D791EEE0CC86D8A83 /* WindowPositionStoreTests.swift */; };
		5BFB2B79F4BED5139EB51CC0 /* FuzzyMatcher.swift in Sources */ = {isa = PBXBuildFile; fileRef = E505A3EEB86DDECDC63B735B /* FuzzyMatcher.swift */; };
		5DF60C9BEA08A5067E00AEC5 /* AppKitIntegration.swift in Sources */ = {isa = PBXBuildFile; fileRef = 93535C80A991222F14C5D635 /* AppKitIntegration.swift */; };
		5E8FD6C4629B985EC54C1326 /* AeroSpaceCircuitBreakerTests.swift in Sources */ = {isa = PBXBuildFile; fileRef = 5441A4A3ABD5FBE0BC906CF3 /* AeroSpaceCircuitBreakerTests.swift */; };
		5F2733E6786E0EF79EB6B6F6 /* Identity.swift in Sources */ = {isa = PBXBuildFile; fileRef = E06D0D92D76D722E481FBCAC /* Identity.swift */; };
		5FB1D70D002D0F89F4815E61 /* ChromeTabCaptureTests.swift in Sources */ = {isa = PBXBuildFile; fileRef = 1FC5E105388E71A646F7C555 /* ChromeTabCaptureTests.swift */; };
		6025AFD99FB66395A3BB4B44 /* AgentPanelCore.framework in Frameworks */ = {isa = PBXBuildFile; fileRef = B89C3DA5AE4025D43AEFF1F6 /* AgentPanelCore.framework */; };
		629C70BE0A769CE6A0F013CD /* SwitcherDismissPolicyTests.swift in Sources */ = {isa = PBXBuildFile; fileRef = 77C71158D21AEA68BF4547D9 /* SwitcherDismissPolicyTests.swift */; };
		65822A51B623A24EA742CF9C /* Dependencies.swift in Sources */ = {isa = PBXBuildFile; fileRef = 691139171C62F83E4E0CC709 /* Dependencies.swift */; };
		665B60F8679AD11A36F852A1 /* AgentPanelCore.framework in Frameworks */ = {isa = PBXBuildFile; fileRef = B89C3DA5AE4025D43AEFF1F6 /* AgentPanelCore.framework */; };
		6BA2313347BD3CE1A01BCAFB /* ChromeTabResolverTests.swift in Sources */ = {isa = PBXBuildFile; fileRef = 91616BD52F8F0B9C3B94A6D4 /* ChromeTabResolverTests.swift */; };
		6C4A9EDCF500AB4F1BC4A80A /* AeroSpaceConfigManagerTests.swift in Sources */ = {isa = PBXBuildFile; fileRef = A28604104E568953BB98A138 /* AeroSpaceConfigManagerTests.swift */; };
		6C75BE6C1A65316450803073 /* DoctorWindowController.swift in Sources */ = {isa = PBXBuildFile; fileRef = 2DDE5E49E88AA30CBDA98203 /* DoctorWindowController.swift */; };
		6CE77530863CFF774479B52E /* AgentPanelCLICore.framework in Frameworks */ = {isa = PBXBuildFile; fileRef = D23DB19BA30772CEB3C309BB /* AgentPanelCLICore.framework */; };
		6DF6C66F29C57924D15BFECE /* ScreenModeDetector.swift in Sources */ = {isa = PBXBuildFile; fileRef = D39682CECE0338B67A93001B /* ScreenModeDetector.swift */; };
		6F76AC8AB0512266AA445965 /* Assets.xcassets in Resources */ = {isa = PBXBuildFile; fileRef = 093721093ECDB0367EC53D7A /* Assets.xcassets */; };
		7026D536055667A8B78770E5 /* WindowRecoveryManagerTests.swift in Sources */ = {isa = PBXBuildFile; fileRef = E1C67D54B55EEAC375F2333C /* WindowRecoveryManagerTests.swift */; };
		7337E72993D5E0B5564AB239 /* AgentPanelCore.framework in Frameworks */ = {isa = PBXBuildFile; fileRef = B89C3DA5AE4025D43AEFF1F6 /* AgentPanelCore.framework */; };
		77BE7D11F4059FCE61AD9922 /* WindowCycleOverlayController.swift in Sources */ = {isa = PBXBuildFile; fileRef = 8E889482DE8B9E43D5F2B3E7 /* WindowCycleOverlayController.swift */; };
		7919C7784417EA01E40569C4 /* AgentPanelAppKit.framework in Frameworks */ = {isa = PBXBuildFile; fileRef = 2DEC2159A7FC49F981E12655 /* AgentPanelAppKit.framework */; };
		7BE9E07FA842E9FAA46EA5E1 /* GitRemoteResolverTests.swift in Sources */ = {isa = PBXBuildFile; fileRef = 1F6B247F0E6D844C6B09CBFF /* GitRemoteResolverTests.swift */; };
		7FD3930962ACAD6D46827DF1 /* VSCodeSSHWorkspaceTests.swift in Sources */ = {isa = PBXBuildFile; fileRef = BABEBED25D4A01500C091AE4 /* VSCodeSSHWorkspaceTests.swift */; };
		84F15E4EC8265DEF9D88582C /* SwitcherSession.swift in Sources */ = {isa = PBXBuildFile; fileRef = D49E12670FF87D9A5EC1ADA7 /* SwitcherSession.swift */; };
		89352ED066D4230A089016ED /* TOMLDecoder in Frameworks */ = {isa = PBXBuildFile; productRef = 32AABCDA8E094E52F9B718B4 /* TOMLDecoder */; };
		91154669AF8FB7CF054D2961 /* WindowCycleOverlayCoordinator.swift in Sources */ = {isa = PBXBuildFile; fileRef = 36FB9A1AB3DB9720C1092952 /* WindowCycleOverlayCoordinator.swift */; };
		911B77A51564FA54F939ABA7 /* AccessibilityStartupPromptGateTests.swift in Sources */ = {isa = PBXBuildFile; fileRef = B09A95D6863DC3EDC40EE478 /* AccessibilityStartupPromptGateTests.swift */; };
		958F7DB122093EFA8973A0B9 /* AeroSpaceFallbackDecisionTests.swift in Sources */ = {isa = PBXBuildFile; fileRef = 2A6AE029AF7CE52DD71AD452 /* AeroSpaceFallbackDecisionTests.swift */; };
		98EF82697836A9BD9ED5E732 /* ApCLI.swift in Sources */ = {isa = PBXBuildFile; fileRef = 2D35ABD3022669F375FDB52F /* ApCLI.swift */; };
		9A65D206EB28E8E6C9DDEE52 /* SSHHelpers.swift in Sources */ = {isa = PBXBuildFile; fileRef = BFD58F6D82CA6AB0DA4176B6 /* SSHHelpers.swift */; };
		9B6D6AECB2EF1C55CA244748 /* LayoutConfig.swift in Sources */ = {isa = PBXBuildFile; fileRef = CB049349875901281339DAE9 /* LayoutConfig.swift */; };
		A22FFCC30437BD8FA3FFF5A9 /* ProjectManagerWindowPositionTests.swift in Sources */ = {isa = PBXBuildFile; fileRef = 7D296D95F9CF20BC4FB77A2B /* ProjectManagerWindowPositionTests.swift */; };
		A349CF0DF1C14FB19FCA305E /* WorkspaceRouting.swift in Sources */ = {isa = PBXBuildFile; fileRef = 6DD9C2D933614F56A766F300 /* WorkspaceRouting.swift */; };
		A44D8A06EE6BCC913FC8933C /* ChromeTabs.swift in Sources */ = {isa = PBXBuildFile; fileRef = 930B37D5D8A0F77FABC52946 /* ChromeTabs.swift */; };
		A7641C8A8322AA751664EF90 /* WindowCyclerTests.swift in Sources */ = {isa = PBXBuildFile; fileRef = 7632C3BFC71ED54D57C69705 /* WindowCyclerTests.swift */; };
		AB2458FE5903330BEECDED5B /* AgentPanelAppKit.framework in Frameworks */ = {isa = PBXBuildFile; fileRef = 2DEC2159A7FC49F981E12655 /* AgentPanelAppKit.framework */; };
		B28936C2D4FA7AE9CA34DF4A /* TOMLDecoder in Frameworks */ = {isa = PBXBuildFile; productRef = DA4BB8B60939EF907169EAD7 /* TOMLDecoder */; };
		B3ABC91B62E259753B52F2CC /* aerospace-safe.toml in Resources */ = {isa = PBXBuildFile; fileRef = 46AF81704601064B7C7BC6A0 /* aerospace-safe.toml */; };
		BB907D2FC7E1CB321CA7B0BB /* WindowLayoutEngineTests.swift in Sources */ = {isa = PBXBuildFile; fileRef = 6A56F48F550ED371899EAB69 /* WindowLayoutEngineTests.swift */; };
		BD82D0634AF17D74957D1687 /* TOMLDecoder in Frameworks */ = {isa = PBXBuildFile; productRef = AB044C34092747E5175D98FA /* TOMLDecoder */; };
		BF1E222C54CDED4840AC1950 /* RecoveryProgressController.swift in Sources */ = {isa = PBXBuildFile; fileRef = AD2A435AAD0A46F9C41D8214 /* RecoveryProgressController.swift */; };
		C3F2BD681D26627581FBF46C /* FuzzyMatcherTests.swift in Sources */ = {isa = PBXBuildFile; fileRef = C8B5ED71DD97D8A4C6CC7755 /* FuzzyMatcherTests.swift */; };
		CAF6B5D9A2628568AF0D0902 /* WindowPositionStore.swift in Sources */ = {isa = PBXBuildFile; fileRef = 32774CD77E6E4809BA743C44 /* WindowPositionStore.swift */; };
		CDF994CDDB5FCE613AE8D443 /* WindowLayoutEngine.swift in Sources */ = {isa = PBXBuildFile; fileRef = EE7A6CD31FAB2B2F7C629585 /* WindowLayoutEngine.swift */; };
		D015C5E99D778F76C89DE77C /* ApArgumentParserTests.swift in Sources */ = {isa = PBXBuildFile; fileRef = 896E78D7F06BC1951EF83C11 /* ApArgumentParserTests.swift */; };
		D127B398713F42CD7C4FBF8A /* ApAeroSpace.swift in Sources */ = {isa = PBXBuildFile; fileRef = D9EF5D4CAEDF122A883BDDC6 /* ApAeroSpace.swift */; };
		D3A05C3FAF2D8486A3DD83E0 /* VSCodeSettingsManagerRemoteTests.swift in Sources */ = {isa = PBXBuildFile; fileRef = 8CB7542D928AA6E365C4B12D /* VSCodeSettingsManagerRemoteTests.swift */; };
		D45AEBD89ABD7F241DF04CFA /* main.swift in Sources */ = {isa = PBXBuildFile; fileRef = D9708BB20B7C2071A1EE21D7 /* main.swift */; };
		D862975B9DCDDF7FF0493E2F /* AXWindowPositioner.swift in Sources */ = {isa = PBXBuildFile; fileRef = 02956062A786C0D5A65DF5DB /* AXWindowPositioner.swift */; };
		DB4DD95E24CF9477ABF998C6 /* VSCodeSettingsManagerTests.swift in Sources */ = {isa = PBXBuildFile; fileRef = D2A6F5B4B87B51292A7B3F26 /* VSCodeSettingsManagerTests.swift */; };
		DC1D6772FC0CC83095FB41F2 /* AppKitRunningApplicationCheckerTests.swift in Sources */ = {isa = PBXBuildFile; fileRef = 5B15ECCB069CA875EE2198D9 /* AppKitRunningApplicationCheckerTests.swift */; };
		E14DFFA0BA6AE37F217EE45F /* UTCTimestampTests.swift in Sources */ = {isa = PBXBuildFile; fileRef = BECFF67CD5B93BC36E3D4CF4 /* UTCTimestampTests.swift */; };
		E1A3D5707DC2114E42745583 /* System.swift in Sources */ = {isa = PBXBuildFile; fileRef = B8D8C73BDF50CEB78DBA5853 /* System.swift */; };
		E44B4536E82CB1EFDB6C8A95 /* ApCLIRunnerTests.swift in Sources */ = {isa = PBXBuildFile; fileRef = BF1F5AAD8644397B21447C04 /* ApCLIRunnerTests.swift */; };
		E5E94C3AAA17D4A1AB80665D /* AeroSpaceFallbackBehaviorTests.swift in Sources */ = {isa = PBXBuildFile; fileRef = 8D9DD5D6EFEEEE1BAF5BA17E /* AeroSpaceFallbackBehaviorTests.swift */; };
		E6AB4DCAB965EE715A11593A /* AgentPanelAppKit.framework in Frameworks */ = {isa = PBXBuildFile; fileRef = 2DEC2159A7FC49F981E12655 /* AgentPanelAppKit.framework */; };
		E8364C94DE1F70EDED7450F8 /* FocusCycleHotkeyManager.swift in Sources */ = {isa = PBXBuildFile; fileRef = FA16CCA67CFA8D9F5565D1CD /* FocusCycleHotkeyManager.swift */; };
		EBC46BB6BEBE814ED9BCEBA6 /* SwitcherPerformance.swift in Sources */ = {isa = PBXBuildFile; fileRef = 1BDCEECE736D775B2F6A0A03 /* SwitcherPerformance.swift */; };
		EEB19B9530C35E462BA6BA67 /* LayoutConfigParserTests.swift in Sources */ = {isa = PBXBuildFile; fileRef = B65D26C4A087CBB10C76E24A /* LayoutConfigParserTests.swift */; };
		F3C23C4523D8FBC71F2C0A40 /* ProjectManagerOpenProjectIdsTests.swift in Sources */ = {isa = PBXBuildFile; fileRef = D54CEA7ABFA8DFB2065DF57C /* ProjectManagerOpenProjectIdsTests.swift */; };
		F4D808EF753CD911BCADF9D7 /* ChromeTabStoreTests.swift in Sources */ = {isa = PBXBuildFile; fileRef = 6C4F78292D1AA1E00396BB86 /* ChromeTabStoreTests.swift */; };
		F58FB3748B210924E0CCE882 /* ScreenMode.swift in Sources */ = {isa = PBXBuildFile; fileRef = 5346229EF143B5582F2DCABD /* ScreenMode.swift */; };
		F70E3D73FE0AC52B55112104 /* ProjectManagerCoverageTests.swift in Sources */ = {isa = PBXBuildFile; fileRef = 7ABFD578BD00149884F14AFA /* ProjectManagerCoverageTests.swift */; };
		F9B3F3241C29CD9386229E1D /* DoctorSSHTests.swift in Sources */ = {isa = PBXBuildFile; fileRef = A2095712C0FAC7312D63559A /* DoctorSSHTests.swift */; };
		FD1E0645C535E9DCD8C9DB88 /* AeroSpaceCircuitBreaker.swift in Sources */ = {isa = PBXBuildFile; fileRef = 8B9A5ACE8DEFE166746BEF75 /* AeroSpaceCircuitBreaker.swift */; };
		FF90DD97E05DB53306719BAA /* Doctor.swift in Sources */ = {isa = PBXBuildFile; fileRef = 935CD37A022BA8B71683DE72 /* Doctor.swift */; };
/* End PBXBuildFile section */

/* Begin PBXContainerItemProxy section */
		10FD68FD651A7897413FDA0B /* PBXContainerItemProxy */ = {
			isa = PBXContainerItemProxy;
			containerPortal = CEFD7A53191D3874EAB41EC5 /* Project object */;
			proxyType = 1;
			remoteGlobalIDString = A7CB1C420487F73AFA87FE79;
			remoteInfo = AgentPanelCore;
		};
		3E46891076CC8FFC2BEA6703 /* PBXContainerItemProxy */ = {
			isa = PBXContainerItemProxy;
			containerPortal = CEFD7A53191D3874EAB41EC5 /* Project object */;
			proxyType = 1;
			remoteGlobalIDString = 362741CB32D9130FC345A967;
			remoteInfo = AgentPanelCLICore;
		};
		3F1878BA3BDAEC5C7A696632 /* PBXContainerItemProxy */ = {
			isa = PBXContainerItemProxy;
			containerPortal = CEFD7A53191D3874EAB41EC5 /* Project object */;
			proxyType = 1;
			remoteGlobalIDString = 362741CB32D9130FC345A967;
			remoteInfo = AgentPanelCLICore;
		};
		4069C0A234E1051FFAD198E8 /* PBXContainerItemProxy */ = {
			isa = PBXContainerItemProxy;
			containerPortal = CEFD7A53191D3874EAB41EC5 /* Project object */;
			proxyType = 1;
			remoteGlobalIDString = A7CB1C420487F73AFA87FE79;
			remoteInfo = AgentPanelCore;
		};
		5F95EF221A2EF43E0711FC49 /* PBXContainerItemProxy */ = {
			isa = PBXContainerItemProxy;
			containerPortal = CEFD7A53191D3874EAB41EC5 /* Project object */;
			proxyType = 1;
			remoteGlobalIDString = 4439FD99CA53EECDBD580533;
			remoteInfo = AgentPanel;
		};
		67F0E5CE0986CFD5DC23B358 /* PBXContainerItemProxy */ = {
			isa = PBXContainerItemProxy;
			containerPortal = CEFD7A53191D3874EAB41EC5 /* Project object */;
			proxyType = 1;
			remoteGlobalIDString = 2F8381DF7F34050D2FD2C718;
			remoteInfo = AgentPanelAppKit;
		};
		6CDFFA76D72DA1EBEE530D93 /* PBXContainerItemProxy */ = {
			isa = PBXContainerItemProxy;
			containerPortal = CEFD7A53191D3874EAB41EC5 /* Project object */;
			proxyType = 1;
			remoteGlobalIDString = 2F8381DF7F34050D2FD2C718;
			remoteInfo = AgentPanelAppKit;
		};
		70D1A0EB65E11162C148D0C5 /* PBXContainerItemProxy */ = {
			isa = PBXContainerItemProxy;
			containerPortal = CEFD7A53191D3874EAB41EC5 /* Project object */;
			proxyType = 1;
			remoteGlobalIDString = A7CB1C420487F73AFA87FE79;
			remoteInfo = AgentPanelCore;
		};
		9E807B638BE525B650862936 /* PBXContainerItemProxy */ = {
			isa = PBXContainerItemProxy;
			containerPortal = CEFD7A53191D3874EAB41EC5 /* Project object */;
			proxyType = 1;
			remoteGlobalIDString = A7CB1C420487F73AFA87FE79;
			remoteInfo = AgentPanelCore;
		};
		A660BDFEF34CA67F5D028864 /* PBXContainerItemProxy */ = {
			isa = PBXContainerItemProxy;
			containerPortal = CEFD7A53191D3874EAB41EC5 /* Project object */;
			proxyType = 1;
			remoteGlobalIDString = 2F8381DF7F34050D2FD2C718;
			remoteInfo = AgentPanelAppKit;
		};
		ACAAFF862286626C09AC6A29 /* PBXContainerItemProxy */ = {
			isa = PBXContainerItemProxy;
			containerPortal = CEFD7A53191D3874EAB41EC5 /* Project object */;
			proxyType = 1;
			remoteGlobalIDString = 2F8381DF7F34050D2FD2C718;
			remoteInfo = AgentPanelAppKit;
		};
		C52ADF2852F0AFC1776D76DB /* PBXContainerItemProxy */ = {
			isa = PBXContainerItemProxy;
			containerPortal = CEFD7A53191D3874EAB41EC5 /* Project object */;
			proxyType = 1;
			remoteGlobalIDString = A7CB1C420487F73AFA87FE79;
			remoteInfo = AgentPanelCore;
		};
		F36E7EA41FCBD0F9F51EE9D2 /* PBXContainerItemProxy */ = {
			isa = PBXContainerItemProxy;
			containerPortal = CEFD7A53191D3874EAB41EC5 /* Project object */;
			proxyType = 1;
			remoteGlobalIDString = A7CB1C420487F73AFA87FE79;
			remoteInfo = AgentPanelCore;
		};
		FAAEE4D65E9199D61ECF6822 /* PBXContainerItemProxy */ = {
			isa = PBXContainerItemProxy;
			containerPortal = CEFD7A53191D3874EAB41EC5 /* Project object */;
			proxyType = 1;
			remoteGlobalIDString = A7CB1C420487F73AFA87FE79;
			remoteInfo = AgentPanelCore;
		};
/* End PBXContainerItemProxy section */

/* Begin PBXFileReference section */
		02956062A786C0D5A65DF5DB /* AXWindowPositioner.swift */ = {isa = PBXFileReference; lastKnownFileType = sourcecode.swift; path = AXWindowPositioner.swift; sourceTree = "<group>"; };
		093721093ECDB0367EC53D7A /* Assets.xcassets */ = {isa = PBXFileReference; lastKnownFileType = folder.assetcatalog; path = Assets.xcassets; sourceTree = "<group>"; };
		0D8F15558CAB2CBF4F4C1EAC /* DoctorReportRendererTests.swift */ = {isa = PBXFileReference; lastKnownFileType = sourcecode.swift; path = DoctorReportRendererTests.swift; sourceTree = "<group>"; };
		0F44F4A9B0CF90A9D802DA72 /* SwitcherDismissPolicy.swift */ = {isa = PBXFileReference; lastKnownFileType = sourcecode.swift; path = SwitcherDismissPolicy.swift; sourceTree = "<group>"; };
		1A646649932F90C2FCB262BD /* Config.swift */ = {isa = PBXFileReference; lastKnownFileType = sourcecode.swift; path = Config.swift; sourceTree = "<group>"; };
		1BDCEECE736D775B2F6A0A03 /* SwitcherPerformance.swift */ = {isa = PBXFileReference; lastKnownFileType = sourcecode.swift; path = SwitcherPerformance.swift; sourceTree = "<group>"; };
		1CD4F815CAF90030F8A02042 /* LaunchAtLoginToggler.swift */ = {isa = PBXFileReference; lastKnownFileType = sourcecode.swift; path = LaunchAtLoginToggler.swift; sourceTree = "<group>"; };
		1F6B247F0E6D844C6B09CBFF /* GitRemoteResolverTests.swift */ = {isa = PBXFileReference; lastKnownFileType = sourcecode.swift; path = GitRemoteResolverTests.swift; sourceTree = "<group>"; };
		1FC5E105388E71A646F7C555 /* ChromeTabCaptureTests.swift */ = {isa = PBXFileReference; lastKnownFileType = sourcecode.swift; path = ChromeTabCaptureTests.swift; sourceTree = "<group>"; };
		2A6AE029AF7CE52DD71AD452 /* AeroSpaceFallbackDecisionTests.swift */ = {isa = PBXFileReference; lastKnownFileType = sourcecode.swift; path = AeroSpaceFallbackDecisionTests.swift; sourceTree = "<group>"; };
		2D35ABD3022669F375FDB52F /* ApCLI.swift */ = {isa = PBXFileReference; lastKnownFileType = sourcecode.swift; path = ApCLI.swift; sourceTree = "<group>"; };
		2DDE5E49E88AA30CBDA98203 /* DoctorWindowController.swift */ = {isa = PBXFileReference; lastKnownFileType = sourcecode.swift; path = DoctorWindowController.swift; sourceTree = "<group>"; };
		2DEC2159A7FC49F981E12655 /* AgentPanelAppKit.framework */ = {isa = PBXFileReference; explicitFileType = wrapper.framework; includeInIndex = 0; path = AgentPanelAppKit.framework; sourceTree = BUILT_PRODUCTS_DIR; };
		32774CD77E6E4809BA743C44 /* WindowPositionStore.swift */ = {isa = PBXFileReference; lastKnownFileType = sourcecode.swift; path = WindowPositionStore.swift; sourceTree = "<group>"; };
		33011E68C3F32399FC4A5408 /* AgentPanelApp.swift */ = {isa = PBXFileReference; lastKnownFileType = sourcecode.swift; path = AgentPanelApp.swift; sourceTree = "<group>"; };
		351268AE41E22F84F634BF7F /* AeroSpaceConfigManager.swift */ = {isa = PBXFileReference; lastKnownFileType = sourcecode.swift; path = AeroSpaceConfigManager.swift; sourceTree = "<group>"; };
		36FB9A1AB3DB9720C1092952 /* WindowCycleOverlayCoordinator.swift */ = {isa = PBXFileReference; lastKnownFileType = sourcecode.swift; path = WindowCycleOverlayCoordinator.swift; sourceTree = "<group>"; };
		37A490F533EB3BC03A15DC4B /* VSCodeColorPalette.swift */ = {isa = PBXFileReference; lastKnownFileType = sourcecode.swift; path = VSCodeColorPalette.swift; sourceTree = "<group>"; };
		3C9827012788385A9FEC8CC4 /* AccessibilityStartupPromptGate.swift */ = {isa = PBXFileReference; lastKnownFileType = sourcecode.swift; path = AccessibilityStartupPromptGate.swift; sourceTree = "<group>"; };
		3CC240A74C38218E4C33B36B /* ProjectManager.swift */ = {isa = PBXFileReference; lastKnownFileType = sourcecode.swift; path = ProjectManager.swift; sourceTree = "<group>"; };
		422A67E2D8FA409FACB7DBDF /* AgentPanelCoreTests.xctest */ = {isa = PBXFileReference; explicitFileType = wrapper.cfbundle; includeInIndex = 0; path = AgentPanelCoreTests.xctest; sourceTree = BUILT_PRODUCTS_DIR; };
		46AF81704601064B7C7BC6A0 /* aerospace-safe.toml */ = {isa = PBXFileReference; path = "aerospace-safe.toml"; sourceTree = "<group>"; };
		4CC3F90043E2A7B9734A5279 /* ExecutableResolverTests.swift */ = {isa = PBXFileReference; lastKnownFileType = sourcecode.swift; path = ExecutableResolverTests.swift; sourceTree = "<group>"; };
		51E5F87E9B834D2CF33BA70D /* FocusHistoryStore.swift */ = {isa = PBXFileReference; lastKnownFileType = sourcecode.swift; path = FocusHistoryStore.swift; sourceTree = "<group>"; };
		5346229EF143B5582F2DCABD /* ScreenMode.swift */ = {isa = PBXFileReference; lastKnownFileType = sourcecode.swift; path = ScreenMode.swift; sourceTree = "<group>"; };
		5441A4A3ABD5FBE0BC906CF3 /* AeroSpaceCircuitBreakerTests.swift */ = {isa = PBXFileReference; lastKnownFileType = sourcecode.swift; path = AeroSpaceCircuitBreakerTests.swift; sourceTree = "<group>"; };
		5B15ECCB069CA875EE2198D9 /* AppKitRunningApplicationCheckerTests.swift */ = {isa = PBXFileReference; lastKnownFileType = sourcecode.swift; path = AppKitRunningApplicationCheckerTests.swift; sourceTree = "<group>"; };
		607CC4068E16F99022AA2F75 /* DoctorReportRenderer.swift */ = {isa = PBXFileReference; lastKnownFileType = sourcecode.swift; path = DoctorReportRenderer.swift; sourceTree = "<group>"; };
		66A9847848A3E479A33C2786 /* AgentPanelCLITests.xctest */ = {isa = PBXFileReference; explicitFileType = wrapper.cfbundle; includeInIndex = 0; path = AgentPanelCLITests.xctest; sourceTree = BUILT_PRODUCTS_DIR; };
		691139171C62F83E4E0CC709 /* Dependencies.swift */ = {isa = PBXFileReference; lastKnownFileType = sourcecode.swift; path = Dependencies.swift; sourceTree = "<group>"; };
		6A098C6B7741B4A3324E086D /* WorkspaceRoutingTests.swift */ = {isa = PBXFileReference; lastKnownFileType = sourcecode.swift; path = WorkspaceRoutingTests.swift; sourceTree = "<group>"; };
		6A56F48F550ED371899EAB69 /* WindowLayoutEngineTests.swift */ = {isa = PBXFileReference; lastKnownFileType = sourcecode.swift; path = WindowLayoutEngineTests.swift; sourceTree = "<group>"; };
		6C4F78292D1AA1E00396BB86 /* ChromeTabStoreTests.swift */ = {isa = PBXFileReference; lastKnownFileType = sourcecode.swift; path = ChromeTabStoreTests.swift; sourceTree = "<group>"; };
		6C8E9CF917B3E9C1AF573815 /* Info.plist */ = {isa = PBXFileReference; lastKnownFileType = text.plist; path = Info.plist; sourceTree = "<group>"; };
		6DD9C2D933614F56A766F300 /* WorkspaceRouting.swift */ = {isa = PBXFileReference; lastKnownFileType = sourcecode.swift; path = WorkspaceRouting.swift; sourceTree = "<group>"; };
		6E8DE3E79215020A2587A722 /* Errors.swift */ = {isa = PBXFileReference; lastKnownFileType = sourcecode.swift; path = Errors.swift; sourceTree = "<group>"; };
		7632C3BFC71ED54D57C69705 /* WindowCyclerTests.swift */ = {isa = PBXFileReference; lastKnownFileType = sourcecode.swift; path = WindowCyclerTests.swift; sourceTree = "<group>"; };
		77C71158D21AEA68BF4547D9 /* SwitcherDismissPolicyTests.swift */ = {isa = PBXFileReference; lastKnownFileType = sourcecode.swift; path = SwitcherDismissPolicyTests.swift; sourceTree = "<group>"; };
		792EA59F2896815CA8062275 /* ProjectManagerChromeTabTests.swift */ = {isa = PBXFileReference; lastKnownFileType = sourcecode.swift; path = ProjectManagerChromeTabTests.swift; sourceTree = "<group>"; };
		79524DCF6FC04E226C676288 /* SwitcherPerformanceTests.swift */ = {isa = PBXFileReference; lastKnownFileType = sourcecode.swift; path = SwitcherPerformanceTests.swift; sourceTree = "<group>"; };
		7ABFD578BD00149884F14AFA /* ProjectManagerCoverageTests.swift */ = {isa = PBXFileReference; lastKnownFileType = sourcecode.swift; path = ProjectManagerCoverageTests.swift; sourceTree = "<group>"; };
		7CBD0FE2C6DF91C6CEA318A9 /* DependenciesTests.swift */ = {isa = PBXFileReference; lastKnownFileType = sourcecode.swift; path = DependenciesTests.swift; sourceTree = "<group>"; };
		7D296D95F9CF20BC4FB77A2B /* ProjectManagerWindowPositionTests.swift */ = {isa = PBXFileReference; lastKnownFileType = sourcecode.swift; path = ProjectManagerWindowPositionTests.swift; sourceTree = "<group>"; };
		8375E9AD9F43075DD43C36F4 /* ap */ = {isa = PBXFileReference; includeInIndex = 0; path = ap; sourceTree = BUILT_PRODUCTS_DIR; };
		864A81338BB0B54C44CE3817 /* ConfigParserTests.swift */ = {isa = PBXFileReference; lastKnownFileType = sourcecode.swift; path = ConfigParserTests.swift; sourceTree = "<group>"; };
		87105C429D6C63689C3F96B4 /* VSCodeSettingsManager.swift */ = {isa = PBXFileReference; lastKnownFileType = sourcecode.swift; path = VSCodeSettingsManager.swift; sourceTree = "<group>"; };
		896E78D7F06BC1951EF83C11 /* ApArgumentParserTests.swift */ = {isa = PBXFileReference; lastKnownFileType = sourcecode.swift; path = ApArgumentParserTests.swift; sourceTree = "<group>"; };
		8B9A5ACE8DEFE166746BEF75 /* AeroSpaceCircuitBreaker.swift */ = {isa = PBXFileReference; lastKnownFileType = sourcecode.swift; path = AeroSpaceCircuitBreaker.swift; sourceTree = "<group>"; };
		8CB7542D928AA6E365C4B12D /* VSCodeSettingsManagerRemoteTests.swift */ = {isa = PBXFileReference; lastKnownFileType = sourcecode.swift; path = VSCodeSettingsManagerRemoteTests.swift; sourceTree = "<group>"; };
		8D9DD5D6EFEEEE1BAF5BA17E /* AeroSpaceFallbackBehaviorTests.swift */ = {isa = PBXFileReference; lastKnownFileType = sourcecode.swift; path = AeroSpaceFallbackBehaviorTests.swift; sourceTree = "<group>"; };
		8E0C94572B6882ED047B94AE /* ErrorContextTests.swift */ = {isa = PBXFileReference; lastKnownFileType = sourcecode.swift; path = ErrorContextTests.swift; sourceTree = "<group>"; };
		8E889482DE8B9E43D5F2B3E7 /* WindowCycleOverlayController.swift */ = {isa = PBXFileReference; lastKnownFileType = sourcecode.swift; path = WindowCycleOverlayController.swift; sourceTree = "<group>"; };
		90C7BFA350C37FF25BCDC969 /* SystemCommandRunnerTests.swift */ = {isa = PBXFileReference; lastKnownFileType = sourcecode.swift; path = SystemCommandRunnerTests.swift; sourceTree = "<group>"; };
		91616BD52F8F0B9C3B94A6D4 /* ChromeTabResolverTests.swift */ = {isa = PBXFileReference; lastKnownFileType = sourcecode.swift; path = ChromeTabResolverTests.swift; sourceTree = "<group>"; };
		930B37D5D8A0F77FABC52946 /* ChromeTabs.swift */ = {isa = PBXFileReference; lastKnownFileType = sourcecode.swift; path = ChromeTabs.swift; sourceTree = "<group>"; };
		93535C80A991222F14C5D635 /* AppKitIntegration.swift */ = {isa = PBXFileReference; lastKnownFileType = sourcecode.swift; path = AppKitIntegration.swift; sourceTree = "<group>"; };
		935CD37A022BA8B71683DE72 /* Doctor.swift */ = {isa = PBXFileReference; lastKnownFileType = sourcecode.swift; path = Doctor.swift; sourceTree = "<group>"; };
		97B69B44C89E2445E21F50CF /* ConfigLoaderTests.swift */ = {isa = PBXFileReference; lastKnownFileType = sourcecode.swift; path = ConfigLoaderTests.swift; sourceTree = "<group>"; };
		98F56A9B2D3B18E280767106 /* ProjectManagerFocusTests.swift */ = {isa = PBXFileReference; lastKnownFileType = sourcecode.swift; path = ProjectManagerFocusTests.swift; sourceTree = "<group>"; };
		99CC898051808DC63C4089ED /* DataPathsTests.swift */ = {isa = PBXFileReference; lastKnownFileType = sourcecode.swift; path = DataPathsTests.swift; sourceTree = "<group>"; };
		9B3CFD02BB3D49CBCB70F7BF /* AppConfigTests.swift */ = {isa = PBXFileReference; lastKnownFileType = sourcecode.swift; path = AppConfigTests.swift; sourceTree = "<group>"; };
		9E0C3DAA0280728917003498 /* Logger.swift */ = {isa = PBXFileReference; lastKnownFileType = sourcecode.swift; path = Logger.swift; sourceTree = "<group>"; };
		A2095712C0FAC7312D63559A /* DoctorSSHTests.swift */ = {isa = PBXFileReference; lastKnownFileType = sourcecode.swift; path = DoctorSSHTests.swift; sourceTree = "<group>"; };
		A28604104E568953BB98A138 /* AeroSpaceConfigManagerTests.swift */ = {isa = PBXFileReference; lastKnownFileType = sourcecode.swift; path = AeroSpaceConfigManagerTests.swift; sourceTree = "<group>"; };
		A846E0437C8F257A5EBE57CD /* VSCodeColorPaletteTests.swift */ = {isa = PBXFileReference; lastKnownFileType = sourcecode.swift; path = VSCodeColorPaletteTests.swift; sourceTree = "<group>"; };
		A8AFEA52B096500A617A9783 /* LoggerTests.swift */ = {isa = PBXFileReference; lastKnownFileType = sourcecode.swift; path = LoggerTests.swift; sourceTree = "<group>"; };
		AD2A435AAD0A46F9C41D8214 /* RecoveryProgressController.swift */ = {isa = PBXFileReference; lastKnownFileType = sourcecode.swift; path = RecoveryProgressController.swift; sourceTree = "<group>"; };
		B09A95D6863DC3EDC40EE478 /* AccessibilityStartupPromptGateTests.swift */ = {isa = PBXFileReference; lastKnownFileType = sourcecode.swift; path = AccessibilityStartupPromptGateTests.swift; sourceTree = "<group>"; };
		B2C1E7F1518F5E6C6CFF485E /* Onboarding.swift */ = {isa = PBXFileReference; lastKnownFileType = sourcecode.swift; path = Onboarding.swift; sourceTree = "<group>"; };
		B42F36263EBFB132E20DC2CD /* AgentLayerLauncherTests.swift */ = {isa = PBXFileReference; lastKnownFileType = sourcecode.swift; path = AgentLayerLauncherTests.swift; sourceTree = "<group>"; };
		B484ECEF18DB46341AE0352A /* CommandTimeoutTests.swift */ = {isa = PBXFileReference; lastKnownFileType = sourcecode.swift; path = CommandTimeoutTests.swift; sourceTree = "<group>"; };
		B53D0797497C36287AF2F37F /* DoctorReportRenderingTests.swift */ = {isa = PBXFileReference; lastKnownFileType = sourcecode.swift; path = DoctorReportRenderingTests.swift; sourceTree = "<group>"; };
		B5E1DA1E1A8E9396ADBA7AC4 /* ProjectManagerMoveWindowTests.swift */ = {isa = PBXFileReference; lastKnownFileType = sourcecode.swift; path = ProjectManagerMoveWindowTests.swift; sourceTree = "<group>"; };
		B65D26C4A087CBB10C76E24A /* LayoutConfigParserTests.swift */ = {isa = PBXFileReference; lastKnownFileType = sourcecode.swift; path = LayoutConfigParserTests.swift; sourceTree = "<group>"; };
		B89C3DA5AE4025D43AEFF1F6 /* AgentPanelCore.framework */ = {isa = PBXFileReference; explicitFileType = wrapper.framework; includeInIndex = 0; path = AgentPanelCore.framework; sourceTree = BUILT_PRODUCTS_DIR; };
		B8D8C73BDF50CEB78DBA5853 /* System.swift */ = {isa = PBXFileReference; lastKnownFileType = sourcecode.swift; path = System.swift; sourceTree = "<group>"; };
		BABEBED25D4A01500C091AE4 /* VSCodeSSHWorkspaceTests.swift */ = {isa = PBXFileReference; lastKnownFileType = sourcecode.swift; path = VSCodeSSHWorkspaceTests.swift; sourceTree = "<group>"; };
		BC700F71F91521277C58EA20 /* AgentPanel.app */ = {isa = PBXFileReference; explicitFileType = wrapper.application; includeInIndex = 0; path = AgentPanel.app; sourceTree = BUILT_PRODUCTS_DIR; };
		BECFF67CD5B93BC36E3D4CF4 /* UTCTimestampTests.swift */ = {isa = PBXFileReference; lastKnownFileType = sourcecode.swift; path = UTCTimestampTests.swift; sourceTree = "<group>"; };
		BF1F5AAD8644397B21447C04 /* ApCLIRunnerTests.swift */ = {isa = PBXFileReference; lastKnownFileType = sourcecode.swift; path = ApCLIRunnerTests.swift; sourceTree = "<group>"; };
		BFD58F6D82CA6AB0DA4176B6 /* SSHHelpers.swift */ = {isa = PBXFileReference; lastKnownFileType = sourcecode.swift; path = SSHHelpers.swift; sourceTree = "<group>"; };
		C152889C3F2C9097CB66DE13 /* WindowCycler.swift */ = {isa = PBXFileReference; lastKnownFileType = sourcecode.swift; path = WindowCycler.swift; sourceTree = "<group>"; };
		C37E0D0D7CC05F2E42448932 /* IdNormalizationTests.swift */ = {isa = PBXFileReference; lastKnownFileType = sourcecode.swift; path = IdNormalizationTests.swift; sourceTree = "<group>"; };
		C8B5ED71DD97D8A4C6CC7755 /* FuzzyMatcherTests.swift */ = {isa = PBXFileReference; lastKnownFileType = sourcecode.swift; path = FuzzyMatcherTests.swift; sourceTree = "<group>"; };
		CB049349875901281339DAE9 /* LayoutConfig.swift */ = {isa = PBXFileReference; lastKnownFileType = sourcecode.swift; path = LayoutConfig.swift; sourceTree = "<group>"; };
		D21615802A92C43F906F41D5 /* SwitcherPanelController.swift */ = {isa = PBXFileReference; lastKnownFileType = sourcecode.swift; path = SwitcherPanelController.swift; sourceTree = "<group>"; };
		D23DB19BA30772CEB3C309BB /* AgentPanelCLICore.framework */ = {isa = PBXFileReference; explicitFileType = wrapper.framework; includeInIndex = 0; path = AgentPanelCLICore.framework; sourceTree = BUILT_PRODUCTS_DIR; };
		D2A6F5B4B87B51292A7B3F26 /* VSCodeSettingsManagerTests.swift */ = {isa = PBXFileReference; lastKnownFileType = sourcecode.swift; path = VSCodeSettingsManagerTests.swift; sourceTree = "<group>"; };
		D39682CECE0338B67A93001B /* ScreenModeDetector.swift */ = {isa = PBXFileReference; lastKnownFileType = sourcecode.swift; path = ScreenModeDetector.swift; sourceTree = "<group>"; };
		D3D261C7BC2CD2E5EFC7706D /* DataPaths.swift */ = {isa = PBXFileReference; lastKnownFileType = sourcecode.swift; path = DataPaths.swift; sourceTree = "<group>"; };
		D49E12670FF87D9A5EC1ADA7 /* SwitcherSession.swift */ = {isa = PBXFileReference; lastKnownFileType = sourcecode.swift; path = SwitcherSession.swift; sourceTree = "<group>"; };
		D51D100373F078D8660A112C /* DoctorCoverageTests.swift */ = {isa = PBXFileReference; lastKnownFileType = sourcecode.swift; path = DoctorCoverageTests.swift; sourceTree = "<group>"; };
		D54CEA7ABFA8DFB2065DF57C /* ProjectManagerOpenProjectIdsTests.swift */ = {isa = PBXFileReference; lastKnownFileType = sourcecode.swift; path = ProjectManagerOpenProjectIdsTests.swift; sourceTree = "<group>"; };
		D6015F4E5793AFDC8F7DF575 /* HotkeyManager.swift */ = {isa = PBXFileReference; lastKnownFileType = sourcecode.swift; path = HotkeyManager.swift; sourceTree = "<group>"; };
		D72C833D54DFE4BCC1772280 /* AgentPanelAppTests.xctest */ = {isa = PBXFileReference; explicitFileType = wrapper.cfbundle; includeInIndex = 0; path = AgentPanelAppTests.xctest; sourceTree = BUILT_PRODUCTS_DIR; };
		D8518B6406C5D08F07916FE1 /* LaunchAtLoginTogglerTests.swift */ = {isa = PBXFileReference; lastKnownFileType = sourcecode.swift; path = LaunchAtLoginTogglerTests.swift; sourceTree = "<group>"; };
		D9708BB20B7C2071A1EE21D7 /* main.swift */ = {isa = PBXFileReference; lastKnownFileType = sourcecode.swift; path = main.swift; sourceTree = "<group>"; };
		D9EF5D4CAEDF122A883BDDC6 /* ApAeroSpace.swift */ = {isa = PBXFileReference; lastKnownFileType = sourcecode.swift; path = ApAeroSpace.swift; sourceTree = "<group>"; };
		DB8EF52077E9BE5CDECD6C61 /* ChromeConfigTests.swift */ = {isa = PBXFileReference; lastKnownFileType = sourcecode.swift; path = ChromeConfigTests.swift; sourceTree = "<group>"; };
		DDCF207DCD3CAB37C2756708 /* FocusStackTests.swift */ = {isa = PBXFileReference; lastKnownFileType = sourcecode.swift; path = FocusStackTests.swift; sourceTree = "<group>"; };
		E06D0D92D76D722E481FBCAC /* Identity.swift */ = {isa = PBXFileReference; lastKnownFileType = sourcecode.swift; path = Identity.swift; sourceTree = "<group>"; };
		E0FA6B487E72C63168C91525 /* WindowRecoveryManager.swift */ = {isa = PBXFileReference; lastKnownFileType = sourcecode.swift; path = WindowRecoveryManager.swift; sourceTree = "<group>"; };
		E1C67D54B55EEAC375F2333C /* WindowRecoveryManagerTests.swift */ = {isa = PBXFileReference; lastKnownFileType = sourcecode.swift; path = WindowRecoveryManagerTests.swift; sourceTree = "<group>"; };
		E505A3EEB86DDECDC63B735B /* FuzzyMatcher.swift */ = {isa = PBXFileReference; lastKnownFileType = sourcecode.swift; path = FuzzyMatcher.swift; sourceTree = "<group>"; };
		EC39EC30038F4925EFDBB009 /* ProjectManagerFocusHistoryPersistenceTests.swift */ = {isa = PBXFileReference; lastKnownFileType = sourcecode.swift; path = ProjectManagerFocusHistoryPersistenceTests.swift; sourceTree = "<group>"; };
		EC8F7409A9D958D816281AFE /* ProjectManagerEdgeCaseTests.swift */ = {isa = PBXFileReference; lastKnownFileType = sourcecode.swift; path = ProjectManagerEdgeCaseTests.swift; sourceTree = "<group>"; };
		EE7A6CD31FAB2B2F7C629585 /* WindowLayoutEngine.swift */ = {isa = PBXFileReference; lastKnownFileType = sourcecode.swift; path = WindowLayoutEngine.swift; sourceTree = "<group>"; };
		F24303F28EF85E8A9BFB7CF5 /* SwitcherViews.swift */ = {isa = PBXFileReference; lastKnownFileType = sourcecode.swift; path = SwitcherViews.swift; sourceTree = "<group>"; };
		F33C8323F7FFF366C896EDF8 /* SwitcherFocusFlowTests.swift */ = {isa = PBXFileReference; lastKnownFileType = sourcecode.swift; path = SwitcherFocusFlowTests.swift; sourceTree = "<group>"; };
		F5948A8D791EEE0CC86D8A83 /* WindowPositionStoreTests.swift */ = {isa = PBXFileReference; lastKnownFileType = sourcecode.swift; path = WindowPositionStoreTests.swift; sourceTree = "<group>"; };
		FA16CCA67CFA8D9F5565D1CD /* FocusCycleHotkeyManager.swift */ = {isa = PBXFileReference; lastKnownFileType = sourcecode.swift; path = FocusCycleHotkeyManager.swift; sourceTree = "<group>"; };
		FAAD4E05C79F9C6B7967EE1C /* ColorValidationTests.swift */ = {isa = PBXFileReference; lastKnownFileType = sourcecode.swift; path = ColorValidationTests.swift; sourceTree = "<group>"; };
		FDBB2B968F40735098AB31A9 /* ProjectManagerLogEventNameTests.swift */ = {isa = PBXFileReference; lastKnownFileType = sourcecode.swift; path = ProjectManagerLogEventNameTests.swift; sourceTree = "<group>"; };
/* End PBXFileReference section */

/* Begin PBXFrameworksBuildPhase section */
		3A6790036A2E101E2EB7D52D /* Frameworks */ = {
			isa = PBXFrameworksBuildPhase;
			buildActionMask = 2147483647;
			files = (
				1855C01B61DC090FDBC0DD14 /* AgentPanelCore.framework in Frameworks */,
				197ECBA5C6AFCC91F51278D0 /* AgentPanelAppKit.framework in Frameworks */,
				03BEE37A5A3CA803A17B9B9B /* TOMLDecoder in Frameworks */,
			);
			runOnlyForDeploymentPostprocessing = 0;
		};
		652C3D6B8085C00447E8AAAE /* Frameworks */ = {
			isa = PBXFrameworksBuildPhase;
			buildActionMask = 2147483647;
			files = (
				31625350B6505009A8424B51 /* AgentPanelCLICore.framework in Frameworks */,
				665B60F8679AD11A36F852A1 /* AgentPanelCore.framework in Frameworks */,
				01A4337E85FF3BD89B789098 /* TOMLDecoder in Frameworks */,
			);
			runOnlyForDeploymentPostprocessing = 0;
		};
		7555730D28ED00EA368BDB79 /* Frameworks */ = {
			isa = PBXFrameworksBuildPhase;
			buildActionMask = 2147483647;
			files = (
				6025AFD99FB66395A3BB4B44 /* AgentPanelCore.framework in Frameworks */,
				E6AB4DCAB965EE715A11593A /* AgentPanelAppKit.framework in Frameworks */,
				89352ED066D4230A089016ED /* TOMLDecoder in Frameworks */,
			);
			runOnlyForDeploymentPostprocessing = 0;
		};
		98BF9B183CC92A5147ECD3E3 /* Frameworks */ = {
			isa = PBXFrameworksBuildPhase;
			buildActionMask = 2147483647;
			files = (
				7337E72993D5E0B5564AB239 /* AgentPanelCore.framework in Frameworks */,
				AB2458FE5903330BEECDED5B /* AgentPanelAppKit.framework in Frameworks */,
				BD82D0634AF17D74957D1687 /* TOMLDecoder in Frameworks */,
			);
			runOnlyForDeploymentPostprocessing = 0;
		};
		B04714E15DA23EB87A4BEEB2 /* Frameworks */ = {
			isa = PBXFrameworksBuildPhase;
			buildActionMask = 2147483647;
			files = (
				B28936C2D4FA7AE9CA34DF4A /* TOMLDecoder in Frameworks */,
			);
			runOnlyForDeploymentPostprocessing = 0;
		};
		F865F9B8F75B17D4AB8AB5CE /* Frameworks */ = {
			isa = PBXFrameworksBuildPhase;
			buildActionMask = 2147483647;
			files = (
				6CE77530863CFF774479B52E /* AgentPanelCLICore.framework in Frameworks */,
				0CC7C30ED18250F29ED6809B /* AgentPanelCore.framework in Frameworks */,
				7919C7784417EA01E40569C4 /* AgentPanelAppKit.framework in Frameworks */,
				44E82521FC75B543BA678A3B /* TOMLDecoder in Frameworks */,
			);
			runOnlyForDeploymentPostprocessing = 0;
		};
/* End PBXFrameworksBuildPhase section */

/* Begin PBXGroup section */
		1037EE7F169B2E890205D145 /* AgentPanelCoreTests */ = {
			isa = PBXGroup;
			children = (
				B09A95D6863DC3EDC40EE478 /* AccessibilityStartupPromptGateTests.swift */,
				5441A4A3ABD5FBE0BC906CF3 /* AeroSpaceCircuitBreakerTests.swift */,
				A28604104E568953BB98A138 /* AeroSpaceConfigManagerTests.swift */,
				8D9DD5D6EFEEEE1BAF5BA17E /* AeroSpaceFallbackBehaviorTests.swift */,
				2A6AE029AF7CE52DD71AD452 /* AeroSpaceFallbackDecisionTests.swift */,
				B42F36263EBFB132E20DC2CD /* AgentLayerLauncherTests.swift */,
				9B3CFD02BB3D49CBCB70F7BF /* AppConfigTests.swift */,
				5B15ECCB069CA875EE2198D9 /* AppKitRunningApplicationCheckerTests.swift */,
				DB8EF52077E9BE5CDECD6C61 /* ChromeConfigTests.swift */,
				1FC5E105388E71A646F7C555 /* ChromeTabCaptureTests.swift */,
				91616BD52F8F0B9C3B94A6D4 /* ChromeTabResolverTests.swift */,
				6C4F78292D1AA1E00396BB86 /* ChromeTabStoreTests.swift */,
				FAAD4E05C79F9C6B7967EE1C /* ColorValidationTests.swift */,
				B484ECEF18DB46341AE0352A /* CommandTimeoutTests.swift */,
				97B69B44C89E2445E21F50CF /* ConfigLoaderTests.swift */,
				864A81338BB0B54C44CE3817 /* ConfigParserTests.swift */,
				99CC898051808DC63C4089ED /* DataPathsTests.swift */,
				7CBD0FE2C6DF91C6CEA318A9 /* DependenciesTests.swift */,
				D51D100373F078D8660A112C /* DoctorCoverageTests.swift */,
				0D8F15558CAB2CBF4F4C1EAC /* DoctorReportRendererTests.swift */,
				B53D0797497C36287AF2F37F /* DoctorReportRenderingTests.swift */,
				A2095712C0FAC7312D63559A /* DoctorSSHTests.swift */,
				8E0C94572B6882ED047B94AE /* ErrorContextTests.swift */,
				4CC3F90043E2A7B9734A5279 /* ExecutableResolverTests.swift */,
				DDCF207DCD3CAB37C2756708 /* FocusStackTests.swift */,
				C8B5ED71DD97D8A4C6CC7755 /* FuzzyMatcherTests.swift */,
				1F6B247F0E6D844C6B09CBFF /* GitRemoteResolverTests.swift */,
				C37E0D0D7CC05F2E42448932 /* IdNormalizationTests.swift */,
				B65D26C4A087CBB10C76E24A /* LayoutConfigParserTests.swift */,
				A8AFEA52B096500A617A9783 /* LoggerTests.swift */,
				792EA59F2896815CA8062275 /* ProjectManagerChromeTabTests.swift */,
				7ABFD578BD00149884F14AFA /* ProjectManagerCoverageTests.swift */,
				EC8F7409A9D958D816281AFE /* ProjectManagerEdgeCaseTests.swift */,
				EC39EC30038F4925EFDBB009 /* ProjectManagerFocusHistoryPersistenceTests.swift */,
				98F56A9B2D3B18E280767106 /* ProjectManagerFocusTests.swift */,
				FDBB2B968F40735098AB31A9 /* ProjectManagerLogEventNameTests.swift */,
				B5E1DA1E1A8E9396ADBA7AC4 /* ProjectManagerMoveWindowTests.swift */,
				D54CEA7ABFA8DFB2065DF57C /* ProjectManagerOpenProjectIdsTests.swift */,
				7D296D95F9CF20BC4FB77A2B /* ProjectManagerWindowPositionTests.swift */,
				77C71158D21AEA68BF4547D9 /* SwitcherDismissPolicyTests.swift */,
				79524DCF6FC04E226C676288 /* SwitcherPerformanceTests.swift */,
				90C7BFA350C37FF25BCDC969 /* SystemCommandRunnerTests.swift */,
				BECFF67CD5B93BC36E3D4CF4 /* UTCTimestampTests.swift */,
				A846E0437C8F257A5EBE57CD /* VSCodeColorPaletteTests.swift */,
				8CB7542D928AA6E365C4B12D /* VSCodeSettingsManagerRemoteTests.swift */,
				D2A6F5B4B87B51292A7B3F26 /* VSCodeSettingsManagerTests.swift */,
				BABEBED25D4A01500C091AE4 /* VSCodeSSHWorkspaceTests.swift */,
				7632C3BFC71ED54D57C69705 /* WindowCyclerTests.swift */,
				6A56F48F550ED371899EAB69 /* WindowLayoutEngineTests.swift */,
				F5948A8D791EEE0CC86D8A83 /* WindowPositionStoreTests.swift */,
				E1C67D54B55EEAC375F2333C /* WindowRecoveryManagerTests.swift */,
				6A098C6B7741B4A3324E086D /* WorkspaceRoutingTests.swift */,
			);
			path = AgentPanelCoreTests;
			sourceTree = "<group>";
		};
		1845F68E024C28647A040A43 /* Resources */ = {
			isa = PBXGroup;
			children = (
				46AF81704601064B7C7BC6A0 /* aerospace-safe.toml */,
			);
			path = Resources;
			sourceTree = "<group>";
		};
		1B913158E38EFD90924724ED /* AgentPanelCore */ = {
			isa = PBXGroup;
			children = (
				930B37D5D8A0F77FABC52946 /* ChromeTabs.swift */,
				1A646649932F90C2FCB262BD /* Config.swift */,
				D3D261C7BC2CD2E5EFC7706D /* DataPaths.swift */,
				691139171C62F83E4E0CC709 /* Dependencies.swift */,
				935CD37A022BA8B71683DE72 /* Doctor.swift */,
				6E8DE3E79215020A2587A722 /* Errors.swift */,
				51E5F87E9B834D2CF33BA70D /* FocusHistoryStore.swift */,
				E505A3EEB86DDECDC63B735B /* FuzzyMatcher.swift */,
				E06D0D92D76D722E481FBCAC /* Identity.swift */,
				9E0C3DAA0280728917003498 /* Logger.swift */,
				3CC240A74C38218E4C33B36B /* ProjectManager.swift */,
				BFD58F6D82CA6AB0DA4176B6 /* SSHHelpers.swift */,
				0F44F4A9B0CF90A9D802DA72 /* SwitcherDismissPolicy.swift */,
				1BDCEECE736D775B2F6A0A03 /* SwitcherPerformance.swift */,
				B8D8C73BDF50CEB78DBA5853 /* System.swift */,
				37A490F533EB3BC03A15DC4B /* VSCodeColorPalette.swift */,
				87105C429D6C63689C3F96B4 /* VSCodeSettingsManager.swift */,
				C152889C3F2C9097CB66DE13 /* WindowCycler.swift */,
				E0FA6B487E72C63168C91525 /* WindowRecoveryManager.swift */,
				6DD9C2D933614F56A766F300 /* WorkspaceRouting.swift */,
				D70EE9EFFE9128D41FD8C855 /* AeroSpace */,
				524017BBC358FDDBE78A8D8F /* WindowLayout */,
			);
			path = AgentPanelCore;
			sourceTree = "<group>";
		};
		1B95D211BB3B6E346100C384 /* AgentPanelCLICore */ = {
			isa = PBXGroup;
			children = (
				2D35ABD3022669F375FDB52F /* ApCLI.swift */,
			);
			path = AgentPanelCLICore;
			sourceTree = "<group>";
		};
		29BF1CF4B055D961037D563F /* Products */ = {
			isa = PBXGroup;
			children = (
				BC700F71F91521277C58EA20 /* AgentPanel.app */,
				2DEC2159A7FC49F981E12655 /* AgentPanelAppKit.framework */,
				D72C833D54DFE4BCC1772280 /* AgentPanelAppTests.xctest */,
				D23DB19BA30772CEB3C309BB /* AgentPanelCLICore.framework */,
				66A9847848A3E479A33C2786 /* AgentPanelCLITests.xctest */,
				B89C3DA5AE4025D43AEFF1F6 /* AgentPanelCore.framework */,
				422A67E2D8FA409FACB7DBDF /* AgentPanelCoreTests.xctest */,
				8375E9AD9F43075DD43C36F4 /* ap */,
			);
			name = Products;
			sourceTree = "<group>";
		};
		29FCA0281F4D1ED8333E2A3E /* AgentPanelApp */ = {
			isa = PBXGroup;
			children = (
				33011E68C3F32399FC4A5408 /* AgentPanelApp.swift */,
				093721093ECDB0367EC53D7A /* Assets.xcassets */,
				2DDE5E49E88AA30CBDA98203 /* DoctorWindowController.swift */,
				FA16CCA67CFA8D9F5565D1CD /* FocusCycleHotkeyManager.swift */,
				D6015F4E5793AFDC8F7DF575 /* HotkeyManager.swift */,
				6C8E9CF917B3E9C1AF573815 /* Info.plist */,
				1CD4F815CAF90030F8A02042 /* LaunchAtLoginToggler.swift */,
				B2C1E7F1518F5E6C6CFF485E /* Onboarding.swift */,
				AD2A435AAD0A46F9C41D8214 /* RecoveryProgressController.swift */,
				8E889482DE8B9E43D5F2B3E7 /* WindowCycleOverlayController.swift */,
				36FB9A1AB3DB9720C1092952 /* WindowCycleOverlayCoordinator.swift */,
				1845F68E024C28647A040A43 /* Resources */,
				EF65B4270E26D00E15F29526 /* Switcher */,
			);
			path = AgentPanelApp;
			sourceTree = "<group>";
		};
		30BE42C621FEBBB8B18BAB83 = {
			isa = PBXGroup;
			children = (
				29FCA0281F4D1ED8333E2A3E /* AgentPanelApp */,
				D491B4C335D7E5328643A0DF /* AgentPanelAppKit */,
				5002CCE87F8945257B0A9D9D /* AgentPanelAppTests */,
				67E5A7D71202E91E46B1179D /* AgentPanelCLI */,
				1B95D211BB3B6E346100C384 /* AgentPanelCLICore */,
				ED9D71684E15A73ED606F516 /* AgentPanelCLITests */,
				1B913158E38EFD90924724ED /* AgentPanelCore */,
				1037EE7F169B2E890205D145 /* AgentPanelCoreTests */,
				29BF1CF4B055D961037D563F /* Products */,
			);
			sourceTree = "<group>";
		};
		5002CCE87F8945257B0A9D9D /* AgentPanelAppTests */ = {
			isa = PBXGroup;
			children = (
				D8518B6406C5D08F07916FE1 /* LaunchAtLoginTogglerTests.swift */,
				F33C8323F7FFF366C896EDF8 /* SwitcherFocusFlowTests.swift */,
			);
			path = AgentPanelAppTests;
			sourceTree = "<group>";
		};
		524017BBC358FDDBE78A8D8F /* WindowLayout */ = {
			isa = PBXGroup;
			children = (
				CB049349875901281339DAE9 /* LayoutConfig.swift */,
				5346229EF143B5582F2DCABD /* ScreenMode.swift */,
				EE7A6CD31FAB2B2F7C629585 /* WindowLayoutEngine.swift */,
				32774CD77E6E4809BA743C44 /* WindowPositionStore.swift */,
			);
			path = WindowLayout;
			sourceTree = "<group>";
		};
		67E5A7D71202E91E46B1179D /* AgentPanelCLI */ = {
			isa = PBXGroup;
			children = (
				D9708BB20B7C2071A1EE21D7 /* main.swift */,
			);
			path = AgentPanelCLI;
			sourceTree = "<group>";
		};
		D491B4C335D7E5328643A0DF /* AgentPanelAppKit */ = {
			isa = PBXGroup;
			children = (
				3C9827012788385A9FEC8CC4 /* AccessibilityStartupPromptGate.swift */,
				93535C80A991222F14C5D635 /* AppKitIntegration.swift */,
				02956062A786C0D5A65DF5DB /* AXWindowPositioner.swift */,
				607CC4068E16F99022AA2F75 /* DoctorReportRenderer.swift */,
				D39682CECE0338B67A93001B /* ScreenModeDetector.swift */,
			);
			path = AgentPanelAppKit;
			sourceTree = "<group>";
		};
		D70EE9EFFE9128D41FD8C855 /* AeroSpace */ = {
			isa = PBXGroup;
			children = (
				8B9A5ACE8DEFE166746BEF75 /* AeroSpaceCircuitBreaker.swift */,
				351268AE41E22F84F634BF7F /* AeroSpaceConfigManager.swift */,
				D9EF5D4CAEDF122A883BDDC6 /* ApAeroSpace.swift */,
			);
			path = AeroSpace;
			sourceTree = "<group>";
		};
		ED9D71684E15A73ED606F516 /* AgentPanelCLITests */ = {
			isa = PBXGroup;
			children = (
				896E78D7F06BC1951EF83C11 /* ApArgumentParserTests.swift */,
				BF1F5AAD8644397B21447C04 /* ApCLIRunnerTests.swift */,
			);
			path = AgentPanelCLITests;
			sourceTree = "<group>";
		};
		EF65B4270E26D00E15F29526 /* Switcher */ = {
			isa = PBXGroup;
			children = (
				D21615802A92C43F906F41D5 /* SwitcherPanelController.swift */,
				D49E12670FF87D9A5EC1ADA7 /* SwitcherSession.swift */,
				F24303F28EF85E8A9BFB7CF5 /* SwitcherViews.swift */,
			);
			path = Switcher;
			sourceTree = "<group>";
		};
/* End PBXGroup section */

/* Begin PBXNativeTarget section */
		083BB4873594ECCE445001A0 /* AgentPanelAppTests */ = {
			isa = PBXNativeTarget;
			buildConfigurationList = 1E3D8339606ADE8A4B645774 /* Build configuration list for PBXNativeTarget "AgentPanelAppTests" */;
			buildPhases = (
				91DDA01EDEECF44B13A4E2D0 /* Sources */,
				3A6790036A2E101E2EB7D52D /* Frameworks */,
			);
			buildRules = (
			);
			dependencies = (
				CCC2568E2AE59EF79D603B39 /* PBXTargetDependency */,
				D2ADF6755E02DF74B5268BC6 /* PBXTargetDependency */,
				87E1480619AAB8AE8B8127D4 /* PBXTargetDependency */,
			);
			name = AgentPanelAppTests;
			packageProductDependencies = (
				BDB5BEA283FCCF7063B76969 /* TOMLDecoder */,
			);
			productName = AgentPanelAppTests;
			productReference = D72C833D54DFE4BCC1772280 /* AgentPanelAppTests.xctest */;
			productType = "com.apple.product-type.bundle.unit-test";
		};
		2F8381DF7F34050D2FD2C718 /* AgentPanelAppKit */ = {
			isa = PBXNativeTarget;
			buildConfigurationList = 5B3F156798D9B734C5A05AB3 /* Build configuration list for PBXNativeTarget "AgentPanelAppKit" */;
			buildPhases = (
				9621087FD03CAE0C4F0DA55E /* Sources */,
			);
			buildRules = (
			);
			dependencies = (
				B56514A8D78923F6DB5EE630 /* PBXTargetDependency */,
			);
			name = AgentPanelAppKit;
			packageProductDependencies = (
			);
			productName = AgentPanelAppKit;
			productReference = 2DEC2159A7FC49F981E12655 /* AgentPanelAppKit.framework */;
			productType = "com.apple.product-type.framework.static";
		};
		362741CB32D9130FC345A967 /* AgentPanelCLICore */ = {
			isa = PBXNativeTarget;
			buildConfigurationList = 241B0C96796C910AD2A14C61 /* Build configuration list for PBXNativeTarget "AgentPanelCLICore" */;
			buildPhases = (
				6529B218C0FD9D3EF0638F81 /* Sources */,
			);
			buildRules = (
			);
			dependencies = (
				A0A3DEF608957F6D5CA5E957 /* PBXTargetDependency */,
			);
			name = AgentPanelCLICore;
			packageProductDependencies = (
			);
			productName = AgentPanelCLICore;
			productReference = D23DB19BA30772CEB3C309BB /* AgentPanelCLICore.framework */;
			productType = "com.apple.product-type.framework.static";
		};
		36DBAEFAC32FD041A8308E5F /* AgentPanelCLI */ = {
			isa = PBXNativeTarget;
			buildConfigurationList = 01A1ABC7A1A8ABD023B3AE5C /* Build configuration list for PBXNativeTarget "AgentPanelCLI" */;
			buildPhases = (
				B7597369949AAA5FDD68A522 /* Sources */,
				F865F9B8F75B17D4AB8AB5CE /* Frameworks */,
			);
			buildRules = (
			);
			dependencies = (
				467E7CA8D59D11EF94608644 /* PBXTargetDependency */,
				A6D8CDD23FC38AF5CF0FC0C4 /* PBXTargetDependency */,
				2C5D287C2972757A3BE6CBFC /* PBXTargetDependency */,
			);
			name = AgentPanelCLI;
			packageProductDependencies = (
				0E60CCC0BD2692263397D122 /* TOMLDecoder */,
			);
			productName = AgentPanelCLI;
			productReference = 8375E9AD9F43075DD43C36F4 /* ap */;
			productType = "com.apple.product-type.tool";
		};
		4439FD99CA53EECDBD580533 /* AgentPanel */ = {
			isa = PBXNativeTarget;
			buildConfigurationList = 5E0D620F87B3048326AA6EB0 /* Build configuration list for PBXNativeTarget "AgentPanel" */;
			buildPhases = (
				123D602003439CCF3D734EFE /* Sources */,
				3D80DB9589795D8CB0C9F592 /* Resources */,
				7555730D28ED00EA368BDB79 /* Frameworks */,
			);
			buildRules = (
			);
			dependencies = (
				2178D377C0F1461F856AFBB4 /* PBXTargetDependency */,
				5918210A0168C37769370092 /* PBXTargetDependency */,
			);
			name = AgentPanel;
			packageProductDependencies = (
				32AABCDA8E094E52F9B718B4 /* TOMLDecoder */,
			);
			productName = AgentPanel;
			productReference = BC700F71F91521277C58EA20 /* AgentPanel.app */;
			productType = "com.apple.product-type.application";
		};
		6F9088D4B2D2EDD17FC37383 /* AgentPanelCLITests */ = {
			isa = PBXNativeTarget;
			buildConfigurationList = 1141909B96B1DD8585AFE0ED /* Build configuration list for PBXNativeTarget "AgentPanelCLITests" */;
			buildPhases = (
				7F2BBCE5F7EE446F17A6FAFE /* Sources */,
				652C3D6B8085C00447E8AAAE /* Frameworks */,
			);
			buildRules = (
			);
			dependencies = (
				2378E7D897904799654659AF /* PBXTargetDependency */,
				FCA1440E12CA5B2B4BA7805A /* PBXTargetDependency */,
			);
			name = AgentPanelCLITests;
			packageProductDependencies = (
				1DD44D941F769ACBCEB6C63F /* TOMLDecoder */,
			);
			productName = AgentPanelCLITests;
			productReference = 66A9847848A3E479A33C2786 /* AgentPanelCLITests.xctest */;
			productType = "com.apple.product-type.bundle.unit-test";
		};
		7BC55D66EEC761B0E70D878C /* AgentPanelCoreTests */ = {
			isa = PBXNativeTarget;
			buildConfigurationList = 7454D11952BC0CF7BDEC53D4 /* Build configuration list for PBXNativeTarget "AgentPanelCoreTests" */;
			buildPhases = (
				DCE9631F0F5C7AC6E4629E79 /* Sources */,
				98BF9B183CC92A5147ECD3E3 /* Frameworks */,
			);
			buildRules = (
			);
			dependencies = (
				21B0F7EB94E6C42F811ABA38 /* PBXTargetDependency */,
				137EE5EA62EE27C5FA7717B5 /* PBXTargetDependency */,
			);
			name = AgentPanelCoreTests;
			packageProductDependencies = (
				AB044C34092747E5175D98FA /* TOMLDecoder */,
			);
			productName = AgentPanelCoreTests;
			productReference = 422A67E2D8FA409FACB7DBDF /* AgentPanelCoreTests.xctest */;
			productType = "com.apple.product-type.bundle.unit-test";
		};
		A7CB1C420487F73AFA87FE79 /* AgentPanelCore */ = {
			isa = PBXNativeTarget;
			buildConfigurationList = 32E9F38351DC0AE291F2CD62 /* Build configuration list for PBXNativeTarget "AgentPanelCore" */;
			buildPhases = (
				6871E9BD8CB0909F5BE7B4DC /* Sources */,
				B04714E15DA23EB87A4BEEB2 /* Frameworks */,
			);
			buildRules = (
			);
			dependencies = (
			);
			name = AgentPanelCore;
			packageProductDependencies = (
				DA4BB8B60939EF907169EAD7 /* TOMLDecoder */,
			);
			productName = AgentPanelCore;
			productReference = B89C3DA5AE4025D43AEFF1F6 /* AgentPanelCore.framework */;
			productType = "com.apple.product-type.framework.static";
		};
/* End PBXNativeTarget section */

/* Begin PBXProject section */
		CEFD7A53191D3874EAB41EC5 /* Project object */ = {
			isa = PBXProject;
			attributes = {
				BuildIndependentTargetsInParallel = YES;
				LastUpgradeCheck = 1430;
			};
			buildConfigurationList = 8BAAAE382E80B5C46AF2BB45 /* Build configuration list for PBXProject "AgentPanel" */;
			compatibilityVersion = "Xcode 14.0";
			developmentRegion = en;
			hasScannedForEncodings = 0;
			knownRegions = (
				Base,
				en,
			);
			mainGroup = 30BE42C621FEBBB8B18BAB83;
			minimizedProjectReferenceProxies = 1;
			packageReferences = (
				9853D577A6D83C1E545ED27E /* XCRemoteSwiftPackageReference "TOMLDecoder" */,
			);
			preferredProjectObjectVersion = 77;
			projectDirPath = "";
			projectRoot = "";
			targets = (
				4439FD99CA53EECDBD580533 /* AgentPanel */,
				2F8381DF7F34050D2FD2C718 /* AgentPanelAppKit */,
				083BB4873594ECCE445001A0 /* AgentPanelAppTests */,
				36DBAEFAC32FD041A8308E5F /* AgentPanelCLI */,
				362741CB32D9130FC345A967 /* AgentPanelCLICore */,
				6F9088D4B2D2EDD17FC37383 /* AgentPanelCLITests */,
				A7CB1C420487F73AFA87FE79 /* AgentPanelCore */,
				7BC55D66EEC761B0E70D878C /* AgentPanelCoreTests */,
			);
		};
/* End PBXProject section */

/* Begin PBXResourcesBuildPhase section */
		3D80DB9589795D8CB0C9F592 /* Resources */ = {
			isa = PBXResourcesBuildPhase;
			buildActionMask = 2147483647;
			files = (
				6F76AC8AB0512266AA445965 /* Assets.xcassets in Resources */,
				B3ABC91B62E259753B52F2CC /* aerospace-safe.toml in Resources */,
			);
			runOnlyForDeploymentPostprocessing = 0;
		};
/* End PBXResourcesBuildPhase section */

/* Begin PBXSourcesBuildPhase section */
		123D602003439CCF3D734EFE /* Sources */ = {
			isa = PBXSourcesBuildPhase;
			buildActionMask = 2147483647;
			files = (
				2DA0A01C8AA224575487D65F /* AgentPanelApp.swift in Sources */,
				6C75BE6C1A65316450803073 /* DoctorWindowController.swift in Sources */,
				E8364C94DE1F70EDED7450F8 /* FocusCycleHotkeyManager.swift in Sources */,
				4413AB018182B882C2480E55 /* HotkeyManager.swift in Sources */,
				3EC6F52ECF3A9485D4B86090 /* LaunchAtLoginToggler.swift in Sources */,
				0E7C872B0DF575939D4007A1 /* Onboarding.swift in Sources */,
				BF1E222C54CDED4840AC1950 /* RecoveryProgressController.swift in Sources */,
				19BF83289F336CE2D78500F8 /* SwitcherPanelController.swift in Sources */,
				84F15E4EC8265DEF9D88582C /* SwitcherSession.swift in Sources */,
				085A4D8384A9E683EC9A96DF /* SwitcherViews.swift in Sources */,
				77BE7D11F4059FCE61AD9922 /* WindowCycleOverlayController.swift in Sources */,
				91154669AF8FB7CF054D2961 /* WindowCycleOverlayCoordinator.swift in Sources */,
			);
			runOnlyForDeploymentPostprocessing = 0;
		};
		6529B218C0FD9D3EF0638F81 /* Sources */ = {
			isa = PBXSourcesBuildPhase;
			buildActionMask = 2147483647;
			files = (
				98EF82697836A9BD9ED5E732 /* ApCLI.swift in Sources */,
			);
			runOnlyForDeploymentPostprocessing = 0;
		};
		6871E9BD8CB0909F5BE7B4DC /* Sources */ = {
			isa = PBXSourcesBuildPhase;
			buildActionMask = 2147483647;
			files = (
				FD1E0645C535E9DCD8C9DB88 /* AeroSpaceCircuitBreaker.swift in Sources */,
				255EEB9635EEC2C72CC90C23 /* AeroSpaceConfigManager.swift in Sources */,
				D127B398713F42CD7C4FBF8A /* ApAeroSpace.swift in Sources */,
				A44D8A06EE6BCC913FC8933C /* ChromeTabs.swift in Sources */,
				5141A819B89EBFC8A69B9211 /* Config.swift in Sources */,
				1F6C1865590F67A36D702863 /* DataPaths.swift in Sources */,
				65822A51B623A24EA742CF9C /* Dependencies.swift in Sources */,
				FF90DD97E05DB53306719BAA /* Doctor.swift in Sources */,
				4DCD2D11F2BA5709E38B9233 /* Errors.swift in Sources */,
				2BD9383F76BEA285D638339E /* FocusHistoryStore.swift in Sources */,
				5BFB2B79F4BED5139EB51CC0 /* FuzzyMatcher.swift in Sources */,
				5F2733E6786E0EF79EB6B6F6 /* Identity.swift in Sources */,
				9B6D6AECB2EF1C55CA244748 /* LayoutConfig.swift in Sources */,
				476AD5F6F072D635D7418FAB /* Logger.swift in Sources */,
				0DDF42CE7E81D0B7064840F2 /* ProjectManager.swift in Sources */,
				9A65D206EB28E8E6C9DDEE52 /* SSHHelpers.swift in Sources */,
				F58FB3748B210924E0CCE882 /* ScreenMode.swift in Sources */,
				1C6CBACBED263A63C510AA30 /* SwitcherDismissPolicy.swift in Sources */,
				EBC46BB6BEBE814ED9BCEBA6 /* SwitcherPerformance.swift in Sources */,
				E1A3D5707DC2114E42745583 /* System.swift in Sources */,
				1DA3092146E7E22C7F00842C /* VSCodeColorPalette.swift in Sources */,
				1B92327A065B207386696BC9 /* VSCodeSettingsManager.swift in Sources */,
				2A810B0BCCF033B5CA32CBFA /* WindowCycler.swift in Sources */,
				CDF994CDDB5FCE613AE8D443 /* WindowLayoutEngine.swift in Sources */,
				CAF6B5D9A2628568AF0D0902 /* WindowPositionStore.swift in Sources */,
				2D004103669A5EBBB770F1AF /* WindowRecoveryManager.swift in Sources */,
				A349CF0DF1C14FB19FCA305E /* WorkspaceRouting.swift in Sources */,
			);
			runOnlyForDeploymentPostprocessing = 0;
		};
		7F2BBCE5F7EE446F17A6FAFE /* Sources */ = {
			isa = PBXSourcesBuildPhase;
			buildActionMask = 2147483647;
			files = (
				D015C5E99D778F76C89DE77C /* ApArgumentParserTests.swift in Sources */,
				E44B4536E82CB1EFDB6C8A95 /* ApCLIRunnerTests.swift in Sources */,
			);
			runOnlyForDeploymentPostprocessing = 0;
		};
		91DDA01EDEECF44B13A4E2D0 /* Sources */ = {
			isa = PBXSourcesBuildPhase;
			buildActionMask = 2147483647;
			files = (
				43566340FE259F8F1D18BFB2 /* LaunchAtLoginTogglerTests.swift in Sources */,
				57FBBB4742691FE73CD2DB42 /* SwitcherFocusFlowTests.swift in Sources */,
			);
			runOnlyForDeploymentPostprocessing = 0;
		};
		9621087FD03CAE0C4F0DA55E /* Sources */ = {
			isa = PBXSourcesBuildPhase;
			buildActionMask = 2147483647;
			files = (
				D862975B9DCDDF7FF0493E2F /* AXWindowPositioner.swift in Sources */,
				301CAE1D43D725DBBF3422C0 /* AccessibilityStartupPromptGate.swift in Sources */,
				5DF60C9BEA08A5067E00AEC5 /* AppKitIntegration.swift in Sources */,
				23F7C21E8F26F09A19885CE0 /* DoctorReportRenderer.swift in Sources */,
				6DF6C66F29C57924D15BFECE /* ScreenModeDetector.swift in Sources */,
			);
			runOnlyForDeploymentPostprocessing = 0;
		};
		B7597369949AAA5FDD68A522 /* Sources */ = {
			isa = PBXSourcesBuildPhase;
			buildActionMask = 2147483647;
			files = (
				D45AEBD89ABD7F241DF04CFA /* main.swift in Sources */,
			);
			runOnlyForDeploymentPostprocessing = 0;
		};
		DCE9631F0F5C7AC6E4629E79 /* Sources */ = {
			isa = PBXSourcesBuildPhase;
			buildActionMask = 2147483647;
			files = (
				911B77A51564FA54F939ABA7 /* AccessibilityStartupPromptGateTests.swift in Sources */,
				5E8FD6C4629B985EC54C1326 /* AeroSpaceCircuitBreakerTests.swift in Sources */,
				6C4A9EDCF500AB4F1BC4A80A /* AeroSpaceConfigManagerTests.swift in Sources */,
				E5E94C3AAA17D4A1AB80665D /* AeroSpaceFallbackBehaviorTests.swift in Sources */,
				958F7DB122093EFA8973A0B9 /* AeroSpaceFallbackDecisionTests.swift in Sources */,
				17A33C82BE771A134F5317EC /* AgentLayerLauncherTests.swift in Sources */,
				29DA27D454BB7B4314632482 /* AppConfigTests.swift in Sources */,
				DC1D6772FC0CC83095FB41F2 /* AppKitRunningApplicationCheckerTests.swift in Sources */,
				0A9D9F52EF8359CA874498CC /* ChromeConfigTests.swift in Sources */,
				5FB1D70D002D0F89F4815E61 /* ChromeTabCaptureTests.swift in Sources */,
				6BA2313347BD3CE1A01BCAFB /* ChromeTabResolverTests.swift in Sources */,
				F4D808EF753CD911BCADF9D7 /* ChromeTabStoreTests.swift in Sources */,
				3C956B5C9547AB6A385C1F6F /* ColorValidationTests.swift in Sources */,
				45E7B566EEE1CAC53054EEF4 /* CommandTimeoutTests.swift in Sources */,
				4D56806E02C971D273BD392D /* ConfigLoaderTests.swift in Sources */,
				534C04B714BF962C54E5B19E /* ConfigParserTests.swift in Sources */,
				18F5AE94B0A5B02A2A773CFB /* DataPathsTests.swift in Sources */,
				3D5FED0BD2393E5330E50867 /* DependenciesTests.swift in Sources */,
				521329AD085C9ED2DAA84EE9 /* DoctorCoverageTests.swift in Sources */,
				54883B3027C7CFE210B9EB40 /* DoctorReportRendererTests.swift in Sources */,
				12346D4F33A1FB23A5C18AC4 /* DoctorReportRenderingTests.swift in Sources */,
				F9B3F3241C29CD9386229E1D /* DoctorSSHTests.swift in Sources */,
				0563D807E75A5AAA485BE4DA /* ErrorContextTests.swift in Sources */,
				2EBFE28DAE0CC309DC9075C6 /* ExecutableResolverTests.swift in Sources */,
				5809D0E1DCD96BB407B71026 /* FocusStackTests.swift in Sources */,
				C3F2BD681D26627581FBF46C /* FuzzyMatcherTests.swift in Sources */,
				7BE9E07FA842E9FAA46EA5E1 /* GitRemoteResolverTests.swift in Sources */,
				4BEAC9E4D73D84ACB7685E6B /* IdNormalizationTests.swift in Sources */,
				EEB19B9530C35E462BA6BA67 /* LayoutConfigParserTests.swift in Sources */,
				01D51833F3464779361E5EE1 /* LoggerTests.swift in Sources */,
				08382A3C82BA6B765B7A4DEC /* ProjectManagerChromeTabTests.swift in Sources */,
				F70E3D73FE0AC52B55112104 /* ProjectManagerCoverageTests.swift in Sources */,
				543ACE1A1244E0DCA561CD2A /* ProjectManagerEdgeCaseTests.swift in Sources */,
				56B26A435481E1186740AA94 /* ProjectManagerFocusHistoryPersistenceTests.swift in Sources */,
				12C912FD7B0796498A203261 /* ProjectManagerFocusTests.swift in Sources */,
				483837094975998B931C20D2 /* ProjectManagerLogEventNameTests.swift in Sources */,
				1325732BFCF73BD99A935A17 /* ProjectManagerMoveWindowTests.swift in Sources */,
				F3C23C4523D8FBC71F2C0A40 /* ProjectManagerOpenProjectIdsTests.swift in Sources */,
				A22FFCC30437BD8FA3FFF5A9 /* ProjectManagerWindowPositionTests.swift in Sources */,
				629C70BE0A769CE6A0F013CD /* SwitcherDismissPolicyTests.swift in Sources */,
				19B20766AE66049832E7D5CB /* SwitcherPerformanceTests.swift in Sources */,
				22D51BBD2143AD77D6B77FC2 /* SystemCommandRunnerTests.swift in Sources */,
				E14DFFA0BA6AE37F217EE45F /* UTCTimestampTests.swift in Sources */,
				3BD2378907414DE0E558745A /* VSCodeColorPaletteTests.swift in Sources */,
				7FD3930962ACAD6D46827DF1 /* VSCodeSSHWorkspaceTests.swift in Sources */,
				D3A05C3FAF2D8486A3DD83E0 /* VSCodeSettingsManagerRemoteTests.swift in Sources */,
				DB4DD95E24CF9477ABF998C6 /* VSCodeSettingsManagerTests.swift in Sources */,
				A7641C8A8322AA751664EF90 /* WindowCyclerTests.swift in Sources */,
				BB907D2FC7E1CB321CA7B0BB /* WindowLayoutEngineTests.swift in Sources */,
				5A38C0E2215EE3E213500018 /* WindowPositionStoreTests.swift in Sources */,
				7026D536055667A8B78770E5 /* WindowRecoveryManagerTests.swift in Sources */,
				562C6716865A76BE638FC9A0 /* WorkspaceRoutingTests.swift in Sources */,
			);
			runOnlyForDeploymentPostprocessing = 0;
		};
/* End PBXSourcesBuildPhase section */

/* Begin PBXTargetDependency section */
		137EE5EA62EE27C5FA7717B5 /* PBXTargetDependency */ = {
			isa = PBXTargetDependency;
			target = 2F8381DF7F34050D2FD2C718 /* AgentPanelAppKit */;
			targetProxy = 67F0E5CE0986CFD5DC23B358 /* PBXContainerItemProxy */;
		};
		2178D377C0F1461F856AFBB4 /* PBXTargetDependency */ = {
			isa = PBXTargetDependency;
			target = A7CB1C420487F73AFA87FE79 /* AgentPanelCore */;
			targetProxy = F36E7EA41FCBD0F9F51EE9D2 /* PBXContainerItemProxy */;
		};
		21B0F7EB94E6C42F811ABA38 /* PBXTargetDependency */ = {
			isa = PBXTargetDependency;
			target = A7CB1C420487F73AFA87FE79 /* AgentPanelCore */;
			targetProxy = 10FD68FD651A7897413FDA0B /* PBXContainerItemProxy */;
		};
		2378E7D897904799654659AF /* PBXTargetDependency */ = {
			isa = PBXTargetDependency;
			target = 362741CB32D9130FC345A967 /* AgentPanelCLICore */;
			targetProxy = 3F1878BA3BDAEC5C7A696632 /* PBXContainerItemProxy */;
		};
		2C5D287C2972757A3BE6CBFC /* PBXTargetDependency */ = {
			isa = PBXTargetDependency;
			target = 2F8381DF7F34050D2FD2C718 /* AgentPanelAppKit */;
			targetProxy = A660BDFEF34CA67F5D028864 /* PBXContainerItemProxy */;
		};
		467E7CA8D59D11EF94608644 /* PBXTargetDependency */ = {
			isa = PBXTargetDependency;
			target = 362741CB32D9130FC345A967 /* AgentPanelCLICore */;
			targetProxy = 3E46891076CC8FFC2BEA6703 /* PBXContainerItemProxy */;
		};
		5918210A0168C37769370092 /* PBXTargetDependency */ = {
			isa = PBXTargetDependency;
			target = 2F8381DF7F34050D2FD2C718 /* AgentPanelAppKit */;
			targetProxy = 6CDFFA76D72DA1EBEE530D93 /* PBXContainerItemProxy */;
		};
		87E1480619AAB8AE8B8127D4 /* PBXTargetDependency */ = {
			isa = PBXTargetDependency;
			target = 2F8381DF7F34050D2FD2C718 /* AgentPanelAppKit */;
			targetProxy = ACAAFF862286626C09AC6A29 /* PBXContainerItemProxy */;
		};
		A0A3DEF608957F6D5CA5E957 /* PBXTargetDependency */ = {
			isa = PBXTargetDependency;
			target = A7CB1C420487F73AFA87FE79 /* AgentPanelCore */;
			targetProxy = 70D1A0EB65E11162C148D0C5 /* PBXContainerItemProxy */;
		};
		A6D8CDD23FC38AF5CF0FC0C4 /* PBXTargetDependency */ = {
			isa = PBXTargetDependency;
			target = A7CB1C420487F73AFA87FE79 /* AgentPanelCore */;
			targetProxy = 4069C0A234E1051FFAD198E8 /* PBXContainerItemProxy */;
		};
		B56514A8D78923F6DB5EE630 /* PBXTargetDependency */ = {
			isa = PBXTargetDependency;
			target = A7CB1C420487F73AFA87FE79 /* AgentPanelCore */;
			targetProxy = FAAEE4D65E9199D61ECF6822 /* PBXContainerItemProxy */;
		};
		CCC2568E2AE59EF79D603B39 /* PBXTargetDependency */ = {
			isa = PBXTargetDependency;
			target = 4439FD99CA53EECDBD580533 /* AgentPanel */;
			targetProxy = 5F95EF221A2EF43E0711FC49 /* PBXContainerItemProxy */;
		};
		D2ADF6755E02DF74B5268BC6 /* PBXTargetDependency */ = {
			isa = PBXTargetDependency;
			target = A7CB1C420487F73AFA87FE79 /* AgentPanelCore */;
			targetProxy = 9E807B638BE525B650862936 /* PBXContainerItemProxy */;
		};
		FCA1440E12CA5B2B4BA7805A /* PBXTargetDependency */ = {
			isa = PBXTargetDependency;
			target = A7CB1C420487F73AFA87FE79 /* AgentPanelCore */;
			targetProxy = C52ADF2852F0AFC1776D76DB /* PBXContainerItemProxy */;
		};
/* End PBXTargetDependency section */

/* Begin XCBuildConfiguration section */
		0BB0BF911580894ECEE047C6 /* Debug */ = {
			isa = XCBuildConfiguration;
			buildSettings = {
				CODE_SIGN_IDENTITY = "";
				COMBINE_HIDPI_IMAGES = YES;
				CURRENT_PROJECT_VERSION = 1;
				DEFINES_MODULE = YES;
				DYLIB_COMPATIBILITY_VERSION = 1;
				DYLIB_CURRENT_VERSION = 1;
				DYLIB_INSTALL_NAME_BASE = "@rpath";
				GENERATE_INFOPLIST_FILE = YES;
				INSTALL_PATH = "$(LOCAL_LIBRARY_DIR)/Frameworks";
				LD_RUNPATH_SEARCH_PATHS = (
					"$(inherited)",
					"@executable_path/../Frameworks",
				);
				PRODUCT_BUNDLE_IDENTIFIER = com.agentpanel.AgentPanelCore;
				SDKROOT = macosx;
				SKIP_INSTALL = YES;
				VERSIONING_SYSTEM = "apple-generic";
			};
			name = Debug;
		};
		20DEDC063AD5E9098A463F2C /* Release */ = {
			isa = XCBuildConfiguration;
			buildSettings = {
				ASSETCATALOG_COMPILER_APPICON_NAME = AppIcon;
				CODE_SIGN_ENTITLEMENTS = release/AgentPanel.entitlements;
				CODE_SIGN_IDENTITY = "Developer ID Application";
				CODE_SIGN_STYLE = Manual;
				COMBINE_HIDPI_IMAGES = YES;
				CURRENT_PROJECT_VERSION = 9;
				ENABLE_HARDENED_RUNTIME = YES;
				INFOPLIST_FILE = AgentPanelApp/Info.plist;
				LD_RUNPATH_SEARCH_PATHS = (
					"$(inherited)",
					"@executable_path/../Frameworks",
				);
				MARKETING_VERSION = 0.1.10;
				PRODUCT_BUNDLE_IDENTIFIER = com.agentpanel.AgentPanel;
				PRODUCT_NAME = AgentPanel;
				SDKROOT = macosx;
			};
			name = Release;
		};
		231242DB62F75D069A138F58 /* Debug */ = {
			isa = XCBuildConfiguration;
			buildSettings = {
				CODE_SIGN_IDENTITY = "";
				COMBINE_HIDPI_IMAGES = YES;
				CURRENT_PROJECT_VERSION = 1;
				DEFINES_MODULE = YES;
				DYLIB_COMPATIBILITY_VERSION = 1;
				DYLIB_CURRENT_VERSION = 1;
				DYLIB_INSTALL_NAME_BASE = "@rpath";
				GENERATE_INFOPLIST_FILE = YES;
				INSTALL_PATH = "$(LOCAL_LIBRARY_DIR)/Frameworks";
				LD_RUNPATH_SEARCH_PATHS = (
					"$(inherited)",
					"@executable_path/../Frameworks",
				);
				PRODUCT_BUNDLE_IDENTIFIER = com.agentpanel.AgentPanelAppKit;
				SDKROOT = macosx;
				SKIP_INSTALL = YES;
				VERSIONING_SYSTEM = "apple-generic";
			};
			name = Debug;
		};
		4557E800E811B98730D12E7F /* Debug */ = {
			isa = XCBuildConfiguration;
			buildSettings = {
				BUNDLE_LOADER = "$(TEST_HOST)";
				COMBINE_HIDPI_IMAGES = YES;
				GENERATE_INFOPLIST_FILE = YES;
				LD_RUNPATH_SEARCH_PATHS = (
					"$(inherited)",
					"@executable_path/../Frameworks",
					"@loader_path/../Frameworks",
				);
				PRODUCT_BUNDLE_IDENTIFIER = com.agentpanel.AgentPanelCoreTests;
				SDKROOT = macosx;
			};
			name = Debug;
		};
		5CAF0BACC6BBE53B0E126BE2 /* Release */ = {
			isa = XCBuildConfiguration;
			buildSettings = {
				BUNDLE_LOADER = "$(TEST_HOST)";
				COMBINE_HIDPI_IMAGES = YES;
				GENERATE_INFOPLIST_FILE = YES;
				LD_RUNPATH_SEARCH_PATHS = (
					"$(inherited)",
					"@executable_path/../Frameworks",
					"@loader_path/../Frameworks",
				);
				PRODUCT_BUNDLE_IDENTIFIER = com.agentpanel.AgentPanelAppTests;
				SDKROOT = macosx;
				TEST_HOST = "$(BUILT_PRODUCTS_DIR)/AgentPanel.app/Contents/MacOS/AgentPanel";
			};
			name = Release;
		};
		71E328B284943EBF83C92403 /* Release */ = {
			isa = XCBuildConfiguration;
			buildSettings = {
				CODE_SIGN_IDENTITY = "";
				COMBINE_HIDPI_IMAGES = YES;
				CURRENT_PROJECT_VERSION = 1;
				DEFINES_MODULE = YES;
				DYLIB_COMPATIBILITY_VERSION = 1;
				DYLIB_CURRENT_VERSION = 1;
				DYLIB_INSTALL_NAME_BASE = "@rpath";
				GENERATE_INFOPLIST_FILE = YES;
				INSTALL_PATH = "$(LOCAL_LIBRARY_DIR)/Frameworks";
				LD_RUNPATH_SEARCH_PATHS = (
					"$(inherited)",
					"@executable_path/../Frameworks",
				);
				PRODUCT_BUNDLE_IDENTIFIER = com.agentpanel.AgentPanelCLICore;
				SDKROOT = macosx;
				SKIP_INSTALL = YES;
				VERSIONING_SYSTEM = "apple-generic";
			};
			name = Release;
		};
		9CCDC528B5ACE20FD781365A /* Release */ = {
			isa = XCBuildConfiguration;
			buildSettings = {
				BUNDLE_LOADER = "$(TEST_HOST)";
				COMBINE_HIDPI_IMAGES = YES;
				GENERATE_INFOPLIST_FILE = YES;
				LD_RUNPATH_SEARCH_PATHS = (
					"$(inherited)",
					"@executable_path/../Frameworks",
					"@loader_path/../Frameworks",
				);
				PRODUCT_BUNDLE_IDENTIFIER = com.agentpanel.AgentPanelCoreTests;
				SDKROOT = macosx;
			};
			name = Release;
		};
		9D72C333CD2805A410229AFD /* Debug */ = {
			isa = XCBuildConfiguration;
			buildSettings = {
				ASSETCATALOG_COMPILER_APPICON_NAME = AppIcon;
				CODE_SIGN_ENTITLEMENTS = release/AgentPanel.entitlements;
				COMBINE_HIDPI_IMAGES = YES;
				CURRENT_PROJECT_VERSION = 9;
				INFOPLIST_FILE = AgentPanelApp/Info.plist;
				LD_RUNPATH_SEARCH_PATHS = (
					"$(inherited)",
					"@executable_path/../Frameworks",
				);
				MARKETING_VERSION = 0.1.10;
				PRODUCT_BUNDLE_IDENTIFIER = com.agentpanel.AgentPanel;
				PRODUCT_NAME = AgentPanel;
				SDKROOT = macosx;
			};
			name = Debug;
		};
		AB6EFA7BB31A4389D5B76F88 /* Debug */ = {
			isa = XCBuildConfiguration;
			buildSettings = {
				BUNDLE_LOADER = "$(TEST_HOST)";
				COMBINE_HIDPI_IMAGES = YES;
				GENERATE_INFOPLIST_FILE = YES;
				LD_RUNPATH_SEARCH_PATHS = (
					"$(inherited)",
					"@executable_path/../Frameworks",
					"@loader_path/../Frameworks",
				);
				PRODUCT_BUNDLE_IDENTIFIER = com.agentpanel.AgentPanelAppTests;
				SDKROOT = macosx;
				TEST_HOST = "$(BUILT_PRODUCTS_DIR)/AgentPanel.app/Contents/MacOS/AgentPanel";
			};
			name = Debug;
		};
		B6C0A8C4CBCA956E893A9EB8 /* Debug */ = {
			isa = XCBuildConfiguration;
			buildSettings = {
				COMBINE_HIDPI_IMAGES = YES;
				LD_RUNPATH_SEARCH_PATHS = (
					"$(inherited)",
					"@executable_path/../Frameworks",
				);
				PRODUCT_BUNDLE_IDENTIFIER = com.agentpanel.AgentPanelCLI;
				PRODUCT_NAME = ap;
				SDKROOT = macosx;
			};
			name = Debug;
		};
		BC65E0E78FB1A1A05A26A694 /* Debug */ = {
			isa = XCBuildConfiguration;
			buildSettings = {
				ALWAYS_SEARCH_USER_PATHS = NO;
				CLANG_ANALYZER_NONNULL = YES;
				CLANG_ANALYZER_NUMBER_OBJECT_CONVERSION = YES_AGGRESSIVE;
				CLANG_CXX_LANGUAGE_STANDARD = "gnu++14";
				CLANG_CXX_LIBRARY = "libc++";
				CLANG_ENABLE_MODULES = YES;
				CLANG_ENABLE_OBJC_ARC = YES;
				CLANG_ENABLE_OBJC_WEAK = YES;
				CLANG_WARN_BLOCK_CAPTURE_AUTORELEASING = YES;
				CLANG_WARN_BOOL_CONVERSION = YES;
				CLANG_WARN_COMMA = YES;
				CLANG_WARN_CONSTANT_CONVERSION = YES;
				CLANG_WARN_DEPRECATED_OBJC_IMPLEMENTATIONS = YES;
				CLANG_WARN_DIRECT_OBJC_ISA_USAGE = YES_ERROR;
				CLANG_WARN_DOCUMENTATION_COMMENTS = YES;
				CLANG_WARN_EMPTY_BODY = YES;
				CLANG_WARN_ENUM_CONVERSION = YES;
				CLANG_WARN_INFINITE_RECURSION = YES;
				CLANG_WARN_INT_CONVERSION = YES;
				CLANG_WARN_NON_LITERAL_NULL_CONVERSION = YES;
				CLANG_WARN_OBJC_IMPLICIT_RETAIN_SELF = YES;
				CLANG_WARN_OBJC_LITERAL_CONVERSION = YES;
				CLANG_WARN_OBJC_ROOT_CLASS = YES_ERROR;
				CLANG_WARN_QUOTED_INCLUDE_IN_FRAMEWORK_HEADER = YES;
				CLANG_WARN_RANGE_LOOP_ANALYSIS = YES;
				CLANG_WARN_STRICT_PROTOTYPES = YES;
				CLANG_WARN_SUSPICIOUS_MOVE = YES;
				CLANG_WARN_UNGUARDED_AVAILABILITY = YES_AGGRESSIVE;
				CLANG_WARN_UNREACHABLE_CODE = YES;
				CLANG_WARN__DUPLICATE_METHOD_MATCH = YES;
				COPY_PHASE_STRIP = NO;
				DEBUG_INFORMATION_FORMAT = dwarf;
				ENABLE_STRICT_OBJC_MSGSEND = YES;
				ENABLE_TESTABILITY = YES;
				GCC_C_LANGUAGE_STANDARD = gnu11;
				GCC_DYNAMIC_NO_PIC = NO;
				GCC_NO_COMMON_BLOCKS = YES;
				GCC_OPTIMIZATION_LEVEL = 0;
				GCC_PREPROCESSOR_DEFINITIONS = (
					"$(inherited)",
					"DEBUG=1",
				);
				GCC_WARN_64_TO_32_BIT_CONVERSION = YES;
				GCC_WARN_ABOUT_RETURN_TYPE = YES_ERROR;
				GCC_WARN_UNDECLARED_SELECTOR = YES;
				GCC_WARN_UNINITIALIZED_AUTOS = YES_AGGRESSIVE;
				GCC_WARN_UNUSED_FUNCTION = YES;
				GCC_WARN_UNUSED_VARIABLE = YES;
				MACOSX_DEPLOYMENT_TARGET = 15.7;
				MTL_ENABLE_DEBUG_INFO = INCLUDE_SOURCE;
				MTL_FAST_MATH = YES;
				ONLY_ACTIVE_ARCH = YES;
				PRODUCT_NAME = "$(TARGET_NAME)";
				SDKROOT = macosx;
				SWIFT_ACTIVE_COMPILATION_CONDITIONS = DEBUG;
				SWIFT_OPTIMIZATION_LEVEL = "-Onone";
				SWIFT_VERSION = 5.0;
			};
			name = Debug;
		};
		BCB0463D08B8C4A69DD75A90 /* Release */ = {
			isa = XCBuildConfiguration;
			buildSettings = {
				CODE_SIGN_IDENTITY = "Developer ID Application";
				CODE_SIGN_STYLE = Manual;
				COMBINE_HIDPI_IMAGES = YES;
				ENABLE_HARDENED_RUNTIME = YES;
				LD_RUNPATH_SEARCH_PATHS = (
					"$(inherited)",
					"@executable_path/../Frameworks",
				);
				PRODUCT_BUNDLE_IDENTIFIER = com.agentpanel.AgentPanelCLI;
				PRODUCT_NAME = ap;
				SDKROOT = macosx;
			};
			name = Release;
		};
		C0041D0C687E1DC6CCB47635 /* Debug */ = {
			isa = XCBuildConfiguration;
			buildSettings = {
				CODE_SIGN_IDENTITY = "";
				COMBINE_HIDPI_IMAGES = YES;
				CURRENT_PROJECT_VERSION = 1;
				DEFINES_MODULE = YES;
				DYLIB_COMPATIBILITY_VERSION = 1;
				DYLIB_CURRENT_VERSION = 1;
				DYLIB_INSTALL_NAME_BASE = "@rpath";
				GENERATE_INFOPLIST_FILE = YES;
				INSTALL_PATH = "$(LOCAL_LIBRARY_DIR)/Frameworks";
				LD_RUNPATH_SEARCH_PATHS = (
					"$(inherited)",
					"@executable_path/../Frameworks",
				);
				PRODUCT_BUNDLE_IDENTIFIER = com.agentpanel.AgentPanelCLICore;
				SDKROOT = macosx;
				SKIP_INSTALL = YES;
				VERSIONING_SYSTEM = "apple-generic";
			};
			name = Debug;
		};
		C0230B525240D894C4FC0632 /* Release */ = {
			isa = XCBuildConfiguration;
			buildSettings = {
				BUNDLE_LOADER = "$(TEST_HOST)";
				COMBINE_HIDPI_IMAGES = YES;
				GENERATE_INFOPLIST_FILE = YES;
				LD_RUNPATH_SEARCH_PATHS = (
					"$(inherited)",
					"@executable_path/../Frameworks",
					"@loader_path/../Frameworks",
				);
				PRODUCT_BUNDLE_IDENTIFIER = com.agentpanel.AgentPanelCLITests;
				SDKROOT = macosx;
			};
			name = Release;
		};
		CE423E08720400E345F1412F /* Debug */ = {
			isa = XCBuildConfiguration;
			buildSettings = {
				BUNDLE_LOADER = "$(TEST_HOST)";
				COMBINE_HIDPI_IMAGES = YES;
				GENERATE_INFOPLIST_FILE = YES;
				LD_RUNPATH_SEARCH_PATHS = (
					"$(inherited)",
					"@executable_path/../Frameworks",
					"@loader_path/../Frameworks",
				);
				PRODUCT_BUNDLE_IDENTIFIER = com.agentpanel.AgentPanelCLITests;
				SDKROOT = macosx;
			};
			name = Debug;
		};
		E0B798A07E8021BB5CA85A78 /* Release */ = {
			isa = XCBuildConfiguration;
			buildSettings = {
				CODE_SIGN_IDENTITY = "";
				COMBINE_HIDPI_IMAGES = YES;
				CURRENT_PROJECT_VERSION = 1;
				DEFINES_MODULE = YES;
				DYLIB_COMPATIBILITY_VERSION = 1;
				DYLIB_CURRENT_VERSION = 1;
				DYLIB_INSTALL_NAME_BASE = "@rpath";
				GENERATE_INFOPLIST_FILE = YES;
				INSTALL_PATH = "$(LOCAL_LIBRARY_DIR)/Frameworks";
				LD_RUNPATH_SEARCH_PATHS = (
					"$(inherited)",
					"@executable_path/../Frameworks",
				);
				PRODUCT_BUNDLE_IDENTIFIER = com.agentpanel.AgentPanelCore;
				SDKROOT = macosx;
				SKIP_INSTALL = YES;
				VERSIONING_SYSTEM = "apple-generic";
			};
			name = Release;
		};
		EB7E573087C85B5FA8CFF828 /* Release */ = {
			isa = XCBuildConfiguration;
			buildSettings = {
				CODE_SIGN_IDENTITY = "";
				COMBINE_HIDPI_IMAGES = YES;
				CURRENT_PROJECT_VERSION = 1;
				DEFINES_MODULE = YES;
				DYLIB_COMPATIBILITY_VERSION = 1;
				DYLIB_CURRENT_VERSION = 1;
				DYLIB_INSTALL_NAME_BASE = "@rpath";
				GENERATE_INFOPLIST_FILE = YES;
				INSTALL_PATH = "$(LOCAL_LIBRARY_DIR)/Frameworks";
				LD_RUNPATH_SEARCH_PATHS = (
					"$(inherited)",
					"@executable_path/../Frameworks",
				);
				PRODUCT_BUNDLE_IDENTIFIER = com.agentpanel.AgentPanelAppKit;
				SDKROOT = macosx;
				SKIP_INSTALL = YES;
				VERSIONING_SYSTEM = "apple-generic";
			};
			name = Release;
		};
		ECAFB01A8A0BF5B0F380BE73 /* Release */ = {
			isa = XCBuildConfiguration;
			buildSettings = {
				ALWAYS_SEARCH_USER_PATHS = NO;
				CLANG_ANALYZER_NONNULL = YES;
				CLANG_ANALYZER_NUMBER_OBJECT_CONVERSION = YES_AGGRESSIVE;
				CLANG_CXX_LANGUAGE_STANDARD = "gnu++14";
				CLANG_CXX_LIBRARY = "libc++";
				CLANG_ENABLE_MODULES = YES;
				CLANG_ENABLE_OBJC_ARC = YES;
				CLANG_ENABLE_OBJC_WEAK = YES;
				CLANG_WARN_BLOCK_CAPTURE_AUTORELEASING = YES;
				CLANG_WARN_BOOL_CONVERSION = YES;
				CLANG_WARN_COMMA = YES;
				CLANG_WARN_CONSTANT_CONVERSION = YES;
				CLANG_WARN_DEPRECATED_OBJC_IMPLEMENTATIONS = YES;
				CLANG_WARN_DIRECT_OBJC_ISA_USAGE = YES_ERROR;
				CLANG_WARN_DOCUMENTATION_COMMENTS = YES;
				CLANG_WARN_EMPTY_BODY = YES;
				CLANG_WARN_ENUM_CONVERSION = YES;
				CLANG_WARN_INFINITE_RECURSION = YES;
				CLANG_WARN_INT_CONVERSION = YES;
				CLANG_WARN_NON_LITERAL_NULL_CONVERSION = YES;
				CLANG_WARN_OBJC_IMPLICIT_RETAIN_SELF = YES;
				CLANG_WARN_OBJC_LITERAL_CONVERSION = YES;
				CLANG_WARN_OBJC_ROOT_CLASS = YES_ERROR;
				CLANG_WARN_QUOTED_INCLUDE_IN_FRAMEWORK_HEADER = YES;
				CLANG_WARN_RANGE_LOOP_ANALYSIS = YES;
				CLANG_WARN_STRICT_PROTOTYPES = YES;
				CLANG_WARN_SUSPICIOUS_MOVE = YES;
				CLANG_WARN_UNGUARDED_AVAILABILITY = YES_AGGRESSIVE;
				CLANG_WARN_UNREACHABLE_CODE = YES;
				CLANG_WARN__DUPLICATE_METHOD_MATCH = YES;
				COPY_PHASE_STRIP = NO;
				DEBUG_INFORMATION_FORMAT = "dwarf-with-dsym";
				ENABLE_NS_ASSERTIONS = NO;
				ENABLE_STRICT_OBJC_MSGSEND = YES;
				GCC_C_LANGUAGE_STANDARD = gnu11;
				GCC_NO_COMMON_BLOCKS = YES;
				GCC_WARN_64_TO_32_BIT_CONVERSION = YES;
				GCC_WARN_ABOUT_RETURN_TYPE = YES_ERROR;
				GCC_WARN_UNDECLARED_SELECTOR = YES;
				GCC_WARN_UNINITIALIZED_AUTOS = YES_AGGRESSIVE;
				GCC_WARN_UNUSED_FUNCTION = YES;
				GCC_WARN_UNUSED_VARIABLE = YES;
				MACOSX_DEPLOYMENT_TARGET = 15.7;
				MTL_ENABLE_DEBUG_INFO = NO;
				MTL_FAST_MATH = YES;
				PRODUCT_NAME = "$(TARGET_NAME)";
				SDKROOT = macosx;
				SWIFT_COMPILATION_MODE = wholemodule;
				SWIFT_OPTIMIZATION_LEVEL = "-O";
				SWIFT_VERSION = 5.0;
			};
			name = Release;
		};
/* End XCBuildConfiguration section */

/* Begin XCConfigurationList section */
		01A1ABC7A1A8ABD023B3AE5C /* Build configuration list for PBXNativeTarget "AgentPanelCLI" */ = {
			isa = XCConfigurationList;
			buildConfigurations = (
				B6C0A8C4CBCA956E893A9EB8 /* Debug */,
				BCB0463D08B8C4A69DD75A90 /* Release */,
			);
			defaultConfigurationIsVisible = 0;
			defaultConfigurationName = Debug;
		};
		1141909B96B1DD8585AFE0ED /* Build configuration list for PBXNativeTarget "AgentPanelCLITests" */ = {
			isa = XCConfigurationList;
			buildConfigurations = (
				CE423E08720400E345F1412F /* Debug */,
				C0230B525240D894C4FC0632 /* Release */,
			);
			defaultConfigurationIsVisible = 0;
			defaultConfigurationName = Debug;
		};
		1E3D8339606ADE8A4B645774 /* Build configuration list for PBXNativeTarget "AgentPanelAppTests" */ = {
			isa = XCConfigurationList;
			buildConfigurations = (
				AB6EFA7BB31A4389D5B76F88 /* Debug */,
				5CAF0BACC6BBE53B0E126BE2 /* Release */,
			);
			defaultConfigurationIsVisible = 0;
			defaultConfigurationName = Debug;
		};
		241B0C96796C910AD2A14C61 /* Build configuration list for PBXNativeTarget "AgentPanelCLICore" */ = {
			isa = XCConfigurationList;
			buildConfigurations = (
				C0041D0C687E1DC6CCB47635 /* Debug */,
				71E328B284943EBF83C92403 /* Release */,
			);
			defaultConfigurationIsVisible = 0;
			defaultConfigurationName = Debug;
		};
		32E9F38351DC0AE291F2CD62 /* Build configuration list for PBXNativeTarget "AgentPanelCore" */ = {
			isa = XCConfigurationList;
			buildConfigurations = (
				0BB0BF911580894ECEE047C6 /* Debug */,
				E0B798A07E8021BB5CA85A78 /* Release */,
			);
			defaultConfigurationIsVisible = 0;
			defaultConfigurationName = Debug;
		};
		5B3F156798D9B734C5A05AB3 /* Build configuration list for PBXNativeTarget "AgentPanelAppKit" */ = {
			isa = XCConfigurationList;
			buildConfigurations = (
				231242DB62F75D069A138F58 /* Debug */,
				EB7E573087C85B5FA8CFF828 /* Release */,
			);
			defaultConfigurationIsVisible = 0;
			defaultConfigurationName = Debug;
		};
		5E0D620F87B3048326AA6EB0 /* Build configuration list for PBXNativeTarget "AgentPanel" */ = {
			isa = XCConfigurationList;
			buildConfigurations = (
				9D72C333CD2805A410229AFD /* Debug */,
				20DEDC063AD5E9098A463F2C /* Release */,
			);
			defaultConfigurationIsVisible = 0;
			defaultConfigurationName = Debug;
		};
		7454D11952BC0CF7BDEC53D4 /* Build configuration list for PBXNativeTarget "AgentPanelCoreTests" */ = {
			isa = XCConfigurationList;
			buildConfigurations = (
				4557E800E811B98730D12E7F /* Debug */,
				9CCDC528B5ACE20FD781365A /* Release */,
			);
			defaultConfigurationIsVisible = 0;
			defaultConfigurationName = Debug;
		};
		8BAAAE382E80B5C46AF2BB45 /* Build configuration list for PBXProject "AgentPanel" */ = {
			isa = XCConfigurationList;
			buildConfigurations = (
				BC65E0E78FB1A1A05A26A694 /* Debug */,
				ECAFB01A8A0BF5B0F380BE73 /* Release */,
			);
			defaultConfigurationIsVisible = 0;
			defaultConfigurationName = Debug;
		};
/* End XCConfigurationList section */

/* Begin XCRemoteSwiftPackageReference section */
		9853D577A6D83C1E545ED27E /* XCRemoteSwiftPackageReference "TOMLDecoder" */ = {
			isa = XCRemoteSwiftPackageReference;
			repositoryURL = "https://github.com/dduan/TOMLDecoder";
			requirement = {
				kind = exactVersion;
				version = 0.4.3;
			};
		};
/* End XCRemoteSwiftPackageReference section */

/* Begin XCSwiftPackageProductDependency section */
		0E60CCC0BD2692263397D122 /* TOMLDecoder */ = {
			isa = XCSwiftPackageProductDependency;
			package = 9853D577A6D83C1E545ED27E /* XCRemoteSwiftPackageReference "TOMLDecoder" */;
			productName = TOMLDecoder;
		};
		1DD44D941F769ACBCEB6C63F /* TOMLDecoder */ = {
			isa = XCSwiftPackageProductDependency;
			package = 9853D577A6D83C1E545ED27E /* XCRemoteSwiftPackageReference "TOMLDecoder" */;
			productName = TOMLDecoder;
		};
		32AABCDA8E094E52F9B718B4 /* TOMLDecoder */ = {
			isa = XCSwiftPackageProductDependency;
			package = 9853D577A6D83C1E545ED27E /* XCRemoteSwiftPackageReference "TOMLDecoder" */;
			productName = TOMLDecoder;
		};
		AB044C34092747E5175D98FA /* TOMLDecoder */ = {
			isa = XCSwiftPackageProductDependency;
			package = 9853D577A6D83C1E545ED27E /* XCRemoteSwiftPackageReference "TOMLDecoder" */;
			productName = TOMLDecoder;
		};
		BDB5BEA283FCCF7063B76969 /* TOMLDecoder */ = {
			isa = XCSwiftPackageProductDependency;
			package = 9853D577A6D83C1E545ED27E /* XCRemoteSwiftPackageReference "TOMLDecoder" */;
			productName = TOMLDecoder;
		};
		DA4BB8B60939EF907169EAD7 /* TOMLDecoder */ = {
			isa = XCSwiftPackageProductDependency;
			package = 9853D577A6D83C1E545ED27E /* XCRemoteSwiftPackageReference "TOMLDecoder" */;
			productName = TOMLDecoder;
		};
/* End XCSwiftPackageProductDependency section */
	};
	rootObject = CEFD7A53191D3874EAB41EC5 /* Project object */;
}
