// !$*UTF8*$!
{
	archiveVersion = 1;
	classes = {
	};
	objectVersion = 77;
	objects = {

/* Begin PBXBuildFile section */
		085A4D8384A9E683EC9A96DF /* SwitcherViews.swift in Sources */ = {isa = PBXBuildFile; fileRef = F24303F28EF85E8A9BFB7CF5 /* SwitcherViews.swift */; };
		0CC7C30ED18250F29ED6809B /* AgentPanelCore.framework in Frameworks */ = {isa = PBXBuildFile; fileRef = B89C3DA5AE4025D43AEFF1F6 /* AgentPanelCore.framework */; };
		0E7C872B0DF575939D4007A1 /* Onboarding.swift in Sources */ = {isa = PBXBuildFile; fileRef = B2C1E7F1518F5E6C6CFF485E /* Onboarding.swift */; };
		19BF83289F336CE2D78500F8 /* SwitcherPanelController.swift in Sources */ = {isa = PBXBuildFile; fileRef = D21615802A92C43F906F41D5 /* SwitcherPanelController.swift */; };
		255EEB9635EEC2C72CC90C23 /* AeroSpaceConfigManager.swift in Sources */ = {isa = PBXBuildFile; fileRef = 351268AE41E22F84F634BF7F /* AeroSpaceConfigManager.swift */; };
		2DA0A01C8AA224575487D65F /* AgentPanelApp.swift in Sources */ = {isa = PBXBuildFile; fileRef = 33011E68C3F32399FC4A5408 /* AgentPanelApp.swift */; };
		32FBBCDCF33A59ED38D1B074 /* Paths.swift in Sources */ = {isa = PBXBuildFile; fileRef = E3117769DC1E95BB021E391A /* Paths.swift */; };
		3CD536BD167B8DF6493C8EB7 /* ApCore.swift in Sources */ = {isa = PBXBuildFile; fileRef = 7D00F1D0832017A54995EE51 /* ApCore.swift */; };
		4413AB018182B882C2480E55 /* HotkeyManager.swift in Sources */ = {isa = PBXBuildFile; fileRef = D6015F4E5793AFDC8F7DF575 /* HotkeyManager.swift */; };
		476AD5F6F072D635D7418FAB /* Logger.swift in Sources */ = {isa = PBXBuildFile; fileRef = 9E0C3DAA0280728917003498 /* Logger.swift */; };
		4DCD2D11F2BA5709E38B9233 /* Errors.swift in Sources */ = {isa = PBXBuildFile; fileRef = 6E8DE3E79215020A2587A722 /* Errors.swift */; };
		5141A819B89EBFC8A69B9211 /* Config.swift in Sources */ = {isa = PBXBuildFile; fileRef = 1A646649932F90C2FCB262BD /* Config.swift */; };
		5DD77F6A9ABBF6BEBE903B26 /* AppKitIntegration.swift in Sources */ = {isa = PBXBuildFile; fileRef = E715EECFCCE988C7C96B6561 /* AppKitIntegration.swift */; };
		6025AFD99FB66395A3BB4B44 /* AgentPanelCore.framework in Frameworks */ = {isa = PBXBuildFile; fileRef = B89C3DA5AE4025D43AEFF1F6 /* AgentPanelCore.framework */; };
		65822A51B623A24EA742CF9C /* Dependencies.swift in Sources */ = {isa = PBXBuildFile; fileRef = 691139171C62F83E4E0CC709 /* Dependencies.swift */; };
		6C75BE6C1A65316450803073 /* DoctorWindowController.swift in Sources */ = {isa = PBXBuildFile; fileRef = 2DDE5E49E88AA30CBDA98203 /* DoctorWindowController.swift */; };
		84F15E4EC8265DEF9D88582C /* SwitcherSession.swift in Sources */ = {isa = PBXBuildFile; fileRef = D49E12670FF87D9A5EC1ADA7 /* SwitcherSession.swift */; };
		B28936C2D4FA7AE9CA34DF4A /* TOMLDecoder in Frameworks */ = {isa = PBXBuildFile; productRef = DA4BB8B60939EF907169EAD7 /* TOMLDecoder */; };
		B3ABC91B62E259753B52F2CC /* aerospace-safe.toml in Resources */ = {isa = PBXBuildFile; fileRef = 46AF81704601064B7C7BC6A0 /* aerospace-safe.toml */; };
		D127B398713F42CD7C4FBF8A /* ApAeroSpace.swift in Sources */ = {isa = PBXBuildFile; fileRef = D9EF5D4CAEDF122A883BDDC6 /* ApAeroSpace.swift */; };
		D45AEBD89ABD7F241DF04CFA /* main.swift in Sources */ = {isa = PBXBuildFile; fileRef = D9708BB20B7C2071A1EE21D7 /* main.swift */; };
		D65832D12C11B8E3DB712C3F /* AppKitIntegration.swift in Sources */ = {isa = PBXBuildFile; fileRef = 4078BF99FC38BB4090AEE334 /* AppKitIntegration.swift */; };
		E1A3D5707DC2114E42745583 /* System.swift in Sources */ = {isa = PBXBuildFile; fileRef = B8D8C73BDF50CEB78DBA5853 /* System.swift */; };
		FF90DD97E05DB53306719BAA /* Doctor.swift in Sources */ = {isa = PBXBuildFile; fileRef = 935CD37A022BA8B71683DE72 /* Doctor.swift */; };
/* End PBXBuildFile section */

/* Begin PBXContainerItemProxy section */
		4069C0A234E1051FFAD198E8 /* PBXContainerItemProxy */ = {
			isa = PBXContainerItemProxy;
			containerPortal = CEFD7A53191D3874EAB41EC5 /* Project object */;
			proxyType = 1;
			remoteGlobalIDString = A7CB1C420487F73AFA87FE79;
			remoteInfo = AgentPanelCore;
		};
		F36E7EA41FCBD0F9F51EE9D2 /* PBXContainerItemProxy */ = {
			isa = PBXContainerItemProxy;
			containerPortal = CEFD7A53191D3874EAB41EC5 /* Project object */;
			proxyType = 1;
			remoteGlobalIDString = A7CB1C420487F73AFA87FE79;
			remoteInfo = AgentPanelCore;
		};
/* End PBXContainerItemProxy section */

/* Begin PBXFileReference section */
		1A646649932F90C2FCB262BD /* Config.swift */ = {isa = PBXFileReference; lastKnownFileType = sourcecode.swift; path = Config.swift; sourceTree = "<group>"; };
		2DDE5E49E88AA30CBDA98203 /* DoctorWindowController.swift */ = {isa = PBXFileReference; lastKnownFileType = sourcecode.swift; path = DoctorWindowController.swift; sourceTree = "<group>"; };
		33011E68C3F32399FC4A5408 /* AgentPanelApp.swift */ = {isa = PBXFileReference; lastKnownFileType = sourcecode.swift; path = AgentPanelApp.swift; sourceTree = "<group>"; };
		351268AE41E22F84F634BF7F /* AeroSpaceConfigManager.swift */ = {isa = PBXFileReference; lastKnownFileType = sourcecode.swift; path = AeroSpaceConfigManager.swift; sourceTree = "<group>"; };
		4078BF99FC38BB4090AEE334 /* AppKitIntegration.swift */ = {isa = PBXFileReference; lastKnownFileType = sourcecode.swift; path = AppKitIntegration.swift; sourceTree = "<group>"; };
		46AF81704601064B7C7BC6A0 /* aerospace-safe.toml */ = {isa = PBXFileReference; path = "aerospace-safe.toml"; sourceTree = "<group>"; };
		691139171C62F83E4E0CC709 /* Dependencies.swift */ = {isa = PBXFileReference; lastKnownFileType = sourcecode.swift; path = Dependencies.swift; sourceTree = "<group>"; };
		6C8E9CF917B3E9C1AF573815 /* Info.plist */ = {isa = PBXFileReference; lastKnownFileType = text.plist; path = Info.plist; sourceTree = "<group>"; };
		6E8DE3E79215020A2587A722 /* Errors.swift */ = {isa = PBXFileReference; lastKnownFileType = sourcecode.swift; path = Errors.swift; sourceTree = "<group>"; };
		7D00F1D0832017A54995EE51 /* ApCore.swift */ = {isa = PBXFileReference; lastKnownFileType = sourcecode.swift; path = ApCore.swift; sourceTree = "<group>"; };
		8375E9AD9F43075DD43C36F4 /* ap */ = {isa = PBXFileReference; includeInIndex = 0; path = ap; sourceTree = BUILT_PRODUCTS_DIR; };
		935CD37A022BA8B71683DE72 /* Doctor.swift */ = {isa = PBXFileReference; lastKnownFileType = sourcecode.swift; path = Doctor.swift; sourceTree = "<group>"; };
		9E0C3DAA0280728917003498 /* Logger.swift */ = {isa = PBXFileReference; lastKnownFileType = sourcecode.swift; path = Logger.swift; sourceTree = "<group>"; };
		B2C1E7F1518F5E6C6CFF485E /* Onboarding.swift */ = {isa = PBXFileReference; lastKnownFileType = sourcecode.swift; path = Onboarding.swift; sourceTree = "<group>"; };
		B89C3DA5AE4025D43AEFF1F6 /* AgentPanelCore.framework */ = {isa = PBXFileReference; explicitFileType = wrapper.framework; includeInIndex = 0; path = AgentPanelCore.framework; sourceTree = BUILT_PRODUCTS_DIR; };
		B8D8C73BDF50CEB78DBA5853 /* System.swift */ = {isa = PBXFileReference; lastKnownFileType = sourcecode.swift; path = System.swift; sourceTree = "<group>"; };
		BC700F71F91521277C58EA20 /* AgentPanel.app */ = {isa = PBXFileReference; explicitFileType = wrapper.application; includeInIndex = 0; path = AgentPanel.app; sourceTree = BUILT_PRODUCTS_DIR; };
		D21615802A92C43F906F41D5 /* SwitcherPanelController.swift */ = {isa = PBXFileReference; lastKnownFileType = sourcecode.swift; path = SwitcherPanelController.swift; sourceTree = "<group>"; };
		D49E12670FF87D9A5EC1ADA7 /* SwitcherSession.swift */ = {isa = PBXFileReference; lastKnownFileType = sourcecode.swift; path = SwitcherSession.swift; sourceTree = "<group>"; };
		D6015F4E5793AFDC8F7DF575 /* HotkeyManager.swift */ = {isa = PBXFileReference; lastKnownFileType = sourcecode.swift; path = HotkeyManager.swift; sourceTree = "<group>"; };
		D9708BB20B7C2071A1EE21D7 /* main.swift */ = {isa = PBXFileReference; lastKnownFileType = sourcecode.swift; path = main.swift; sourceTree = "<group>"; };
		D9EF5D4CAEDF122A883BDDC6 /* ApAeroSpace.swift */ = {isa = PBXFileReference; lastKnownFileType = sourcecode.swift; path = ApAeroSpace.swift; sourceTree = "<group>"; };
		E3117769DC1E95BB021E391A /* Paths.swift */ = {isa = PBXFileReference; lastKnownFileType = sourcecode.swift; path = Paths.swift; sourceTree = "<group>"; };
		E715EECFCCE988C7C96B6561 /* AppKitIntegration.swift */ = {isa = PBXFileReference; lastKnownFileType = sourcecode.swift; path = AppKitIntegration.swift; sourceTree = "<group>"; };
		F24303F28EF85E8A9BFB7CF5 /* SwitcherViews.swift */ = {isa = PBXFileReference; lastKnownFileType = sourcecode.swift; path = SwitcherViews.swift; sourceTree = "<group>"; };
/* End PBXFileReference section */

/* Begin PBXFrameworksBuildPhase section */
		7555730D28ED00EA368BDB79 /* Frameworks */ = {
			isa = PBXFrameworksBuildPhase;
			buildActionMask = 2147483647;
			files = (
				6025AFD99FB66395A3BB4B44 /* AgentPanelCore.framework in Frameworks */,
			);
			runOnlyForDeploymentPostprocessing = 0;
		};
		B04714E15DA23EB87A4BEEB2 /* Frameworks */ = {
			isa = PBXFrameworksBuildPhase;
			buildActionMask = 2147483647;
			files = (
				B28936C2D4FA7AE9CA34DF4A /* TOMLDecoder in Frameworks */,
			);
			runOnlyForDeploymentPostprocessing = 0;
		};
		F865F9B8F75B17D4AB8AB5CE /* Frameworks */ = {
			isa = PBXFrameworksBuildPhase;
			buildActionMask = 2147483647;
			files = (
				0CC7C30ED18250F29ED6809B /* AgentPanelCore.framework in Frameworks */,
			);
			runOnlyForDeploymentPostprocessing = 0;
		};
/* End PBXFrameworksBuildPhase section */

/* Begin PBXGroup section */
		1845F68E024C28647A040A43 /* Resources */ = {
			isa = PBXGroup;
			children = (
				46AF81704601064B7C7BC6A0 /* aerospace-safe.toml */,
			);
			path = Resources;
			sourceTree = "<group>";
		};
		1B913158E38EFD90924724ED /* AgentPanelCore */ = {
			isa = PBXGroup;
			children = (
				7D00F1D0832017A54995EE51 /* ApCore.swift */,
				1A646649932F90C2FCB262BD /* Config.swift */,
				691139171C62F83E4E0CC709 /* Dependencies.swift */,
				935CD37A022BA8B71683DE72 /* Doctor.swift */,
				6E8DE3E79215020A2587A722 /* Errors.swift */,
				9E0C3DAA0280728917003498 /* Logger.swift */,
				E3117769DC1E95BB021E391A /* Paths.swift */,
				B8D8C73BDF50CEB78DBA5853 /* System.swift */,
				D70EE9EFFE9128D41FD8C855 /* AeroSpace */,
			);
			path = AgentPanelCore;
			sourceTree = "<group>";
		};
		29BF1CF4B055D961037D563F /* Products */ = {
			isa = PBXGroup;
			children = (
				BC700F71F91521277C58EA20 /* AgentPanel.app */,
				B89C3DA5AE4025D43AEFF1F6 /* AgentPanelCore.framework */,
				8375E9AD9F43075DD43C36F4 /* ap */,
			);
			name = Products;
			sourceTree = "<group>";
		};
		29FCA0281F4D1ED8333E2A3E /* AgentPanelApp */ = {
			isa = PBXGroup;
			children = (
				33011E68C3F32399FC4A5408 /* AgentPanelApp.swift */,
				4078BF99FC38BB4090AEE334 /* AppKitIntegration.swift */,
				2DDE5E49E88AA30CBDA98203 /* DoctorWindowController.swift */,
				D6015F4E5793AFDC8F7DF575 /* HotkeyManager.swift */,
				6C8E9CF917B3E9C1AF573815 /* Info.plist */,
				B2C1E7F1518F5E6C6CFF485E /* Onboarding.swift */,
				1845F68E024C28647A040A43 /* Resources */,
				EF65B4270E26D00E15F29526 /* Switcher */,
			);
			path = AgentPanelApp;
			sourceTree = "<group>";
		};
		30BE42C621FEBBB8B18BAB83 = {
			isa = PBXGroup;
			children = (
				29FCA0281F4D1ED8333E2A3E /* AgentPanelApp */,
				67E5A7D71202E91E46B1179D /* AgentPanelCLI */,
				1B913158E38EFD90924724ED /* AgentPanelCore */,
				29BF1CF4B055D961037D563F /* Products */,
			);
			sourceTree = "<group>";
		};
		67E5A7D71202E91E46B1179D /* AgentPanelCLI */ = {
			isa = PBXGroup;
			children = (
				E715EECFCCE988C7C96B6561 /* AppKitIntegration.swift */,
				D9708BB20B7C2071A1EE21D7 /* main.swift */,
			);
			path = AgentPanelCLI;
			sourceTree = "<group>";
		};
		D70EE9EFFE9128D41FD8C855 /* AeroSpace */ = {
			isa = PBXGroup;
			children = (
				351268AE41E22F84F634BF7F /* AeroSpaceConfigManager.swift */,
				D9EF5D4CAEDF122A883BDDC6 /* ApAeroSpace.swift */,
			);
			path = AeroSpace;
			sourceTree = "<group>";
		};
		EF65B4270E26D00E15F29526 /* Switcher */ = {
			isa = PBXGroup;
			children = (
				D21615802A92C43F906F41D5 /* SwitcherPanelController.swift */,
				D49E12670FF87D9A5EC1ADA7 /* SwitcherSession.swift */,
				F24303F28EF85E8A9BFB7CF5 /* SwitcherViews.swift */,
			);
			path = Switcher;
			sourceTree = "<group>";
		};
/* End PBXGroup section */

/* Begin PBXNativeTarget section */
		36DBAEFAC32FD041A8308E5F /* AgentPanelCLI */ = {
			isa = PBXNativeTarget;
			buildConfigurationList = 01A1ABC7A1A8ABD023B3AE5C /* Build configuration list for PBXNativeTarget "AgentPanelCLI" */;
			buildPhases = (
				B7597369949AAA5FDD68A522 /* Sources */,
				F865F9B8F75B17D4AB8AB5CE /* Frameworks */,
			);
			buildRules = (
			);
			dependencies = (
				A6D8CDD23FC38AF5CF0FC0C4 /* PBXTargetDependency */,
			);
			name = AgentPanelCLI;
			packageProductDependencies = (
			);
			productName = AgentPanelCLI;
			productReference = 8375E9AD9F43075DD43C36F4 /* ap */;
			productType = "com.apple.product-type.tool";
		};
		4439FD99CA53EECDBD580533 /* AgentPanel */ = {
			isa = PBXNativeTarget;
			buildConfigurationList = 5E0D620F87B3048326AA6EB0 /* Build configuration list for PBXNativeTarget "AgentPanel" */;
			buildPhases = (
				123D602003439CCF3D734EFE /* Sources */,
				3D80DB9589795D8CB0C9F592 /* Resources */,
				7555730D28ED00EA368BDB79 /* Frameworks */,
			);
			buildRules = (
			);
			dependencies = (
				2178D377C0F1461F856AFBB4 /* PBXTargetDependency */,
			);
			name = AgentPanel;
			packageProductDependencies = (
			);
			productName = AgentPanel;
			productReference = BC700F71F91521277C58EA20 /* AgentPanel.app */;
			productType = "com.apple.product-type.application";
		};
		A7CB1C420487F73AFA87FE79 /* AgentPanelCore */ = {
			isa = PBXNativeTarget;
			buildConfigurationList = 32E9F38351DC0AE291F2CD62 /* Build configuration list for PBXNativeTarget "AgentPanelCore" */;
			buildPhases = (
				6871E9BD8CB0909F5BE7B4DC /* Sources */,
				B04714E15DA23EB87A4BEEB2 /* Frameworks */,
			);
			buildRules = (
			);
			dependencies = (
			);
			name = AgentPanelCore;
			packageProductDependencies = (
				DA4BB8B60939EF907169EAD7 /* TOMLDecoder */,
			);
			productName = AgentPanelCore;
			productReference = B89C3DA5AE4025D43AEFF1F6 /* AgentPanelCore.framework */;
			productType = "com.apple.product-type.framework.static";
		};
/* End PBXNativeTarget section */

/* Begin PBXProject section */
		CEFD7A53191D3874EAB41EC5 /* Project object */ = {
			isa = PBXProject;
			attributes = {
				BuildIndependentTargetsInParallel = YES;
				LastUpgradeCheck = 1430;
			};
			buildConfigurationList = 8BAAAE382E80B5C46AF2BB45 /* Build configuration list for PBXProject "AgentPanel" */;
			compatibilityVersion = "Xcode 14.0";
			developmentRegion = en;
			hasScannedForEncodings = 0;
			knownRegions = (
				Base,
				en,
			);
			mainGroup = 30BE42C621FEBBB8B18BAB83;
			minimizedProjectReferenceProxies = 1;
			packageReferences = (
				9853D577A6D83C1E545ED27E /* XCRemoteSwiftPackageReference "TOMLDecoder" */,
			);
			preferredProjectObjectVersion = 77;
			projectDirPath = "";
			projectRoot = "";
			targets = (
				4439FD99CA53EECDBD580533 /* AgentPanel */,
				36DBAEFAC32FD041A8308E5F /* AgentPanelCLI */,
				A7CB1C420487F73AFA87FE79 /* AgentPanelCore */,
			);
		};
/* End PBXProject section */

/* Begin PBXResourcesBuildPhase section */
		3D80DB9589795D8CB0C9F592 /* Resources */ = {
			isa = PBXResourcesBuildPhase;
			buildActionMask = 2147483647;
			files = (
				B3ABC91B62E259753B52F2CC /* aerospace-safe.toml in Resources */,
			);
			runOnlyForDeploymentPostprocessing = 0;
		};
/* End PBXResourcesBuildPhase section */

/* Begin PBXSourcesBuildPhase section */
		123D602003439CCF3D734EFE /* Sources */ = {
			isa = PBXSourcesBuildPhase;
			buildActionMask = 2147483647;
			files = (
				2DA0A01C8AA224575487D65F /* AgentPanelApp.swift in Sources */,
				D65832D12C11B8E3DB712C3F /* AppKitIntegration.swift in Sources */,
				6C75BE6C1A65316450803073 /* DoctorWindowController.swift in Sources */,
				4413AB018182B882C2480E55 /* HotkeyManager.swift in Sources */,
				0E7C872B0DF575939D4007A1 /* Onboarding.swift in Sources */,
				19BF83289F336CE2D78500F8 /* SwitcherPanelController.swift in Sources */,
				84F15E4EC8265DEF9D88582C /* SwitcherSession.swift in Sources */,
				085A4D8384A9E683EC9A96DF /* SwitcherViews.swift in Sources */,
			);
			runOnlyForDeploymentPostprocessing = 0;
		};
		6871E9BD8CB0909F5BE7B4DC /* Sources */ = {
			isa = PBXSourcesBuildPhase;
			buildActionMask = 2147483647;
			files = (
				255EEB9635EEC2C72CC90C23 /* AeroSpaceConfigManager.swift in Sources */,
				D127B398713F42CD7C4FBF8A /* ApAeroSpace.swift in Sources */,
				3CD536BD167B8DF6493C8EB7 /* ApCore.swift in Sources */,
				5141A819B89EBFC8A69B9211 /* Config.swift in Sources */,
				65822A51B623A24EA742CF9C /* Dependencies.swift in Sources */,
				FF90DD97E05DB53306719BAA /* Doctor.swift in Sources */,
				4DCD2D11F2BA5709E38B9233 /* Errors.swift in Sources */,
				476AD5F6F072D635D7418FAB /* Logger.swift in Sources */,
				32FBBCDCF33A59ED38D1B074 /* Paths.swift in Sources */,
				E1A3D5707DC2114E42745583 /* System.swift in Sources */,
			);
			runOnlyForDeploymentPostprocessing = 0;
		};
		B7597369949AAA5FDD68A522 /* Sources */ = {
			isa = PBXSourcesBuildPhase;
			buildActionMask = 2147483647;
			files = (
				5DD77F6A9ABBF6BEBE903B26 /* AppKitIntegration.swift in Sources */,
				D45AEBD89ABD7F241DF04CFA /* main.swift in Sources */,
			);
			runOnlyForDeploymentPostprocessing = 0;
		};
/* End PBXSourcesBuildPhase section */

/* Begin PBXTargetDependency section */
		2178D377C0F1461F856AFBB4 /* PBXTargetDependency */ = {
			isa = PBXTargetDependency;
			target = A7CB1C420487F73AFA87FE79 /* AgentPanelCore */;
			targetProxy = F36E7EA41FCBD0F9F51EE9D2 /* PBXContainerItemProxy */;
		};
		A6D8CDD23FC38AF5CF0FC0C4 /* PBXTargetDependency */ = {
			isa = PBXTargetDependency;
			target = A7CB1C420487F73AFA87FE79 /* AgentPanelCore */;
			targetProxy = 4069C0A234E1051FFAD198E8 /* PBXContainerItemProxy */;
		};
/* End PBXTargetDependency section */

/* Begin XCBuildConfiguration section */
		0BB0BF911580894ECEE047C6 /* Debug */ = {
			isa = XCBuildConfiguration;
			buildSettings = {
				CODE_SIGN_IDENTITY = "";
				COMBINE_HIDPI_IMAGES = YES;
				CURRENT_PROJECT_VERSION = 1;
				DEFINES_MODULE = YES;
				DYLIB_COMPATIBILITY_VERSION = 1;
				DYLIB_CURRENT_VERSION = 1;
				DYLIB_INSTALL_NAME_BASE = "@rpath";
				GENERATE_INFOPLIST_FILE = YES;
				INSTALL_PATH = "$(LOCAL_LIBRARY_DIR)/Frameworks";
				LD_RUNPATH_SEARCH_PATHS = (
					"$(inherited)",
					"@executable_path/../Frameworks",
				);
				PRODUCT_BUNDLE_IDENTIFIER = com.agentpanel.AgentPanelCore;
				SDKROOT = macosx;
				SKIP_INSTALL = YES;
				VERSIONING_SYSTEM = "apple-generic";
			};
			name = Debug;
		};
		20DEDC063AD5E9098A463F2C /* Release */ = {
			isa = XCBuildConfiguration;
			buildSettings = {
				ASSETCATALOG_COMPILER_APPICON_NAME = AppIcon;
				COMBINE_HIDPI_IMAGES = YES;
				INFOPLIST_FILE = AgentPanelApp/Info.plist;
				LD_RUNPATH_SEARCH_PATHS = (
					"$(inherited)",
					"@executable_path/../Frameworks",
				);
				PRODUCT_BUNDLE_IDENTIFIER = com.agentpanel.AgentPanel;
				PRODUCT_NAME = AgentPanel;
				SDKROOT = macosx;
			};
			name = Release;
		};
		9D72C333CD2805A410229AFD /* Debug */ = {
			isa = XCBuildConfiguration;
			buildSettings = {
				ASSETCATALOG_COMPILER_APPICON_NAME = AppIcon;
				COMBINE_HIDPI_IMAGES = YES;
				INFOPLIST_FILE = AgentPanelApp/Info.plist;
				LD_RUNPATH_SEARCH_PATHS = (
					"$(inherited)",
					"@executable_path/../Frameworks",
				);
				PRODUCT_BUNDLE_IDENTIFIER = com.agentpanel.AgentPanel;
				PRODUCT_NAME = AgentPanel;
				SDKROOT = macosx;
			};
			name = Debug;
		};
		B6C0A8C4CBCA956E893A9EB8 /* Debug */ = {
			isa = XCBuildConfiguration;
			buildSettings = {
				COMBINE_HIDPI_IMAGES = YES;
				LD_RUNPATH_SEARCH_PATHS = (
					"$(inherited)",
					"@executable_path/../Frameworks",
				);
				PRODUCT_BUNDLE_IDENTIFIER = com.agentpanel.AgentPanelCLI;
				PRODUCT_NAME = ap;
				SDKROOT = macosx;
			};
			name = Debug;
		};
		BC65E0E78FB1A1A05A26A694 /* Debug */ = {
			isa = XCBuildConfiguration;
			buildSettings = {
				ALWAYS_SEARCH_USER_PATHS = NO;
				CLANG_ANALYZER_NONNULL = YES;
				CLANG_ANALYZER_NUMBER_OBJECT_CONVERSION = YES_AGGRESSIVE;
				CLANG_CXX_LANGUAGE_STANDARD = "gnu++14";
				CLANG_CXX_LIBRARY = "libc++";
				CLANG_ENABLE_MODULES = YES;
				CLANG_ENABLE_OBJC_ARC = YES;
				CLANG_ENABLE_OBJC_WEAK = YES;
				CLANG_WARN_BLOCK_CAPTURE_AUTORELEASING = YES;
				CLANG_WARN_BOOL_CONVERSION = YES;
				CLANG_WARN_COMMA = YES;
				CLANG_WARN_CONSTANT_CONVERSION = YES;
				CLANG_WARN_DEPRECATED_OBJC_IMPLEMENTATIONS = YES;
				CLANG_WARN_DIRECT_OBJC_ISA_USAGE = YES_ERROR;
				CLANG_WARN_DOCUMENTATION_COMMENTS = YES;
				CLANG_WARN_EMPTY_BODY = YES;
				CLANG_WARN_ENUM_CONVERSION = YES;
				CLANG_WARN_INFINITE_RECURSION = YES;
				CLANG_WARN_INT_CONVERSION = YES;
				CLANG_WARN_NON_LITERAL_NULL_CONVERSION = YES;
				CLANG_WARN_OBJC_IMPLICIT_RETAIN_SELF = YES;
				CLANG_WARN_OBJC_LITERAL_CONVERSION = YES;
				CLANG_WARN_OBJC_ROOT_CLASS = YES_ERROR;
				CLANG_WARN_QUOTED_INCLUDE_IN_FRAMEWORK_HEADER = YES;
				CLANG_WARN_RANGE_LOOP_ANALYSIS = YES;
				CLANG_WARN_STRICT_PROTOTYPES = YES;
				CLANG_WARN_SUSPICIOUS_MOVE = YES;
				CLANG_WARN_UNGUARDED_AVAILABILITY = YES_AGGRESSIVE;
				CLANG_WARN_UNREACHABLE_CODE = YES;
				CLANG_WARN__DUPLICATE_METHOD_MATCH = YES;
				COPY_PHASE_STRIP = NO;
				DEBUG_INFORMATION_FORMAT = dwarf;
				ENABLE_STRICT_OBJC_MSGSEND = YES;
				ENABLE_TESTABILITY = YES;
				GCC_C_LANGUAGE_STANDARD = gnu11;
				GCC_DYNAMIC_NO_PIC = NO;
				GCC_NO_COMMON_BLOCKS = YES;
				GCC_OPTIMIZATION_LEVEL = 0;
				GCC_PREPROCESSOR_DEFINITIONS = (
					"$(inherited)",
					"DEBUG=1",
				);
				GCC_WARN_64_TO_32_BIT_CONVERSION = YES;
				GCC_WARN_ABOUT_RETURN_TYPE = YES_ERROR;
				GCC_WARN_UNDECLARED_SELECTOR = YES;
				GCC_WARN_UNINITIALIZED_AUTOS = YES_AGGRESSIVE;
				GCC_WARN_UNUSED_FUNCTION = YES;
				GCC_WARN_UNUSED_VARIABLE = YES;
				MACOSX_DEPLOYMENT_TARGET = 15.7;
				MTL_ENABLE_DEBUG_INFO = INCLUDE_SOURCE;
				MTL_FAST_MATH = YES;
				ONLY_ACTIVE_ARCH = YES;
				PRODUCT_NAME = "$(TARGET_NAME)";
				SDKROOT = macosx;
				SWIFT_ACTIVE_COMPILATION_CONDITIONS = DEBUG;
				SWIFT_OPTIMIZATION_LEVEL = "-Onone";
				SWIFT_VERSION = 5.0;
			};
			name = Debug;
		};
		BCB0463D08B8C4A69DD75A90 /* Release */ = {
			isa = XCBuildConfiguration;
			buildSettings = {
				COMBINE_HIDPI_IMAGES = YES;
				LD_RUNPATH_SEARCH_PATHS = (
					"$(inherited)",
					"@executable_path/../Frameworks",
				);
				PRODUCT_BUNDLE_IDENTIFIER = com.agentpanel.AgentPanelCLI;
				PRODUCT_NAME = ap;
				SDKROOT = macosx;
			};
			name = Release;
		};
		E0B798A07E8021BB5CA85A78 /* Release */ = {
			isa = XCBuildConfiguration;
			buildSettings = {
				CODE_SIGN_IDENTITY = "";
				COMBINE_HIDPI_IMAGES = YES;
				CURRENT_PROJECT_VERSION = 1;
				DEFINES_MODULE = YES;
				DYLIB_COMPATIBILITY_VERSION = 1;
				DYLIB_CURRENT_VERSION = 1;
				DYLIB_INSTALL_NAME_BASE = "@rpath";
				GENERATE_INFOPLIST_FILE = YES;
				INSTALL_PATH = "$(LOCAL_LIBRARY_DIR)/Frameworks";
				LD_RUNPATH_SEARCH_PATHS = (
					"$(inherited)",
					"@executable_path/../Frameworks",
				);
				PRODUCT_BUNDLE_IDENTIFIER = com.agentpanel.AgentPanelCore;
				SDKROOT = macosx;
				SKIP_INSTALL = YES;
				VERSIONING_SYSTEM = "apple-generic";
			};
			name = Release;
		};
		ECAFB01A8A0BF5B0F380BE73 /* Release */ = {
			isa = XCBuildConfiguration;
			buildSettings = {
				ALWAYS_SEARCH_USER_PATHS = NO;
				CLANG_ANALYZER_NONNULL = YES;
				CLANG_ANALYZER_NUMBER_OBJECT_CONVERSION = YES_AGGRESSIVE;
				CLANG_CXX_LANGUAGE_STANDARD = "gnu++14";
				CLANG_CXX_LIBRARY = "libc++";
				CLANG_ENABLE_MODULES = YES;
				CLANG_ENABLE_OBJC_ARC = YES;
				CLANG_ENABLE_OBJC_WEAK = YES;
				CLANG_WARN_BLOCK_CAPTURE_AUTORELEASING = YES;
				CLANG_WARN_BOOL_CONVERSION = YES;
				CLANG_WARN_COMMA = YES;
				CLANG_WARN_CONSTANT_CONVERSION = YES;
				CLANG_WARN_DEPRECATED_OBJC_IMPLEMENTATIONS = YES;
				CLANG_WARN_DIRECT_OBJC_ISA_USAGE = YES_ERROR;
				CLANG_WARN_DOCUMENTATION_COMMENTS = YES;
				CLANG_WARN_EMPTY_BODY = YES;
				CLANG_WARN_ENUM_CONVERSION = YES;
				CLANG_WARN_INFINITE_RECURSION = YES;
				CLANG_WARN_INT_CONVERSION = YES;
				CLANG_WARN_NON_LITERAL_NULL_CONVERSION = YES;
				CLANG_WARN_OBJC_IMPLICIT_RETAIN_SELF = YES;
				CLANG_WARN_OBJC_LITERAL_CONVERSION = YES;
				CLANG_WARN_OBJC_ROOT_CLASS = YES_ERROR;
				CLANG_WARN_QUOTED_INCLUDE_IN_FRAMEWORK_HEADER = YES;
				CLANG_WARN_RANGE_LOOP_ANALYSIS = YES;
				CLANG_WARN_STRICT_PROTOTYPES = YES;
				CLANG_WARN_SUSPICIOUS_MOVE = YES;
				CLANG_WARN_UNGUARDED_AVAILABILITY = YES_AGGRESSIVE;
				CLANG_WARN_UNREACHABLE_CODE = YES;
				CLANG_WARN__DUPLICATE_METHOD_MATCH = YES;
				COPY_PHASE_STRIP = NO;
				DEBUG_INFORMATION_FORMAT = "dwarf-with-dsym";
				ENABLE_NS_ASSERTIONS = NO;
				ENABLE_STRICT_OBJC_MSGSEND = YES;
				GCC_C_LANGUAGE_STANDARD = gnu11;
				GCC_NO_COMMON_BLOCKS = YES;
				GCC_WARN_64_TO_32_BIT_CONVERSION = YES;
				GCC_WARN_ABOUT_RETURN_TYPE = YES_ERROR;
				GCC_WARN_UNDECLARED_SELECTOR = YES;
				GCC_WARN_UNINITIALIZED_AUTOS = YES_AGGRESSIVE;
				GCC_WARN_UNUSED_FUNCTION = YES;
				GCC_WARN_UNUSED_VARIABLE = YES;
				MACOSX_DEPLOYMENT_TARGET = 15.7;
				MTL_ENABLE_DEBUG_INFO = NO;
				MTL_FAST_MATH = YES;
				PRODUCT_NAME = "$(TARGET_NAME)";
				SDKROOT = macosx;
				SWIFT_COMPILATION_MODE = wholemodule;
				SWIFT_OPTIMIZATION_LEVEL = "-O";
				SWIFT_VERSION = 5.0;
			};
			name = Release;
		};
/* End XCBuildConfiguration section */

/* Begin XCConfigurationList section */
		01A1ABC7A1A8ABD023B3AE5C /* Build configuration list for PBXNativeTarget "AgentPanelCLI" */ = {
			isa = XCConfigurationList;
			buildConfigurations = (
				B6C0A8C4CBCA956E893A9EB8 /* Debug */,
				BCB0463D08B8C4A69DD75A90 /* Release */,
			);
			defaultConfigurationIsVisible = 0;
			defaultConfigurationName = Debug;
		};
		32E9F38351DC0AE291F2CD62 /* Build configuration list for PBXNativeTarget "AgentPanelCore" */ = {
			isa = XCConfigurationList;
			buildConfigurations = (
				0BB0BF911580894ECEE047C6 /* Debug */,
				E0B798A07E8021BB5CA85A78 /* Release */,
			);
			defaultConfigurationIsVisible = 0;
			defaultConfigurationName = Debug;
		};
		5E0D620F87B3048326AA6EB0 /* Build configuration list for PBXNativeTarget "AgentPanel" */ = {
			isa = XCConfigurationList;
			buildConfigurations = (
				9D72C333CD2805A410229AFD /* Debug */,
				20DEDC063AD5E9098A463F2C /* Release */,
			);
			defaultConfigurationIsVisible = 0;
			defaultConfigurationName = Debug;
		};
		8BAAAE382E80B5C46AF2BB45 /* Build configuration list for PBXProject "AgentPanel" */ = {
			isa = XCConfigurationList;
			buildConfigurations = (
				BC65E0E78FB1A1A05A26A694 /* Debug */,
				ECAFB01A8A0BF5B0F380BE73 /* Release */,
			);
			defaultConfigurationIsVisible = 0;
			defaultConfigurationName = Debug;
		};
/* End XCConfigurationList section */

/* Begin XCRemoteSwiftPackageReference section */
		9853D577A6D83C1E545ED27E /* XCRemoteSwiftPackageReference "TOMLDecoder" */ = {
			isa = XCRemoteSwiftPackageReference;
			repositoryURL = "https://github.com/dduan/TOMLDecoder";
			requirement = {
				kind = exactVersion;
				version = 0.4.3;
			};
		};
/* End XCRemoteSwiftPackageReference section */

/* Begin XCSwiftPackageProductDependency section */
		DA4BB8B60939EF907169EAD7 /* TOMLDecoder */ = {
			isa = XCSwiftPackageProductDependency;
			package = 9853D577A6D83C1E545ED27E /* XCRemoteSwiftPackageReference "TOMLDecoder" */;
			productName = TOMLDecoder;
		};
/* End XCSwiftPackageProductDependency section */
	};
	rootObject = CEFD7A53191D3874EAB41EC5 /* Project object */;
}
