// !$*UTF8*$!
{
	archiveVersion = 1;
	classes = {
	};
	objectVersion = 77;
	objects = {

/* Begin PBXBuildFile section */
		014031022B78EECB1C53C9B0 /* ConfigParserTests.swift in Sources */ = {isa = PBXBuildFile; fileRef = A68BC594B52C0CCB6EC18FC9 /* ConfigParserTests.swift */; };
		081F29CEF4BA3B0F0CE53990 /* AeroSpaceRetryTests.swift in Sources */ = {isa = PBXBuildFile; fileRef = 2837CAEFE03BEEDF3018385E /* AeroSpaceRetryTests.swift */; };
		0AC6B135F1C7632E9DF09D41 /* AeroSpaceIntegrationTests.swift in Sources */ = {isa = PBXBuildFile; fileRef = 4D055AE4660CC2EEE67E7AEE /* AeroSpaceIntegrationTests.swift */; };
		0DD8CBC286019767A354067E /* PwctlService.swift in Sources */ = {isa = PBXBuildFile; fileRef = 6873A9C5B58A71CC29798F0C /* PwctlService.swift */; };
		105AB02CFAC501E3DCB64126 /* AeroSpaceClientTests.swift in Sources */ = {isa = PBXBuildFile; fileRef = 24341DAD7A3A95E43E760685 /* AeroSpaceClientTests.swift */; };
		10C2B6B9D1A602AA4C5DC12F /* AeroSpaceCommandLogger.swift in Sources */ = {isa = PBXBuildFile; fileRef = B66737C6B769741C64035621 /* AeroSpaceCommandLogger.swift */; };
		10E6A0B9ABC2C02DCD7F99F9 /* ChromeLaunchModels.swift in Sources */ = {isa = PBXBuildFile; fileRef = 43539ED3D599D7A64D7C7320 /* ChromeLaunchModels.swift */; };
		137A26ED38AFC2B33C913164 /* vscode-workspace.json in Resources */ = {isa = PBXBuildFile; fileRef = ED556F35DA4367F65256F98C /* vscode-workspace.json */; };
		1E9A922B1173768D5B836264 /* DoctorTests.swift in Sources */ = {isa = PBXBuildFile; fileRef = F0FDAD5688D9FC95EF10D6A4 /* DoctorTests.swift */; };
		241B7D05EAEDABAD27E01174 /* IdeLauncher.swift in Sources */ = {isa = PBXBuildFile; fileRef = FCA682AFBD72154C8F7B0B1E /* IdeLauncher.swift */; };
		27711F6FFAFE416822B473C1 /* ProjectWorkspacesCore.framework in Frameworks */ = {isa = PBXBuildFile; fileRef = BEA6688E9E4BE59FAADE0C3B /* ProjectWorkspacesCore.framework */; };
		287956BD40E6B8E89E36BBAA /* VSCodeCLIResolver.swift in Sources */ = {isa = PBXBuildFile; fileRef = 59BE2D0548045724A9158A2B /* VSCodeCLIResolver.swift */; };
		2ABE941A1718FCDAFFC4C1D0 /* PwctlCommand.swift in Sources */ = {isa = PBXBuildFile; fileRef = BB49CC53F5F1FD6AC1F9905E /* PwctlCommand.swift */; };
		2B01C0FD46D7E9F54B0AC429 /* DisplayLayout.swift in Sources */ = {isa = PBXBuildFile; fileRef = C7E1C45C24E2DDE23656E685 /* DisplayLayout.swift */; };
		2CE1D9CC6FAC99C16E6FF8B6 /* AppDiscoveryChecker.swift in Sources */ = {isa = PBXBuildFile; fileRef = 59F523D28298233703CE0CDB /* AppDiscoveryChecker.swift */; };
		31178CF9DB741EBFEB634657 /* AeroSpaceErrors.swift in Sources */ = {isa = PBXBuildFile; fileRef = D54DF5A1DD97802B5F7D8AA2 /* AeroSpaceErrors.swift */; };
		31E24AE2F0C079847D24850B /* ProjectWorkspacesCore.swift in Sources */ = {isa = PBXBuildFile; fileRef = 3FE20C096B317AF02A26B246 /* ProjectWorkspacesCore.swift */; };
		345AC9F26EE8EA40DDA6D1C5 /* main.swift in Sources */ = {isa = PBXBuildFile; fileRef = 7E82A0992420A094C6BC1789 /* main.swift */; };
		34B04598F0FBC4E10ECF2F18 /* ChromeLauncherTests.swift in Sources */ = {isa = PBXBuildFile; fileRef = DA8B56F7BF119FF989121C36 /* ChromeLauncherTests.swift */; };
		3558AC4AFFF19F8121557FCF /* ProjectWorkspacesState.swift in Sources */ = {isa = PBXBuildFile; fileRef = CED08B3B38714062211E88BB /* ProjectWorkspacesState.swift */; };
		3798CCF4F4D47D9FE4225CE9 /* IdeLaunchModels.swift in Sources */ = {isa = PBXBuildFile; fileRef = 7FC23A946E5D09149663D9F3 /* IdeLaunchModels.swift */; };
		388343C1CD65DF59CC80EED5 /* ConfigModels.swift in Sources */ = {isa = PBXBuildFile; fileRef = CA1DFAB471DD9D958C7C52F0 /* ConfigModels.swift */; };
		3972E6F128A30168790962CE /* AeroSpaceWindow.swift in Sources */ = {isa = PBXBuildFile; fileRef = 9AB43B61F43F39612081E63F /* AeroSpaceWindow.swift */; };
		3A32E2F69F1768D1982DC5DC /* IdeLaunchEnvironment.swift in Sources */ = {isa = PBXBuildFile; fileRef = 4618E46EEA1C805A4304FA87 /* IdeLaunchEnvironment.swift */; };
		3E702646EEFE04617DFB4BC1 /* AeroSpaceChecker.swift in Sources */ = {isa = PBXBuildFile; fileRef = 78D459731C2122AAC2B0D0B2 /* AeroSpaceChecker.swift */; };
		3F039924D5C492EA756000A9 /* IdeLaunchEnvironmentTests.swift in Sources */ = {isa = PBXBuildFile; fileRef = E251142A25AABB60AB01F46F /* IdeLaunchEnvironmentTests.swift */; };
		3FD15FBF0E1F4114BC7FE5C1 /* IdeLauncherTests.swift in Sources */ = {isa = PBXBuildFile; fileRef = E28456856CBCF155F9518AA3 /* IdeLauncherTests.swift */; };
		4377BB67E4B299545A022386 /* ProjectWorkspacesApp.swift in Sources */ = {isa = PBXBuildFile; fileRef = 180E6C1A905887F5DA7DA9E9 /* ProjectWorkspacesApp.swift */; };
		47E47EFEFF0AB64261067309 /* FilePermissions.swift in Sources */ = {isa = PBXBuildFile; fileRef = BD523063A734D765FB2F501A /* FilePermissions.swift */; };
		5817F9248DD0E7A5AC2410F2 /* SharedTestDoubles.swift in Sources */ = {isa = PBXBuildFile; fileRef = 86FF33EE5C07C84891FC36B6 /* SharedTestDoubles.swift */; };
		59859DEFF1381E4A5E53638C /* ProjectWorkspacesCoreTests.swift in Sources */ = {isa = PBXBuildFile; fileRef = 3A40C49513E54AF5F36FCD3D /* ProjectWorkspacesCoreTests.swift */; };
		62FED868FA129C98FED3D0AC /* ProjectWorkspacesCore.framework in Frameworks */ = {isa = PBXBuildFile; fileRef = BEA6688E9E4BE59FAADE0C3B /* ProjectWorkspacesCore.framework */; };
		637FF3E96F54ACFDC3A61891 /* TestFileSystem.swift in Sources */ = {isa = PBXBuildFile; fileRef = DD2200312E0CE1755496A2DA /* TestFileSystem.swift */; };
		640F19FBD73338AB4AF7CBFF /* WindowGeometryTests.swift in Sources */ = {isa = PBXBuildFile; fileRef = 9774B95611080BC196AEBBD7 /* WindowGeometryTests.swift */; };
		6AD43DB21D17C3914807B6CB /* VSCodeWorkspaceGenerator.swift in Sources */ = {isa = PBXBuildFile; fileRef = BE9794BA9E17729BAEB9065A /* VSCodeWorkspaceGenerator.swift */; };
		6C8266EFFB37AE56ED9BA648 /* AeroSpaceWindowDecoderTests.swift in Sources */ = {isa = PBXBuildFile; fileRef = 89AF31039BF5FC0A9AABDA6E /* AeroSpaceWindowDecoderTests.swift */; };
		6D7CC26AF8BC1151C65D7575 /* ProjectWorkspacesLoggerTests.swift in Sources */ = {isa = PBXBuildFile; fileRef = 5AB454D5B06D8510C852BDA3 /* ProjectWorkspacesLoggerTests.swift */; };
		78FBDEC9CB3E26F90E643D45 /* AeroSpaceBinaryResolver.swift in Sources */ = {isa = PBXBuildFile; fileRef = 5483801F8DC406E0499CE10B /* AeroSpaceBinaryResolver.swift */; };
		7E5C8BB2DF6B0A2ED0E69253 /* AeroSpaceClient.swift in Sources */ = {isa = PBXBuildFile; fileRef = D0BB4470C6E24287C582C34B /* AeroSpaceClient.swift */; };
		802E71B38070D1D99233F3AE /* WindowGeometry.swift in Sources */ = {isa = PBXBuildFile; fileRef = ADDC8D73146AED048263D905 /* WindowGeometry.swift */; };
		831F38D95C6E471BA6874C7B /* AeroSpaceRetry.swift in Sources */ = {isa = PBXBuildFile; fileRef = 0C5118E252B6F6FBDAEC0E88 /* AeroSpaceRetry.swift */; };
		90F079F8156706BEF99CACD6 /* ProjectWorkspacesCore.framework in Frameworks */ = {isa = PBXBuildFile; fileRef = BEA6688E9E4BE59FAADE0C3B /* ProjectWorkspacesCore.framework */; };
		9D244F9BC75D765342C35AC9 /* VSCodeShimInstaller.swift in Sources */ = {isa = PBXBuildFile; fileRef = E8A1A256234FBAA14603A921 /* VSCodeShimInstaller.swift */; };
		A083CFBB0B652F6FE250D38B /* TOMLDecoder in Frameworks */ = {isa = PBXBuildFile; productRef = 1B568C3ACB634D0CE8DFA0CB /* TOMLDecoder */; };
		A43FC3468A3E4E04E22AFC81 /* DoctorModels.swift in Sources */ = {isa = PBXBuildFile; fileRef = 0980D9F296FC33846D2EF524 /* DoctorModels.swift */; };
		A473E2FD8F478AC72BE0DA7F /* ProjectWorkspacesLogger.swift in Sources */ = {isa = PBXBuildFile; fileRef = 9E6EDEAAC486C652827491AE /* ProjectWorkspacesLogger.swift */; };
		A7A3AAA49E4BE65CA98EE6B2 /* ActivationProtocols.swift in Sources */ = {isa = PBXBuildFile; fileRef = 624C927B4D03FBE6464D3814 /* ActivationProtocols.swift */; };
		A99847C3783DF6439C540400 /* VSCodeColorPalette.swift in Sources */ = {isa = PBXBuildFile; fileRef = 608E9027CC40A582D60DAF4E /* VSCodeColorPalette.swift */; };
		B3483426AF9D88F7092569B9 /* ProjectActivationEngineTests.swift in Sources */ = {isa = PBXBuildFile; fileRef = E668DC082DB0C788EE5F347F /* ProjectActivationEngineTests.swift */; };
		B512EC20D029713DFB1394F0 /* ChromeLauncher.swift in Sources */ = {isa = PBXBuildFile; fileRef = 5359E0D00972ED7A323D65BA /* ChromeLauncher.swift */; };
		BA3F48BFB05CC483B40B1D30 /* PermissionsChecker.swift in Sources */ = {isa = PBXBuildFile; fileRef = 5E4303CBD633CD86E2BAC454 /* PermissionsChecker.swift */; };
		BCEA15FBAFE654FB08878EB2 /* ConfigParser.swift in Sources */ = {isa = PBXBuildFile; fileRef = A34BA28935316C4E65502857 /* ConfigParser.swift */; };
		BE8A89DE87CC1312E8BD44D3 /* AeroSpaceTestHelpers.swift in Sources */ = {isa = PBXBuildFile; fileRef = 81DDAD67AF810FEF90760BB6 /* AeroSpaceTestHelpers.swift */; };
		C0CBA68748D54CE946A0EF80 /* PwctlServiceTests.swift in Sources */ = {isa = PBXBuildFile; fileRef = 1AAA23488CB50EF649B6C15C /* PwctlServiceTests.swift */; };
		C56577537F84FA9CAF77E221 /* VSCodeWorkspaceGeneratorTests.swift in Sources */ = {isa = PBXBuildFile; fileRef = ABEA937320C5A2ACA07F0A03 /* VSCodeWorkspaceGeneratorTests.swift */; };
		CA33A40484F47958DFB60006 /* PwctlArgumentParserTests.swift in Sources */ = {isa = PBXBuildFile; fileRef = E2FDCA54D7D5D3053C5CD8FF /* PwctlArgumentParserTests.swift */; };
		D5B910C9C526E9385EA8B220 /* AeroSpaceFocusVerifierTests.swift in Sources */ = {isa = PBXBuildFile; fileRef = DA7A9AEA19F7812CE2BF4424 /* AeroSpaceFocusVerifierTests.swift */; };
		DB83DB111D5E3255FA2EB7A2 /* WindowResolutionHelper.swift in Sources */ = {isa = PBXBuildFile; fileRef = 79AE0FC45CB317D0D147A16C /* WindowResolutionHelper.swift */; };
		DD4A03EA9008170D83C941C8 /* ProjectWorkspacesPathsTests.swift in Sources */ = {isa = PBXBuildFile; fileRef = 22C91B70E593368DB41FD910 /* ProjectWorkspacesPathsTests.swift */; };
		DEAEE847DD0B745D001FAAA0 /* ActivationModels.swift in Sources */ = {isa = PBXBuildFile; fileRef = EE1058D22B1036E8A57CEE58 /* ActivationModels.swift */; };
		E0D3E0576BAC75F7FB0B8789 /* DoctorDependencies.swift in Sources */ = {isa = PBXBuildFile; fileRef = C5D3C12D5E9D333F7FD3923B /* DoctorDependencies.swift */; };
		E3455D9DCD60F3C7AAC1BBE6 /* Doctor.swift in Sources */ = {isa = PBXBuildFile; fileRef = D642BAC76F6C8CEB4D72DC4F /* Doctor.swift */; };
		E72BEE380C18C87323556397 /* ProjectWorkspacesStateStoreTests.swift in Sources */ = {isa = PBXBuildFile; fileRef = 7959D8DBCE81F9073EE1DDA1 /* ProjectWorkspacesStateStoreTests.swift */; };
		E93635C2C7A2EFCB38B8F35A /* ProjectActivationEngine.swift in Sources */ = {isa = PBXBuildFile; fileRef = D2451712E08C9E74C4C06FFB /* ProjectActivationEngine.swift */; };
		F092788D2B7A3B8E0912160B /* VSCodeColorPaletteTests.swift in Sources */ = {isa = PBXBuildFile; fileRef = C619E1497F90654F355A5ABA /* VSCodeColorPaletteTests.swift */; };
		F20F077BCFE0E1DD32BF36E7 /* IdeAppResolver.swift in Sources */ = {isa = PBXBuildFile; fileRef = 5E671F49BB4A7558EEB7C6B9 /* IdeAppResolver.swift */; };
		F7E72745E883E4678CECF94C /* ProjectWorkspacesPaths.swift in Sources */ = {isa = PBXBuildFile; fileRef = 9D0D42F8B2C3061E38C76F1A /* ProjectWorkspacesPaths.swift */; };
/* End PBXBuildFile section */

/* Begin PBXContainerItemProxy section */
		6C915782880E88AB47593739 /* PBXContainerItemProxy */ = {
			isa = PBXContainerItemProxy;
			containerPortal = 0F443EF38EEBB3995D2C5B41 /* Project object */;
			proxyType = 1;
			remoteGlobalIDString = 05DA0BB87C17C68B90FA16AC;
			remoteInfo = ProjectWorkspacesCore;
		};
		9F0244980AFC81CE06A92A85 /* PBXContainerItemProxy */ = {
			isa = PBXContainerItemProxy;
			containerPortal = 0F443EF38EEBB3995D2C5B41 /* Project object */;
			proxyType = 1;
			remoteGlobalIDString = 05DA0BB87C17C68B90FA16AC;
			remoteInfo = ProjectWorkspacesCore;
		};
		E6F50D8408BA7848ABAF6B29 /* PBXContainerItemProxy */ = {
			isa = PBXContainerItemProxy;
			containerPortal = 0F443EF38EEBB3995D2C5B41 /* Project object */;
			proxyType = 1;
			remoteGlobalIDString = 05DA0BB87C17C68B90FA16AC;
			remoteInfo = ProjectWorkspacesCore;
		};
/* End PBXContainerItemProxy section */

/* Begin PBXFileReference section */
		0980D9F296FC33846D2EF524 /* DoctorModels.swift */ = {isa = PBXFileReference; lastKnownFileType = sourcecode.swift; path = DoctorModels.swift; sourceTree = "<group>"; };
		0C5118E252B6F6FBDAEC0E88 /* AeroSpaceRetry.swift */ = {isa = PBXFileReference; lastKnownFileType = sourcecode.swift; path = AeroSpaceRetry.swift; sourceTree = "<group>"; };
		180E6C1A905887F5DA7DA9E9 /* ProjectWorkspacesApp.swift */ = {isa = PBXFileReference; lastKnownFileType = sourcecode.swift; path = ProjectWorkspacesApp.swift; sourceTree = "<group>"; };
		1AAA23488CB50EF649B6C15C /* PwctlServiceTests.swift */ = {isa = PBXFileReference; lastKnownFileType = sourcecode.swift; path = PwctlServiceTests.swift; sourceTree = "<group>"; };
		22C2FE7B1C0F43B29A92E2C4 /* ProjectWorkspacesApp.app */ = {isa = PBXFileReference; explicitFileType = wrapper.application; includeInIndex = 0; path = ProjectWorkspacesApp.app; sourceTree = BUILT_PRODUCTS_DIR; };
		22C91B70E593368DB41FD910 /* ProjectWorkspacesPathsTests.swift */ = {isa = PBXFileReference; lastKnownFileType = sourcecode.swift; path = ProjectWorkspacesPathsTests.swift; sourceTree = "<group>"; };
		24341DAD7A3A95E43E760685 /* AeroSpaceClientTests.swift */ = {isa = PBXFileReference; lastKnownFileType = sourcecode.swift; path = AeroSpaceClientTests.swift; sourceTree = "<group>"; };
		2837CAEFE03BEEDF3018385E /* AeroSpaceRetryTests.swift */ = {isa = PBXFileReference; lastKnownFileType = sourcecode.swift; path = AeroSpaceRetryTests.swift; sourceTree = "<group>"; };
		3A40C49513E54AF5F36FCD3D /* ProjectWorkspacesCoreTests.swift */ = {isa = PBXFileReference; lastKnownFileType = sourcecode.swift; path = ProjectWorkspacesCoreTests.swift; sourceTree = "<group>"; };
		3DE2FA81C4BD12C763EA0DF7 /* ProjectWorkspacesCoreTests.xctest */ = {isa = PBXFileReference; explicitFileType = wrapper.cfbundle; includeInIndex = 0; path = ProjectWorkspacesCoreTests.xctest; sourceTree = BUILT_PRODUCTS_DIR; };
		3FE20C096B317AF02A26B246 /* ProjectWorkspacesCore.swift */ = {isa = PBXFileReference; lastKnownFileType = sourcecode.swift; path = ProjectWorkspacesCore.swift; sourceTree = "<group>"; };
		43539ED3D599D7A64D7C7320 /* ChromeLaunchModels.swift */ = {isa = PBXFileReference; lastKnownFileType = sourcecode.swift; path = ChromeLaunchModels.swift; sourceTree = "<group>"; };
		4618E46EEA1C805A4304FA87 /* IdeLaunchEnvironment.swift */ = {isa = PBXFileReference; lastKnownFileType = sourcecode.swift; path = IdeLaunchEnvironment.swift; sourceTree = "<group>"; };
		4C4A4F3F4BE0D94FAE368FD6 /* Info.plist */ = {isa = PBXFileReference; lastKnownFileType = text.plist; path = Info.plist; sourceTree = "<group>"; };
		4D055AE4660CC2EEE67E7AEE /* AeroSpaceIntegrationTests.swift */ = {isa = PBXFileReference; lastKnownFileType = sourcecode.swift; path = AeroSpaceIntegrationTests.swift; sourceTree = "<group>"; };
		5359E0D00972ED7A323D65BA /* ChromeLauncher.swift */ = {isa = PBXFileReference; lastKnownFileType = sourcecode.swift; path = ChromeLauncher.swift; sourceTree = "<group>"; };
		5483801F8DC406E0499CE10B /* AeroSpaceBinaryResolver.swift */ = {isa = PBXFileReference; lastKnownFileType = sourcecode.swift; path = AeroSpaceBinaryResolver.swift; sourceTree = "<group>"; };
		59BE2D0548045724A9158A2B /* VSCodeCLIResolver.swift */ = {isa = PBXFileReference; lastKnownFileType = sourcecode.swift; path = VSCodeCLIResolver.swift; sourceTree = "<group>"; };
		59F523D28298233703CE0CDB /* AppDiscoveryChecker.swift */ = {isa = PBXFileReference; lastKnownFileType = sourcecode.swift; path = AppDiscoveryChecker.swift; sourceTree = "<group>"; };
		5AB454D5B06D8510C852BDA3 /* ProjectWorkspacesLoggerTests.swift */ = {isa = PBXFileReference; lastKnownFileType = sourcecode.swift; path = ProjectWorkspacesLoggerTests.swift; sourceTree = "<group>"; };
		5E4303CBD633CD86E2BAC454 /* PermissionsChecker.swift */ = {isa = PBXFileReference; lastKnownFileType = sourcecode.swift; path = PermissionsChecker.swift; sourceTree = "<group>"; };
		5E671F49BB4A7558EEB7C6B9 /* IdeAppResolver.swift */ = {isa = PBXFileReference; lastKnownFileType = sourcecode.swift; path = IdeAppResolver.swift; sourceTree = "<group>"; };
		608E9027CC40A582D60DAF4E /* VSCodeColorPalette.swift */ = {isa = PBXFileReference; lastKnownFileType = sourcecode.swift; path = VSCodeColorPalette.swift; sourceTree = "<group>"; };
		624C927B4D03FBE6464D3814 /* ActivationProtocols.swift */ = {isa = PBXFileReference; lastKnownFileType = sourcecode.swift; path = ActivationProtocols.swift; sourceTree = "<group>"; };
		6873A9C5B58A71CC29798F0C /* PwctlService.swift */ = {isa = PBXFileReference; lastKnownFileType = sourcecode.swift; path = PwctlService.swift; sourceTree = "<group>"; };
		78D459731C2122AAC2B0D0B2 /* AeroSpaceChecker.swift */ = {isa = PBXFileReference; lastKnownFileType = sourcecode.swift; path = AeroSpaceChecker.swift; sourceTree = "<group>"; };
		7959D8DBCE81F9073EE1DDA1 /* ProjectWorkspacesStateStoreTests.swift */ = {isa = PBXFileReference; lastKnownFileType = sourcecode.swift; path = ProjectWorkspacesStateStoreTests.swift; sourceTree = "<group>"; };
		79AE0FC45CB317D0D147A16C /* WindowResolutionHelper.swift */ = {isa = PBXFileReference; lastKnownFileType = sourcecode.swift; path = WindowResolutionHelper.swift; sourceTree = "<group>"; };
		7E82A0992420A094C6BC1789 /* main.swift */ = {isa = PBXFileReference; lastKnownFileType = sourcecode.swift; path = main.swift; sourceTree = "<group>"; };
		7FC23A946E5D09149663D9F3 /* IdeLaunchModels.swift */ = {isa = PBXFileReference; lastKnownFileType = sourcecode.swift; path = IdeLaunchModels.swift; sourceTree = "<group>"; };
		81DDAD67AF810FEF90760BB6 /* AeroSpaceTestHelpers.swift */ = {isa = PBXFileReference; lastKnownFileType = sourcecode.swift; path = AeroSpaceTestHelpers.swift; sourceTree = "<group>"; };
		86FF33EE5C07C84891FC36B6 /* SharedTestDoubles.swift */ = {isa = PBXFileReference; lastKnownFileType = sourcecode.swift; path = SharedTestDoubles.swift; sourceTree = "<group>"; };
		89AF31039BF5FC0A9AABDA6E /* AeroSpaceWindowDecoderTests.swift */ = {isa = PBXFileReference; lastKnownFileType = sourcecode.swift; path = AeroSpaceWindowDecoderTests.swift; sourceTree = "<group>"; };
		9774B95611080BC196AEBBD7 /* WindowGeometryTests.swift */ = {isa = PBXFileReference; lastKnownFileType = sourcecode.swift; path = WindowGeometryTests.swift; sourceTree = "<group>"; };
		9AB43B61F43F39612081E63F /* AeroSpaceWindow.swift */ = {isa = PBXFileReference; lastKnownFileType = sourcecode.swift; path = AeroSpaceWindow.swift; sourceTree = "<group>"; };
		9D0D42F8B2C3061E38C76F1A /* ProjectWorkspacesPaths.swift */ = {isa = PBXFileReference; lastKnownFileType = sourcecode.swift; path = ProjectWorkspacesPaths.swift; sourceTree = "<group>"; };
		9E6EDEAAC486C652827491AE /* ProjectWorkspacesLogger.swift */ = {isa = PBXFileReference; lastKnownFileType = sourcecode.swift; path = ProjectWorkspacesLogger.swift; sourceTree = "<group>"; };
		A34BA28935316C4E65502857 /* ConfigParser.swift */ = {isa = PBXFileReference; lastKnownFileType = sourcecode.swift; path = ConfigParser.swift; sourceTree = "<group>"; };
		A68BC594B52C0CCB6EC18FC9 /* ConfigParserTests.swift */ = {isa = PBXFileReference; lastKnownFileType = sourcecode.swift; path = ConfigParserTests.swift; sourceTree = "<group>"; };
		ABEA937320C5A2ACA07F0A03 /* VSCodeWorkspaceGeneratorTests.swift */ = {isa = PBXFileReference; lastKnownFileType = sourcecode.swift; path = VSCodeWorkspaceGeneratorTests.swift; sourceTree = "<group>"; };
		ADDC8D73146AED048263D905 /* WindowGeometry.swift */ = {isa = PBXFileReference; lastKnownFileType = sourcecode.swift; path = WindowGeometry.swift; sourceTree = "<group>"; };
		B66737C6B769741C64035621 /* AeroSpaceCommandLogger.swift */ = {isa = PBXFileReference; lastKnownFileType = sourcecode.swift; path = AeroSpaceCommandLogger.swift; sourceTree = "<group>"; };
		BB49CC53F5F1FD6AC1F9905E /* PwctlCommand.swift */ = {isa = PBXFileReference; lastKnownFileType = sourcecode.swift; path = PwctlCommand.swift; sourceTree = "<group>"; };
		BD523063A734D765FB2F501A /* FilePermissions.swift */ = {isa = PBXFileReference; lastKnownFileType = sourcecode.swift; path = FilePermissions.swift; sourceTree = "<group>"; };
		BE9794BA9E17729BAEB9065A /* VSCodeWorkspaceGenerator.swift */ = {isa = PBXFileReference; lastKnownFileType = sourcecode.swift; path = VSCodeWorkspaceGenerator.swift; sourceTree = "<group>"; };
		BEA6688E9E4BE59FAADE0C3B /* ProjectWorkspacesCore.framework */ = {isa = PBXFileReference; explicitFileType = wrapper.framework; includeInIndex = 0; path = ProjectWorkspacesCore.framework; sourceTree = BUILT_PRODUCTS_DIR; };
		C5D3C12D5E9D333F7FD3923B /* DoctorDependencies.swift */ = {isa = PBXFileReference; lastKnownFileType = sourcecode.swift; path = DoctorDependencies.swift; sourceTree = "<group>"; };
		C619E1497F90654F355A5ABA /* VSCodeColorPaletteTests.swift */ = {isa = PBXFileReference; lastKnownFileType = sourcecode.swift; path = VSCodeColorPaletteTests.swift; sourceTree = "<group>"; };
		C7E1C45C24E2DDE23656E685 /* DisplayLayout.swift */ = {isa = PBXFileReference; lastKnownFileType = sourcecode.swift; path = DisplayLayout.swift; sourceTree = "<group>"; };
		CA1DFAB471DD9D958C7C52F0 /* ConfigModels.swift */ = {isa = PBXFileReference; lastKnownFileType = sourcecode.swift; path = ConfigModels.swift; sourceTree = "<group>"; };
		CE07B01C725DCD484B2140BC /* pwctl */ = {isa = PBXFileReference; includeInIndex = 0; path = pwctl; sourceTree = BUILT_PRODUCTS_DIR; };
		CED08B3B38714062211E88BB /* ProjectWorkspacesState.swift */ = {isa = PBXFileReference; lastKnownFileType = sourcecode.swift; path = ProjectWorkspacesState.swift; sourceTree = "<group>"; };
		D0BB4470C6E24287C582C34B /* AeroSpaceClient.swift */ = {isa = PBXFileReference; lastKnownFileType = sourcecode.swift; path = AeroSpaceClient.swift; sourceTree = "<group>"; };
		D2451712E08C9E74C4C06FFB /* ProjectActivationEngine.swift */ = {isa = PBXFileReference; lastKnownFileType = sourcecode.swift; path = ProjectActivationEngine.swift; sourceTree = "<group>"; };
		D54DF5A1DD97802B5F7D8AA2 /* AeroSpaceErrors.swift */ = {isa = PBXFileReference; lastKnownFileType = sourcecode.swift; path = AeroSpaceErrors.swift; sourceTree = "<group>"; };
		D642BAC76F6C8CEB4D72DC4F /* Doctor.swift */ = {isa = PBXFileReference; lastKnownFileType = sourcecode.swift; path = Doctor.swift; sourceTree = "<group>"; };
		DA7A9AEA19F7812CE2BF4424 /* AeroSpaceFocusVerifierTests.swift */ = {isa = PBXFileReference; lastKnownFileType = sourcecode.swift; path = AeroSpaceFocusVerifierTests.swift; sourceTree = "<group>"; };
		DA8B56F7BF119FF989121C36 /* ChromeLauncherTests.swift */ = {isa = PBXFileReference; lastKnownFileType = sourcecode.swift; path = ChromeLauncherTests.swift; sourceTree = "<group>"; };
		DD2200312E0CE1755496A2DA /* TestFileSystem.swift */ = {isa = PBXFileReference; lastKnownFileType = sourcecode.swift; path = TestFileSystem.swift; sourceTree = "<group>"; };
		E251142A25AABB60AB01F46F /* IdeLaunchEnvironmentTests.swift */ = {isa = PBXFileReference; lastKnownFileType = sourcecode.swift; path = IdeLaunchEnvironmentTests.swift; sourceTree = "<group>"; };
		E28456856CBCF155F9518AA3 /* IdeLauncherTests.swift */ = {isa = PBXFileReference; lastKnownFileType = sourcecode.swift; path = IdeLauncherTests.swift; sourceTree = "<group>"; };
		E2FDCA54D7D5D3053C5CD8FF /* PwctlArgumentParserTests.swift */ = {isa = PBXFileReference; lastKnownFileType = sourcecode.swift; path = PwctlArgumentParserTests.swift; sourceTree = "<group>"; };
		E668DC082DB0C788EE5F347F /* ProjectActivationEngineTests.swift */ = {isa = PBXFileReference; lastKnownFileType = sourcecode.swift; path = ProjectActivationEngineTests.swift; sourceTree = "<group>"; };
		E8A1A256234FBAA14603A921 /* VSCodeShimInstaller.swift */ = {isa = PBXFileReference; lastKnownFileType = sourcecode.swift; path = VSCodeShimInstaller.swift; sourceTree = "<group>"; };
		ED556F35DA4367F65256F98C /* vscode-workspace.json */ = {isa = PBXFileReference; lastKnownFileType = text.json; path = "vscode-workspace.json"; sourceTree = "<group>"; };
		EE1058D22B1036E8A57CEE58 /* ActivationModels.swift */ = {isa = PBXFileReference; lastKnownFileType = sourcecode.swift; path = ActivationModels.swift; sourceTree = "<group>"; };
		F0FDAD5688D9FC95EF10D6A4 /* DoctorTests.swift */ = {isa = PBXFileReference; lastKnownFileType = sourcecode.swift; path = DoctorTests.swift; sourceTree = "<group>"; };
		FCA682AFBD72154C8F7B0B1E /* IdeLauncher.swift */ = {isa = PBXFileReference; lastKnownFileType = sourcecode.swift; path = IdeLauncher.swift; sourceTree = "<group>"; };
/* End PBXFileReference section */

/* Begin PBXFrameworksBuildPhase section */
		1A10F122EE5472CB1579F800 /* Frameworks */ = {
			isa = PBXFrameworksBuildPhase;
			buildActionMask = 2147483647;
			files = (
				27711F6FFAFE416822B473C1 /* ProjectWorkspacesCore.framework in Frameworks */,
			);
			runOnlyForDeploymentPostprocessing = 0;
		};
		376B888A6640F0DE623ACD3F /* Frameworks */ = {
			isa = PBXFrameworksBuildPhase;
			buildActionMask = 2147483647;
			files = (
				90F079F8156706BEF99CACD6 /* ProjectWorkspacesCore.framework in Frameworks */,
			);
			runOnlyForDeploymentPostprocessing = 0;
		};
		68D0E0719845983CAEC6CBA0 /* Frameworks */ = {
			isa = PBXFrameworksBuildPhase;
			buildActionMask = 2147483647;
			files = (
				A083CFBB0B652F6FE250D38B /* TOMLDecoder in Frameworks */,
			);
			runOnlyForDeploymentPostprocessing = 0;
		};
		E19BB74F111870B45DA1ABBC /* Frameworks */ = {
			isa = PBXFrameworksBuildPhase;
			buildActionMask = 2147483647;
			files = (
				62FED868FA129C98FED3D0AC /* ProjectWorkspacesCore.framework in Frameworks */,
			);
			runOnlyForDeploymentPostprocessing = 0;
		};
/* End PBXFrameworksBuildPhase section */

/* Begin PBXGroup section */
		30C6439AEDFE64F56DA558B1 /* TestHelpers */ = {
			isa = PBXGroup;
			children = (
				81DDAD67AF810FEF90760BB6 /* AeroSpaceTestHelpers.swift */,
				86FF33EE5C07C84891FC36B6 /* SharedTestDoubles.swift */,
				DD2200312E0CE1755496A2DA /* TestFileSystem.swift */,
			);
			path = TestHelpers;
			sourceTree = "<group>";
		};
		3EF6F416E609B690C86D5B6D /* ProjectWorkspacesCoreTests */ = {
			isa = PBXGroup;
			children = (
				24341DAD7A3A95E43E760685 /* AeroSpaceClientTests.swift */,
				DA7A9AEA19F7812CE2BF4424 /* AeroSpaceFocusVerifierTests.swift */,
				4D055AE4660CC2EEE67E7AEE /* AeroSpaceIntegrationTests.swift */,
				2837CAEFE03BEEDF3018385E /* AeroSpaceRetryTests.swift */,
				89AF31039BF5FC0A9AABDA6E /* AeroSpaceWindowDecoderTests.swift */,
				DA8B56F7BF119FF989121C36 /* ChromeLauncherTests.swift */,
				A68BC594B52C0CCB6EC18FC9 /* ConfigParserTests.swift */,
				F0FDAD5688D9FC95EF10D6A4 /* DoctorTests.swift */,
				E251142A25AABB60AB01F46F /* IdeLaunchEnvironmentTests.swift */,
				E28456856CBCF155F9518AA3 /* IdeLauncherTests.swift */,
				E668DC082DB0C788EE5F347F /* ProjectActivationEngineTests.swift */,
				3A40C49513E54AF5F36FCD3D /* ProjectWorkspacesCoreTests.swift */,
				5AB454D5B06D8510C852BDA3 /* ProjectWorkspacesLoggerTests.swift */,
				22C91B70E593368DB41FD910 /* ProjectWorkspacesPathsTests.swift */,
				7959D8DBCE81F9073EE1DDA1 /* ProjectWorkspacesStateStoreTests.swift */,
				E2FDCA54D7D5D3053C5CD8FF /* PwctlArgumentParserTests.swift */,
				1AAA23488CB50EF649B6C15C /* PwctlServiceTests.swift */,
				C619E1497F90654F355A5ABA /* VSCodeColorPaletteTests.swift */,
				ABEA937320C5A2ACA07F0A03 /* VSCodeWorkspaceGeneratorTests.swift */,
				9774B95611080BC196AEBBD7 /* WindowGeometryTests.swift */,
				CC938F8D8600CA6779A1040B /* Fixtures */,
				30C6439AEDFE64F56DA558B1 /* TestHelpers */,
			);
			path = ProjectWorkspacesCoreTests;
			sourceTree = "<group>";
		};
		9BD450460A73A349743786D3 /* Products */ = {
			isa = PBXGroup;
			children = (
				22C2FE7B1C0F43B29A92E2C4 /* ProjectWorkspacesApp.app */,
				BEA6688E9E4BE59FAADE0C3B /* ProjectWorkspacesCore.framework */,
				3DE2FA81C4BD12C763EA0DF7 /* ProjectWorkspacesCoreTests.xctest */,
				CE07B01C725DCD484B2140BC /* pwctl */,
			);
			name = Products;
			sourceTree = "<group>";
		};
		C215404A7A302D4D6B727B60 = {
			isa = PBXGroup;
			children = (
				E0A3A944F976FF23B46FE502 /* ProjectWorkspacesApp */,
				F710D1A554E2179D37B2F186 /* ProjectWorkspacesCore */,
				3EF6F416E609B690C86D5B6D /* ProjectWorkspacesCoreTests */,
				D4ADDBBB9A1FF0CDDE5BA145 /* pwctl */,
				9BD450460A73A349743786D3 /* Products */,
			);
			sourceTree = "<group>";
		};
		CC938F8D8600CA6779A1040B /* Fixtures */ = {
			isa = PBXGroup;
			children = (
				ED556F35DA4367F65256F98C /* vscode-workspace.json */,
			);
			path = Fixtures;
			sourceTree = "<group>";
		};
		D4ADDBBB9A1FF0CDDE5BA145 /* pwctl */ = {
			isa = PBXGroup;
			children = (
				7E82A0992420A094C6BC1789 /* main.swift */,
			);
			path = pwctl;
			sourceTree = "<group>";
		};
		E0A3A944F976FF23B46FE502 /* ProjectWorkspacesApp */ = {
			isa = PBXGroup;
			children = (
				4C4A4F3F4BE0D94FAE368FD6 /* Info.plist */,
				180E6C1A905887F5DA7DA9E9 /* ProjectWorkspacesApp.swift */,
			);
			path = ProjectWorkspacesApp;
			sourceTree = "<group>";
		};
		F710D1A554E2179D37B2F186 /* ProjectWorkspacesCore */ = {
			isa = PBXGroup;
			children = (
				EE1058D22B1036E8A57CEE58 /* ActivationModels.swift */,
				624C927B4D03FBE6464D3814 /* ActivationProtocols.swift */,
				5483801F8DC406E0499CE10B /* AeroSpaceBinaryResolver.swift */,
				78D459731C2122AAC2B0D0B2 /* AeroSpaceChecker.swift */,
				D0BB4470C6E24287C582C34B /* AeroSpaceClient.swift */,
				B66737C6B769741C64035621 /* AeroSpaceCommandLogger.swift */,
				D54DF5A1DD97802B5F7D8AA2 /* AeroSpaceErrors.swift */,
				0C5118E252B6F6FBDAEC0E88 /* AeroSpaceRetry.swift */,
				9AB43B61F43F39612081E63F /* AeroSpaceWindow.swift */,
				59F523D28298233703CE0CDB /* AppDiscoveryChecker.swift */,
				5359E0D00972ED7A323D65BA /* ChromeLauncher.swift */,
				43539ED3D599D7A64D7C7320 /* ChromeLaunchModels.swift */,
				CA1DFAB471DD9D958C7C52F0 /* ConfigModels.swift */,
				A34BA28935316C4E65502857 /* ConfigParser.swift */,
				C7E1C45C24E2DDE23656E685 /* DisplayLayout.swift */,
				D642BAC76F6C8CEB4D72DC4F /* Doctor.swift */,
				C5D3C12D5E9D333F7FD3923B /* DoctorDependencies.swift */,
				0980D9F296FC33846D2EF524 /* DoctorModels.swift */,
				BD523063A734D765FB2F501A /* FilePermissions.swift */,
				5E671F49BB4A7558EEB7C6B9 /* IdeAppResolver.swift */,
				4618E46EEA1C805A4304FA87 /* IdeLaunchEnvironment.swift */,
				FCA682AFBD72154C8F7B0B1E /* IdeLauncher.swift */,
				7FC23A946E5D09149663D9F3 /* IdeLaunchModels.swift */,
				5E4303CBD633CD86E2BAC454 /* PermissionsChecker.swift */,
				D2451712E08C9E74C4C06FFB /* ProjectActivationEngine.swift */,
				3FE20C096B317AF02A26B246 /* ProjectWorkspacesCore.swift */,
				9E6EDEAAC486C652827491AE /* ProjectWorkspacesLogger.swift */,
				9D0D42F8B2C3061E38C76F1A /* ProjectWorkspacesPaths.swift */,
				CED08B3B38714062211E88BB /* ProjectWorkspacesState.swift */,
				BB49CC53F5F1FD6AC1F9905E /* PwctlCommand.swift */,
				6873A9C5B58A71CC29798F0C /* PwctlService.swift */,
				59BE2D0548045724A9158A2B /* VSCodeCLIResolver.swift */,
				608E9027CC40A582D60DAF4E /* VSCodeColorPalette.swift */,
				E8A1A256234FBAA14603A921 /* VSCodeShimInstaller.swift */,
				BE9794BA9E17729BAEB9065A /* VSCodeWorkspaceGenerator.swift */,
				ADDC8D73146AED048263D905 /* WindowGeometry.swift */,
				79AE0FC45CB317D0D147A16C /* WindowResolutionHelper.swift */,
			);
			path = ProjectWorkspacesCore;
			sourceTree = "<group>";
		};
/* End PBXGroup section */

/* Begin PBXNativeTarget section */
		05DA0BB87C17C68B90FA16AC /* ProjectWorkspacesCore */ = {
			isa = PBXNativeTarget;
			buildConfigurationList = 23F1BA1F1A6BE230D1FECFF9 /* Build configuration list for PBXNativeTarget "ProjectWorkspacesCore" */;
			buildPhases = (
				4B1FE85AF64F19918AB02DF0 /* Sources */,
				68D0E0719845983CAEC6CBA0 /* Frameworks */,
			);
			buildRules = (
			);
			dependencies = (
			);
			name = ProjectWorkspacesCore;
			packageProductDependencies = (
				1B568C3ACB634D0CE8DFA0CB /* TOMLDecoder */,
			);
			productName = ProjectWorkspacesCore;
			productReference = BEA6688E9E4BE59FAADE0C3B /* ProjectWorkspacesCore.framework */;
			productType = "com.apple.product-type.framework.static";
		};
		45E10229B68F4E64A6AABC79 /* ProjectWorkspacesApp */ = {
			isa = PBXNativeTarget;
			buildConfigurationList = 14CA8D4D41A89D65D08B883A /* Build configuration list for PBXNativeTarget "ProjectWorkspacesApp" */;
			buildPhases = (
				1CBD98B7E6DA6FD668A5FC0C /* Sources */,
				E19BB74F111870B45DA1ABBC /* Frameworks */,
			);
			buildRules = (
			);
			dependencies = (
				38F799AD2699CB0AFE8776ED /* PBXTargetDependency */,
			);
			name = ProjectWorkspacesApp;
			packageProductDependencies = (
			);
			productName = ProjectWorkspacesApp;
			productReference = 22C2FE7B1C0F43B29A92E2C4 /* ProjectWorkspacesApp.app */;
			productType = "com.apple.product-type.application";
		};
		9465A67A95ADB59E1402A241 /* pwctl */ = {
			isa = PBXNativeTarget;
			buildConfigurationList = F3463BD9C115C430DFB2DB93 /* Build configuration list for PBXNativeTarget "pwctl" */;
			buildPhases = (
				26EF7F87382C481ED3E5BD50 /* Sources */,
				376B888A6640F0DE623ACD3F /* Frameworks */,
			);
			buildRules = (
			);
			dependencies = (
				3CDA0C5E4AED7DFB3CB80FEF /* PBXTargetDependency */,
			);
			name = pwctl;
			packageProductDependencies = (
			);
			productName = pwctl;
			productReference = CE07B01C725DCD484B2140BC /* pwctl */;
			productType = "com.apple.product-type.tool";
		};
		CDAB6A5157B78E5693FF5BB1 /* ProjectWorkspacesCoreTests */ = {
			isa = PBXNativeTarget;
			buildConfigurationList = FBF6DFFE949DF552DE393493 /* Build configuration list for PBXNativeTarget "ProjectWorkspacesCoreTests" */;
			buildPhases = (
				AAAC6B6EA8407105CFE5ECC4 /* Sources */,
				10333162D508180207A820BB /* Resources */,
				1A10F122EE5472CB1579F800 /* Frameworks */,
			);
			buildRules = (
			);
			dependencies = (
				1F3F9303F3D07E939CBC9F2C /* PBXTargetDependency */,
			);
			name = ProjectWorkspacesCoreTests;
			packageProductDependencies = (
			);
			productName = ProjectWorkspacesCoreTests;
			productReference = 3DE2FA81C4BD12C763EA0DF7 /* ProjectWorkspacesCoreTests.xctest */;
			productType = "com.apple.product-type.bundle.unit-test";
		};
/* End PBXNativeTarget section */

/* Begin PBXProject section */
		0F443EF38EEBB3995D2C5B41 /* Project object */ = {
			isa = PBXProject;
			attributes = {
				BuildIndependentTargetsInParallel = YES;
				LastUpgradeCheck = 1430;
			};
			buildConfigurationList = 955FF57C848DF208A7BDBE73 /* Build configuration list for PBXProject "ProjectWorkspaces" */;
			compatibilityVersion = "Xcode 14.0";
			developmentRegion = en;
			hasScannedForEncodings = 0;
			knownRegions = (
				Base,
				en,
			);
			mainGroup = C215404A7A302D4D6B727B60;
			minimizedProjectReferenceProxies = 1;
			packageReferences = (
				4FC63D636EC158668346A93F /* XCRemoteSwiftPackageReference "TOMLDecoder" */,
			);
			preferredProjectObjectVersion = 77;
			projectDirPath = "";
			projectRoot = "";
			targets = (
				45E10229B68F4E64A6AABC79 /* ProjectWorkspacesApp */,
				05DA0BB87C17C68B90FA16AC /* ProjectWorkspacesCore */,
				CDAB6A5157B78E5693FF5BB1 /* ProjectWorkspacesCoreTests */,
				9465A67A95ADB59E1402A241 /* pwctl */,
			);
		};
/* End PBXProject section */

/* Begin PBXResourcesBuildPhase section */
		10333162D508180207A820BB /* Resources */ = {
			isa = PBXResourcesBuildPhase;
			buildActionMask = 2147483647;
			files = (
				137A26ED38AFC2B33C913164 /* vscode-workspace.json in Resources */,
			);
			runOnlyForDeploymentPostprocessing = 0;
		};
/* End PBXResourcesBuildPhase section */

/* Begin PBXSourcesBuildPhase section */
		1CBD98B7E6DA6FD668A5FC0C /* Sources */ = {
			isa = PBXSourcesBuildPhase;
			buildActionMask = 2147483647;
			files = (
				4377BB67E4B299545A022386 /* ProjectWorkspacesApp.swift in Sources */,
			);
			runOnlyForDeploymentPostprocessing = 0;
		};
		26EF7F87382C481ED3E5BD50 /* Sources */ = {
			isa = PBXSourcesBuildPhase;
			buildActionMask = 2147483647;
			files = (
				345AC9F26EE8EA40DDA6D1C5 /* main.swift in Sources */,
			);
			runOnlyForDeploymentPostprocessing = 0;
		};
		4B1FE85AF64F19918AB02DF0 /* Sources */ = {
			isa = PBXSourcesBuildPhase;
			buildActionMask = 2147483647;
			files = (
				DEAEE847DD0B745D001FAAA0 /* ActivationModels.swift in Sources */,
				A7A3AAA49E4BE65CA98EE6B2 /* ActivationProtocols.swift in Sources */,
				78FBDEC9CB3E26F90E643D45 /* AeroSpaceBinaryResolver.swift in Sources */,
				3E702646EEFE04617DFB4BC1 /* AeroSpaceChecker.swift in Sources */,
				7E5C8BB2DF6B0A2ED0E69253 /* AeroSpaceClient.swift in Sources */,
				10C2B6B9D1A602AA4C5DC12F /* AeroSpaceCommandLogger.swift in Sources */,
				31178CF9DB741EBFEB634657 /* AeroSpaceErrors.swift in Sources */,
				831F38D95C6E471BA6874C7B /* AeroSpaceRetry.swift in Sources */,
				3972E6F128A30168790962CE /* AeroSpaceWindow.swift in Sources */,
				2CE1D9CC6FAC99C16E6FF8B6 /* AppDiscoveryChecker.swift in Sources */,
				10E6A0B9ABC2C02DCD7F99F9 /* ChromeLaunchModels.swift in Sources */,
				B512EC20D029713DFB1394F0 /* ChromeLauncher.swift in Sources */,
				388343C1CD65DF59CC80EED5 /* ConfigModels.swift in Sources */,
				BCEA15FBAFE654FB08878EB2 /* ConfigParser.swift in Sources */,
				2B01C0FD46D7E9F54B0AC429 /* DisplayLayout.swift in Sources */,
				E3455D9DCD60F3C7AAC1BBE6 /* Doctor.swift in Sources */,
				E0D3E0576BAC75F7FB0B8789 /* DoctorDependencies.swift in Sources */,
				A43FC3468A3E4E04E22AFC81 /* DoctorModels.swift in Sources */,
				47E47EFEFF0AB64261067309 /* FilePermissions.swift in Sources */,
				F20F077BCFE0E1DD32BF36E7 /* IdeAppResolver.swift in Sources */,
				3A32E2F69F1768D1982DC5DC /* IdeLaunchEnvironment.swift in Sources */,
				3798CCF4F4D47D9FE4225CE9 /* IdeLaunchModels.swift in Sources */,
				241B7D05EAEDABAD27E01174 /* IdeLauncher.swift in Sources */,
				BA3F48BFB05CC483B40B1D30 /* PermissionsChecker.swift in Sources */,
				E93635C2C7A2EFCB38B8F35A /* ProjectActivationEngine.swift in Sources */,
				31E24AE2F0C079847D24850B /* ProjectWorkspacesCore.swift in Sources */,
				A473E2FD8F478AC72BE0DA7F /* ProjectWorkspacesLogger.swift in Sources */,
				F7E72745E883E4678CECF94C /* ProjectWorkspacesPaths.swift in Sources */,
				3558AC4AFFF19F8121557FCF /* ProjectWorkspacesState.swift in Sources */,
				2ABE941A1718FCDAFFC4C1D0 /* PwctlCommand.swift in Sources */,
				0DD8CBC286019767A354067E /* PwctlService.swift in Sources */,
				287956BD40E6B8E89E36BBAA /* VSCodeCLIResolver.swift in Sources */,
				A99847C3783DF6439C540400 /* VSCodeColorPalette.swift in Sources */,
				9D244F9BC75D765342C35AC9 /* VSCodeShimInstaller.swift in Sources */,
				6AD43DB21D17C3914807B6CB /* VSCodeWorkspaceGenerator.swift in Sources */,
				802E71B38070D1D99233F3AE /* WindowGeometry.swift in Sources */,
				DB83DB111D5E3255FA2EB7A2 /* WindowResolutionHelper.swift in Sources */,
			);
			runOnlyForDeploymentPostprocessing = 0;
		};
		AAAC6B6EA8407105CFE5ECC4 /* Sources */ = {
			isa = PBXSourcesBuildPhase;
			buildActionMask = 2147483647;
			files = (
				105AB02CFAC501E3DCB64126 /* AeroSpaceClientTests.swift in Sources */,
				D5B910C9C526E9385EA8B220 /* AeroSpaceFocusVerifierTests.swift in Sources */,
				0AC6B135F1C7632E9DF09D41 /* AeroSpaceIntegrationTests.swift in Sources */,
				081F29CEF4BA3B0F0CE53990 /* AeroSpaceRetryTests.swift in Sources */,
				BE8A89DE87CC1312E8BD44D3 /* AeroSpaceTestHelpers.swift in Sources */,
				6C8266EFFB37AE56ED9BA648 /* AeroSpaceWindowDecoderTests.swift in Sources */,
				34B04598F0FBC4E10ECF2F18 /* ChromeLauncherTests.swift in Sources */,
				014031022B78EECB1C53C9B0 /* ConfigParserTests.swift in Sources */,
				1E9A922B1173768D5B836264 /* DoctorTests.swift in Sources */,
				3F039924D5C492EA756000A9 /* IdeLaunchEnvironmentTests.swift in Sources */,
				3FD15FBF0E1F4114BC7FE5C1 /* IdeLauncherTests.swift in Sources */,
				B3483426AF9D88F7092569B9 /* ProjectActivationEngineTests.swift in Sources */,
				59859DEFF1381E4A5E53638C /* ProjectWorkspacesCoreTests.swift in Sources */,
				6D7CC26AF8BC1151C65D7575 /* ProjectWorkspacesLoggerTests.swift in Sources */,
				DD4A03EA9008170D83C941C8 /* ProjectWorkspacesPathsTests.swift in Sources */,
				E72BEE380C18C87323556397 /* ProjectWorkspacesStateStoreTests.swift in Sources */,
				CA33A40484F47958DFB60006 /* PwctlArgumentParserTests.swift in Sources */,
				C0CBA68748D54CE946A0EF80 /* PwctlServiceTests.swift in Sources */,
				5817F9248DD0E7A5AC2410F2 /* SharedTestDoubles.swift in Sources */,
				637FF3E96F54ACFDC3A61891 /* TestFileSystem.swift in Sources */,
				F092788D2B7A3B8E0912160B /* VSCodeColorPaletteTests.swift in Sources */,
				C56577537F84FA9CAF77E221 /* VSCodeWorkspaceGeneratorTests.swift in Sources */,
				640F19FBD73338AB4AF7CBFF /* WindowGeometryTests.swift in Sources */,
			);
			runOnlyForDeploymentPostprocessing = 0;
		};
/* End PBXSourcesBuildPhase section */

/* Begin PBXTargetDependency section */
		1F3F9303F3D07E939CBC9F2C /* PBXTargetDependency */ = {
			isa = PBXTargetDependency;
			target = 05DA0BB87C17C68B90FA16AC /* ProjectWorkspacesCore */;
			targetProxy = E6F50D8408BA7848ABAF6B29 /* PBXContainerItemProxy */;
		};
		38F799AD2699CB0AFE8776ED /* PBXTargetDependency */ = {
			isa = PBXTargetDependency;
			target = 05DA0BB87C17C68B90FA16AC /* ProjectWorkspacesCore */;
			targetProxy = 9F0244980AFC81CE06A92A85 /* PBXContainerItemProxy */;
		};
		3CDA0C5E4AED7DFB3CB80FEF /* PBXTargetDependency */ = {
			isa = PBXTargetDependency;
			target = 05DA0BB87C17C68B90FA16AC /* ProjectWorkspacesCore */;
			targetProxy = 6C915782880E88AB47593739 /* PBXContainerItemProxy */;
		};
/* End PBXTargetDependency section */

/* Begin XCBuildConfiguration section */
		3905F2ABF2F08A8DAE3E83CE /* Release */ = {
			isa = XCBuildConfiguration;
			buildSettings = {
				COMBINE_HIDPI_IMAGES = YES;
				LD_RUNPATH_SEARCH_PATHS = (
					"$(inherited)",
					"@executable_path/../Frameworks",
				);
				PRODUCT_BUNDLE_IDENTIFIER = com.projectworkspaces.pwctl;
				SDKROOT = macosx;
			};
			name = Release;
		};
		4FB28108733B37FFA4B004E2 /* Release */ = {
			isa = XCBuildConfiguration;
			buildSettings = {
				CODE_SIGN_IDENTITY = "";
				COMBINE_HIDPI_IMAGES = YES;
				CURRENT_PROJECT_VERSION = 1;
				DEFINES_MODULE = YES;
				DYLIB_COMPATIBILITY_VERSION = 1;
				DYLIB_CURRENT_VERSION = 1;
				DYLIB_INSTALL_NAME_BASE = "@rpath";
				GENERATE_INFOPLIST_FILE = YES;
				INSTALL_PATH = "$(LOCAL_LIBRARY_DIR)/Frameworks";
				LD_RUNPATH_SEARCH_PATHS = (
					"$(inherited)",
					"@executable_path/../Frameworks",
				);
				PRODUCT_BUNDLE_IDENTIFIER = com.projectworkspaces.ProjectWorkspacesCore;
				SDKROOT = macosx;
				SKIP_INSTALL = YES;
				VERSIONING_SYSTEM = "apple-generic";
			};
			name = Release;
		};
		5FF3ED134A3011D8C34164D7 /* Debug */ = {
			isa = XCBuildConfiguration;
			buildSettings = {
				BUNDLE_LOADER = "$(TEST_HOST)";
				COMBINE_HIDPI_IMAGES = YES;
				GENERATE_INFOPLIST_FILE = YES;
				LD_RUNPATH_SEARCH_PATHS = (
					"$(inherited)",
					"@executable_path/../Frameworks",
					"@loader_path/../Frameworks",
				);
				PRODUCT_BUNDLE_IDENTIFIER = com.projectworkspaces.ProjectWorkspacesCoreTests;
				SDKROOT = macosx;
			};
			name = Debug;
		};
		6204DDBDB0F4D0C6B4E65573 /* Debug */ = {
			isa = XCBuildConfiguration;
			buildSettings = {
				COMBINE_HIDPI_IMAGES = YES;
				LD_RUNPATH_SEARCH_PATHS = (
					"$(inherited)",
					"@executable_path/../Frameworks",
				);
				PRODUCT_BUNDLE_IDENTIFIER = com.projectworkspaces.pwctl;
				SDKROOT = macosx;
			};
			name = Debug;
		};
		6D6B8A98FD1D262FF488210F /* Debug */ = {
			isa = XCBuildConfiguration;
			buildSettings = {
				ALWAYS_SEARCH_USER_PATHS = NO;
				CLANG_ANALYZER_NONNULL = YES;
				CLANG_ANALYZER_NUMBER_OBJECT_CONVERSION = YES_AGGRESSIVE;
				CLANG_CXX_LANGUAGE_STANDARD = "gnu++14";
				CLANG_CXX_LIBRARY = "libc++";
				CLANG_ENABLE_MODULES = YES;
				CLANG_ENABLE_OBJC_ARC = YES;
				CLANG_ENABLE_OBJC_WEAK = YES;
				CLANG_WARN_BLOCK_CAPTURE_AUTORELEASING = YES;
				CLANG_WARN_BOOL_CONVERSION = YES;
				CLANG_WARN_COMMA = YES;
				CLANG_WARN_CONSTANT_CONVERSION = YES;
				CLANG_WARN_DEPRECATED_OBJC_IMPLEMENTATIONS = YES;
				CLANG_WARN_DIRECT_OBJC_ISA_USAGE = YES_ERROR;
				CLANG_WARN_DOCUMENTATION_COMMENTS = YES;
				CLANG_WARN_EMPTY_BODY = YES;
				CLANG_WARN_ENUM_CONVERSION = YES;
				CLANG_WARN_INFINITE_RECURSION = YES;
				CLANG_WARN_INT_CONVERSION = YES;
				CLANG_WARN_NON_LITERAL_NULL_CONVERSION = YES;
				CLANG_WARN_OBJC_IMPLICIT_RETAIN_SELF = YES;
				CLANG_WARN_OBJC_LITERAL_CONVERSION = YES;
				CLANG_WARN_OBJC_ROOT_CLASS = YES_ERROR;
				CLANG_WARN_QUOTED_INCLUDE_IN_FRAMEWORK_HEADER = YES;
				CLANG_WARN_RANGE_LOOP_ANALYSIS = YES;
				CLANG_WARN_STRICT_PROTOTYPES = YES;
				CLANG_WARN_SUSPICIOUS_MOVE = YES;
				CLANG_WARN_UNGUARDED_AVAILABILITY = YES_AGGRESSIVE;
				CLANG_WARN_UNREACHABLE_CODE = YES;
				CLANG_WARN__DUPLICATE_METHOD_MATCH = YES;
				COPY_PHASE_STRIP = NO;
				DEBUG_INFORMATION_FORMAT = dwarf;
				ENABLE_STRICT_OBJC_MSGSEND = YES;
				ENABLE_TESTABILITY = YES;
				GCC_C_LANGUAGE_STANDARD = gnu11;
				GCC_DYNAMIC_NO_PIC = NO;
				GCC_NO_COMMON_BLOCKS = YES;
				GCC_OPTIMIZATION_LEVEL = 0;
				GCC_PREPROCESSOR_DEFINITIONS = (
					"$(inherited)",
					"DEBUG=1",
				);
				GCC_WARN_64_TO_32_BIT_CONVERSION = YES;
				GCC_WARN_ABOUT_RETURN_TYPE = YES_ERROR;
				GCC_WARN_UNDECLARED_SELECTOR = YES;
				GCC_WARN_UNINITIALIZED_AUTOS = YES_AGGRESSIVE;
				GCC_WARN_UNUSED_FUNCTION = YES;
				GCC_WARN_UNUSED_VARIABLE = YES;
				MACOSX_DEPLOYMENT_TARGET = 15.7;
				MTL_ENABLE_DEBUG_INFO = INCLUDE_SOURCE;
				MTL_FAST_MATH = YES;
				ONLY_ACTIVE_ARCH = YES;
				PRODUCT_NAME = "$(TARGET_NAME)";
				SDKROOT = macosx;
				SWIFT_ACTIVE_COMPILATION_CONDITIONS = DEBUG;
				SWIFT_OPTIMIZATION_LEVEL = "-Onone";
				SWIFT_VERSION = 5.0;
			};
			name = Debug;
		};
		8499B550A8772A91C896CFFE /* Release */ = {
			isa = XCBuildConfiguration;
			buildSettings = {
				ASSETCATALOG_COMPILER_APPICON_NAME = AppIcon;
				COMBINE_HIDPI_IMAGES = YES;
				INFOPLIST_FILE = ProjectWorkspacesApp/Info.plist;
				LD_RUNPATH_SEARCH_PATHS = (
					"$(inherited)",
					"@executable_path/../Frameworks",
				);
				PRODUCT_BUNDLE_IDENTIFIER = com.projectworkspaces.ProjectWorkspaces;
				PRODUCT_NAME = ProjectWorkspaces;
				SDKROOT = macosx;
			};
			name = Release;
		};
		8EA11EFF48ABC1DBE73C356E /* Release */ = {
			isa = XCBuildConfiguration;
			buildSettings = {
				BUNDLE_LOADER = "$(TEST_HOST)";
				COMBINE_HIDPI_IMAGES = YES;
				GENERATE_INFOPLIST_FILE = YES;
				LD_RUNPATH_SEARCH_PATHS = (
					"$(inherited)",
					"@executable_path/../Frameworks",
					"@loader_path/../Frameworks",
				);
				PRODUCT_BUNDLE_IDENTIFIER = com.projectworkspaces.ProjectWorkspacesCoreTests;
				SDKROOT = macosx;
			};
			name = Release;
		};
		C864BC050E904D769875D664 /* Debug */ = {
			isa = XCBuildConfiguration;
			buildSettings = {
				ASSETCATALOG_COMPILER_APPICON_NAME = AppIcon;
				COMBINE_HIDPI_IMAGES = YES;
				INFOPLIST_FILE = ProjectWorkspacesApp/Info.plist;
				LD_RUNPATH_SEARCH_PATHS = (
					"$(inherited)",
					"@executable_path/../Frameworks",
				);
				PRODUCT_BUNDLE_IDENTIFIER = com.projectworkspaces.ProjectWorkspaces;
				PRODUCT_NAME = ProjectWorkspaces;
				SDKROOT = macosx;
			};
			name = Debug;
		};
		DB12CE4338B0C25FF5FA2607 /* Release */ = {
			isa = XCBuildConfiguration;
			buildSettings = {
				ALWAYS_SEARCH_USER_PATHS = NO;
				CLANG_ANALYZER_NONNULL = YES;
				CLANG_ANALYZER_NUMBER_OBJECT_CONVERSION = YES_AGGRESSIVE;
				CLANG_CXX_LANGUAGE_STANDARD = "gnu++14";
				CLANG_CXX_LIBRARY = "libc++";
				CLANG_ENABLE_MODULES = YES;
				CLANG_ENABLE_OBJC_ARC = YES;
				CLANG_ENABLE_OBJC_WEAK = YES;
				CLANG_WARN_BLOCK_CAPTURE_AUTORELEASING = YES;
				CLANG_WARN_BOOL_CONVERSION = YES;
				CLANG_WARN_COMMA = YES;
				CLANG_WARN_CONSTANT_CONVERSION = YES;
				CLANG_WARN_DEPRECATED_OBJC_IMPLEMENTATIONS = YES;
				CLANG_WARN_DIRECT_OBJC_ISA_USAGE = YES_ERROR;
				CLANG_WARN_DOCUMENTATION_COMMENTS = YES;
				CLANG_WARN_EMPTY_BODY = YES;
				CLANG_WARN_ENUM_CONVERSION = YES;
				CLANG_WARN_INFINITE_RECURSION = YES;
				CLANG_WARN_INT_CONVERSION = YES;
				CLANG_WARN_NON_LITERAL_NULL_CONVERSION = YES;
				CLANG_WARN_OBJC_IMPLICIT_RETAIN_SELF = YES;
				CLANG_WARN_OBJC_LITERAL_CONVERSION = YES;
				CLANG_WARN_OBJC_ROOT_CLASS = YES_ERROR;
				CLANG_WARN_QUOTED_INCLUDE_IN_FRAMEWORK_HEADER = YES;
				CLANG_WARN_RANGE_LOOP_ANALYSIS = YES;
				CLANG_WARN_STRICT_PROTOTYPES = YES;
				CLANG_WARN_SUSPICIOUS_MOVE = YES;
				CLANG_WARN_UNGUARDED_AVAILABILITY = YES_AGGRESSIVE;
				CLANG_WARN_UNREACHABLE_CODE = YES;
				CLANG_WARN__DUPLICATE_METHOD_MATCH = YES;
				COPY_PHASE_STRIP = NO;
				DEBUG_INFORMATION_FORMAT = "dwarf-with-dsym";
				ENABLE_NS_ASSERTIONS = NO;
				ENABLE_STRICT_OBJC_MSGSEND = YES;
				GCC_C_LANGUAGE_STANDARD = gnu11;
				GCC_NO_COMMON_BLOCKS = YES;
				GCC_WARN_64_TO_32_BIT_CONVERSION = YES;
				GCC_WARN_ABOUT_RETURN_TYPE = YES_ERROR;
				GCC_WARN_UNDECLARED_SELECTOR = YES;
				GCC_WARN_UNINITIALIZED_AUTOS = YES_AGGRESSIVE;
				GCC_WARN_UNUSED_FUNCTION = YES;
				GCC_WARN_UNUSED_VARIABLE = YES;
				MACOSX_DEPLOYMENT_TARGET = 15.7;
				MTL_ENABLE_DEBUG_INFO = NO;
				MTL_FAST_MATH = YES;
				PRODUCT_NAME = "$(TARGET_NAME)";
				SDKROOT = macosx;
				SWIFT_COMPILATION_MODE = wholemodule;
				SWIFT_OPTIMIZATION_LEVEL = "-O";
				SWIFT_VERSION = 5.0;
			};
			name = Release;
		};
		FA794A8F18068BD78ED5A6EC /* Debug */ = {
			isa = XCBuildConfiguration;
			buildSettings = {
				CODE_SIGN_IDENTITY = "";
				COMBINE_HIDPI_IMAGES = YES;
				CURRENT_PROJECT_VERSION = 1;
				DEFINES_MODULE = YES;
				DYLIB_COMPATIBILITY_VERSION = 1;
				DYLIB_CURRENT_VERSION = 1;
				DYLIB_INSTALL_NAME_BASE = "@rpath";
				GENERATE_INFOPLIST_FILE = YES;
				INSTALL_PATH = "$(LOCAL_LIBRARY_DIR)/Frameworks";
				LD_RUNPATH_SEARCH_PATHS = (
					"$(inherited)",
					"@executable_path/../Frameworks",
				);
				PRODUCT_BUNDLE_IDENTIFIER = com.projectworkspaces.ProjectWorkspacesCore;
				SDKROOT = macosx;
				SKIP_INSTALL = YES;
				VERSIONING_SYSTEM = "apple-generic";
			};
			name = Debug;
		};
/* End XCBuildConfiguration section */

/* Begin XCConfigurationList section */
		14CA8D4D41A89D65D08B883A /* Build configuration list for PBXNativeTarget "ProjectWorkspacesApp" */ = {
			isa = XCConfigurationList;
			buildConfigurations = (
				C864BC050E904D769875D664 /* Debug */,
				8499B550A8772A91C896CFFE /* Release */,
			);
			defaultConfigurationIsVisible = 0;
			defaultConfigurationName = Debug;
		};
		23F1BA1F1A6BE230D1FECFF9 /* Build configuration list for PBXNativeTarget "ProjectWorkspacesCore" */ = {
			isa = XCConfigurationList;
			buildConfigurations = (
				FA794A8F18068BD78ED5A6EC /* Debug */,
				4FB28108733B37FFA4B004E2 /* Release */,
			);
			defaultConfigurationIsVisible = 0;
			defaultConfigurationName = Debug;
		};
		955FF57C848DF208A7BDBE73 /* Build configuration list for PBXProject "ProjectWorkspaces" */ = {
			isa = XCConfigurationList;
			buildConfigurations = (
				6D6B8A98FD1D262FF488210F /* Debug */,
				DB12CE4338B0C25FF5FA2607 /* Release */,
			);
			defaultConfigurationIsVisible = 0;
			defaultConfigurationName = Debug;
		};
		F3463BD9C115C430DFB2DB93 /* Build configuration list for PBXNativeTarget "pwctl" */ = {
			isa = XCConfigurationList;
			buildConfigurations = (
				6204DDBDB0F4D0C6B4E65573 /* Debug */,
				3905F2ABF2F08A8DAE3E83CE /* Release */,
			);
			defaultConfigurationIsVisible = 0;
			defaultConfigurationName = Debug;
		};
		FBF6DFFE949DF552DE393493 /* Build configuration list for PBXNativeTarget "ProjectWorkspacesCoreTests" */ = {
			isa = XCConfigurationList;
			buildConfigurations = (
				5FF3ED134A3011D8C34164D7 /* Debug */,
				8EA11EFF48ABC1DBE73C356E /* Release */,
			);
			defaultConfigurationIsVisible = 0;
			defaultConfigurationName = Debug;
		};
/* End XCConfigurationList section */

/* Begin XCRemoteSwiftPackageReference section */
		4FC63D636EC158668346A93F /* XCRemoteSwiftPackageReference "TOMLDecoder" */ = {
			isa = XCRemoteSwiftPackageReference;
			repositoryURL = "https://github.com/dduan/TOMLDecoder";
			requirement = {
				kind = exactVersion;
				version = 0.4.3;
			};
		};
/* End XCRemoteSwiftPackageReference section */

/* Begin XCSwiftPackageProductDependency section */
		1B568C3ACB634D0CE8DFA0CB /* TOMLDecoder */ = {
			isa = XCSwiftPackageProductDependency;
			package = 4FC63D636EC158668346A93F /* XCRemoteSwiftPackageReference "TOMLDecoder" */;
			productName = TOMLDecoder;
		};
/* End XCSwiftPackageProductDependency section */
	};
	rootObject = 0F443EF38EEBB3995D2C5B41 /* Project object */;
}
